// !$*UTF8*$!
{
	archiveVersion = 1;
	classes = {
	};
	objectVersion = 46;
	objects = {

/* Begin PBXBuildFile section */
		222856031557074A006D8A02 /* SnippetQuery.m in Sources */ = {isa = PBXBuildFile; fileRef = 222856021557074A006D8A02 /* SnippetQuery.m */; };
		22D028071526F58C00FB04D0 /* libCouchCocoa.a in Frameworks */ = {isa = PBXBuildFile; fileRef = 892B982DBBF00613315B35FB /* libCouchCocoa.a */; };
		22D02865152CB53B00FB04D0 /* Icon.png in Resources */ = {isa = PBXBuildFile; fileRef = 22D02864152CB53B00FB04D0 /* Icon.png */; };
		22D02867152CB53E00FB04D0 /* Icon@2x.png in Resources */ = {isa = PBXBuildFile; fileRef = 22D02866152CB53E00FB04D0 /* Icon@2x.png */; };
		22D02869152CB54A00FB04D0 /* Icon-72.png in Resources */ = {isa = PBXBuildFile; fileRef = 22D02868152CB54A00FB04D0 /* Icon-72.png */; };
		22D0286B152CB54D00FB04D0 /* Icon-72@2x.png in Resources */ = {isa = PBXBuildFile; fileRef = 22D0286A152CB54D00FB04D0 /* Icon-72@2x.png */; };
		22D02880152CCF0F00FB04D0 /* Default.png in Resources */ = {isa = PBXBuildFile; fileRef = 22D0287F152CCF0F00FB04D0 /* Default.png */; };
		22D02882152CCF1400FB04D0 /* Default@2x.png in Resources */ = {isa = PBXBuildFile; fileRef = 22D02881152CCF1400FB04D0 /* Default@2x.png */; };
		22D02884152CCF1F00FB04D0 /* Default-Portrait~ipad.png in Resources */ = {isa = PBXBuildFile; fileRef = 22D02883152CCF1F00FB04D0 /* Default-Portrait~ipad.png */; };
		22D02886152CCF2100FB04D0 /* Default-Portrait@2x~ipad.png in Resources */ = {isa = PBXBuildFile; fileRef = 22D02885152CCF2100FB04D0 /* Default-Portrait@2x~ipad.png */; };
		22D02888152CCF2600FB04D0 /* Default-Landscape~ipad.png in Resources */ = {isa = PBXBuildFile; fileRef = 22D02887152CCF2600FB04D0 /* Default-Landscape~ipad.png */; };
		22D0288A152CCF2700FB04D0 /* Default-Landscape@2x~ipad.png in Resources */ = {isa = PBXBuildFile; fileRef = 22D02889152CCF2700FB04D0 /* Default-Landscape@2x~ipad.png */; };
		22D028A5152EEF9700FB04D0 /* libQuickDialog.a in Frameworks */ = {isa = PBXBuildFile; fileRef = 892B982DBBF00613315B3609 /* libQuickDialog.a */; };
		892B982DBBF00613315B35BE /* UIKit.framework in Frameworks */ = {isa = PBXBuildFile; fileRef = 892B982DBBF00613315B35BD /* UIKit.framework */; };
		892B982DBBF00613315B35C0 /* Foundation.framework in Frameworks */ = {isa = PBXBuildFile; fileRef = 892B982DBBF00613315B35BF /* Foundation.framework */; };
		892B982DBBF00613315B35C2 /* CoreGraphics.framework in Frameworks */ = {isa = PBXBuildFile; fileRef = 892B982DBBF00613315B35C1 /* CoreGraphics.framework */; };
		892B982DBBF00613315B35C8 /* InfoPlist.strings in Resources */ = {isa = PBXBuildFile; fileRef = 892B982DBBF00613315B35C7 /* InfoPlist.strings */; };
		892B982DBBF00613315B35CA /* main.m in Sources */ = {isa = PBXBuildFile; fileRef = 892B982DBBF00613315B35C9 /* main.m */; };
		892B982DBBF00613315B35CE /* AppDelegate.m in Sources */ = {isa = PBXBuildFile; fileRef = 892B982DBBF00613315B35CD /* AppDelegate.m */; };
		892B982DBBF00613315B35D3 /* SnippetListViewController.m in Sources */ = {isa = PBXBuildFile; fileRef = 892B982DBBF00613315B35D2 /* SnippetListViewController.m */; };
		892B982DBBF00613315B35D5 /* SnippetListViewController.xib in Resources */ = {isa = PBXBuildFile; fileRef = 892B982DBBF00613315B35D4 /* SnippetListViewController.xib */; };
		892B982DBBF00613315B35DC /* EditViewController.m in Sources */ = {isa = PBXBuildFile; fileRef = 892B982DBBF00613315B35DB /* EditViewController.m */; };
		892B982DBBF00613315B35DE /* EditViewController.xib in Resources */ = {isa = PBXBuildFile; fileRef = 892B982DBBF00613315B35DD /* EditViewController.xib */; };
		892B982DBBF00613315B35E1 /* ReplViewController.m in Sources */ = {isa = PBXBuildFile; fileRef = 892B982DBBF00613315B35E0 /* ReplViewController.m */; };
		892B982DBBF00613315B35E3 /* ReplViewController.xib in Resources */ = {isa = PBXBuildFile; fileRef = 892B982DBBF00613315B35E2 /* ReplViewController.xib */; };
		892B982DBBF00613315B35E5 /* Snippet.m in Sources */ = {isa = PBXBuildFile; fileRef = 892B982DBBF00613315B35E4 /* Snippet.m */; };
		892B982DBBF00613315B35FF /* KeyboardResizeMonitor.m in Sources */ = {isa = PBXBuildFile; fileRef = 892B982DBBF00613315B35FE /* KeyboardResizeMonitor.m */; };
		892B982DBBF00613315B3602 /* Session.m in Sources */ = {isa = PBXBuildFile; fileRef = 892B982DBBF00613315B3601 /* Session.m */; };
		892B982DBBF00613315B360B /* couchdb.png in Resources */ = {isa = PBXBuildFile; fileRef = 892B982DBBF00613315B360A /* couchdb.png */; };
		892B982DBBF00613315B3613 /* couchdb@2x.png in Resources */ = {isa = PBXBuildFile; fileRef = 892B982DBBF00613315B3612 /* couchdb@2x.png */; };
		892B982DBBF00613315B3619 /* twitter.png in Resources */ = {isa = PBXBuildFile; fileRef = 892B982DBBF00613315B3618 /* twitter.png */; };
		892B982DBBF00613315B361B /* twitter@2x.png in Resources */ = {isa = PBXBuildFile; fileRef = 892B982DBBF00613315B361A /* twitter@2x.png */; };
		892B982DBBF00613315B361D /* github.png in Resources */ = {isa = PBXBuildFile; fileRef = 892B982DBBF00613315B361C /* github.png */; };
		892B982DBBF00613315B361F /* github@2x.png in Resources */ = {isa = PBXBuildFile; fileRef = 892B982DBBF00613315B361E /* github@2x.png */; };
		892B982DBBF00613315B3621 /* mail.png in Resources */ = {isa = PBXBuildFile; fileRef = 892B982DBBF00613315B3620 /* mail.png */; };
		892B982DBBF00613315B3623 /* mail@2x.png in Resources */ = {isa = PBXBuildFile; fileRef = 892B982DBBF00613315B3622 /* mail@2x.png */; };
		892B982DBBF00613315B3628 /* InsetLabel.m in Sources */ = {isa = PBXBuildFile; fileRef = 892B982DBBF00613315B3627 /* InsetLabel.m */; };
		892B982DBBF00613315B3630 /* libCrittercism_v3_1_5.a in Frameworks */ = {isa = PBXBuildFile; fileRef = 892B982DBBF00613315B362F /* libCrittercism_v3_1_5.a */; };
		892B982DBBF00613315B364D /* crittercism-arrow-l.png in Resources */ = {isa = PBXBuildFile; fileRef = 892B982DBBF00613315B364C /* crittercism-arrow-l.png */; };
		892B982DBBF00613315B364F /* crittercism-arrow-l@2x.png in Resources */ = {isa = PBXBuildFile; fileRef = 892B982DBBF00613315B364E /* crittercism-arrow-l@2x.png */; };
		892B982DBBF00613315B3651 /* crittercism-arrow-left-gray-border.png in Resources */ = {isa = PBXBuildFile; fileRef = 892B982DBBF00613315B3650 /* crittercism-arrow-left-gray-border.png */; };
		892B982DBBF00613315B3653 /* crittercism-arrow-left-no-border.png in Resources */ = {isa = PBXBuildFile; fileRef = 892B982DBBF00613315B3652 /* crittercism-arrow-left-no-border.png */; };
		892B982DBBF00613315B3655 /* crittercism-arrow-left.png in Resources */ = {isa = PBXBuildFile; fileRef = 892B982DBBF00613315B3654 /* crittercism-arrow-left.png */; };
		892B982DBBF00613315B3657 /* crittercism-arrow-let-no-border.png in Resources */ = {isa = PBXBuildFile; fileRef = 892B982DBBF00613315B3656 /* crittercism-arrow-let-no-border.png */; };
		892B982DBBF00613315B3659 /* crittercism-arrow-r.png in Resources */ = {isa = PBXBuildFile; fileRef = 892B982DBBF00613315B3658 /* crittercism-arrow-r.png */; };
		892B982DBBF00613315B365B /* crittercism-arrow-r@2x.png in Resources */ = {isa = PBXBuildFile; fileRef = 892B982DBBF00613315B365A /* crittercism-arrow-r@2x.png */; };
		892B982DBBF00613315B365D /* crittercism-arrow-right-green-border.png in Resources */ = {isa = PBXBuildFile; fileRef = 892B982DBBF00613315B365C /* crittercism-arrow-right-green-border.png */; };
		892B982DBBF00613315B365F /* crittercism-arrow-right-no-border.png in Resources */ = {isa = PBXBuildFile; fileRef = 892B982DBBF00613315B365E /* crittercism-arrow-right-no-border.png */; };
		892B982DBBF00613315B3661 /* crittercism-avatar-default.png in Resources */ = {isa = PBXBuildFile; fileRef = 892B982DBBF00613315B3660 /* crittercism-avatar-default.png */; };
		892B982DBBF00613315B3663 /* crittercism-avatar-us.png in Resources */ = {isa = PBXBuildFile; fileRef = 892B982DBBF00613315B3662 /* crittercism-avatar-us.png */; };
		892B982DBBF00613315B3665 /* crittercism-bg-00.png in Resources */ = {isa = PBXBuildFile; fileRef = 892B982DBBF00613315B3664 /* crittercism-bg-00.png */; };
		892B982DBBF00613315B3667 /* crittercism-bg-categorize-as.png in Resources */ = {isa = PBXBuildFile; fileRef = 892B982DBBF00613315B3666 /* crittercism-bg-categorize-as.png */; };
		892B982DBBF00613315B3669 /* crittercism-bg-edit-form.png in Resources */ = {isa = PBXBuildFile; fileRef = 892B982DBBF00613315B3668 /* crittercism-bg-edit-form.png */; };
		892B982DBBF00613315B366B /* crittercism-bg-edit-form@2x~iphone.png in Resources */ = {isa = PBXBuildFile; fileRef = 892B982DBBF00613315B366A /* crittercism-bg-edit-form@2x~iphone.png */; };
		892B982DBBF00613315B366D /* crittercism-bg-inactive-overlay.png in Resources */ = {isa = PBXBuildFile; fileRef = 892B982DBBF00613315B366C /* crittercism-bg-inactive-overlay.png */; };
		892B982DBBF00613315B366F /* crittercism-bg-reply-to.png in Resources */ = {isa = PBXBuildFile; fileRef = 892B982DBBF00613315B366E /* crittercism-bg-reply-to.png */; };
		892B982DBBF00613315B3671 /* crittercism-btn-add-comment-sel.png in Resources */ = {isa = PBXBuildFile; fileRef = 892B982DBBF00613315B3670 /* crittercism-btn-add-comment-sel.png */; };
		892B982DBBF00613315B3673 /* crittercism-btn-add-comment.png in Resources */ = {isa = PBXBuildFile; fileRef = 892B982DBBF00613315B3672 /* crittercism-btn-add-comment.png */; };
		892B982DBBF00613315B3675 /* crittercism-btn-cancel.png in Resources */ = {isa = PBXBuildFile; fileRef = 892B982DBBF00613315B3674 /* crittercism-btn-cancel.png */; };
		892B982DBBF00613315B3677 /* crittercism-btn-close.png in Resources */ = {isa = PBXBuildFile; fileRef = 892B982DBBF00613315B3676 /* crittercism-btn-close.png */; };
		892B982DBBF00613315B3679 /* crittercism-btn-submit.png in Resources */ = {isa = PBXBuildFile; fileRef = 892B982DBBF00613315B3678 /* crittercism-btn-submit.png */; };
		892B982DBBF00613315B367B /* crittercism-btn-thumbs-dn-default.png in Resources */ = {isa = PBXBuildFile; fileRef = 892B982DBBF00613315B367A /* crittercism-btn-thumbs-dn-default.png */; };
		892B982DBBF00613315B367D /* crittercism-btn-thumbs-dn-voted.png in Resources */ = {isa = PBXBuildFile; fileRef = 892B982DBBF00613315B367C /* crittercism-btn-thumbs-dn-voted.png */; };
		892B982DBBF00613315B367F /* crittercism-btn-thumbs-up-default.png in Resources */ = {isa = PBXBuildFile; fileRef = 892B982DBBF00613315B367E /* crittercism-btn-thumbs-up-default.png */; };
		892B982DBBF00613315B3681 /* crittercism-btn-thumbs-up-pressed.png in Resources */ = {isa = PBXBuildFile; fileRef = 892B982DBBF00613315B3680 /* crittercism-btn-thumbs-up-pressed.png */; };
		892B982DBBF00613315B3683 /* crittercism-btn-thumbs-up-pressed@2x.png in Resources */ = {isa = PBXBuildFile; fileRef = 892B982DBBF00613315B3682 /* crittercism-btn-thumbs-up-pressed@2x.png */; };
		892B982DBBF00613315B3685 /* crittercism-btn-thumbs-up-voted.png in Resources */ = {isa = PBXBuildFile; fileRef = 892B982DBBF00613315B3684 /* crittercism-btn-thumbs-up-voted.png */; };
		892B982DBBF00613315B3687 /* crittercism-btn-thumbs-up.png in Resources */ = {isa = PBXBuildFile; fileRef = 892B982DBBF00613315B3686 /* crittercism-btn-thumbs-up.png */; };
		892B982DBBF00613315B3689 /* crittercism-btn-thumbs-up@2x.png in Resources */ = {isa = PBXBuildFile; fileRef = 892B982DBBF00613315B3688 /* crittercism-btn-thumbs-up@2x.png */; };
		892B982DBBF00613315B368B /* crittercism-bug.png in Resources */ = {isa = PBXBuildFile; fileRef = 892B982DBBF00613315B368A /* crittercism-bug.png */; };
		892B982DBBF00613315B368D /* crittercism-checkbox-checked.png in Resources */ = {isa = PBXBuildFile; fileRef = 892B982DBBF00613315B368C /* crittercism-checkbox-checked.png */; };
		892B982DBBF00613315B368F /* crittercism-checkbox-unchecked.png in Resources */ = {isa = PBXBuildFile; fileRef = 892B982DBBF00613315B368E /* crittercism-checkbox-unchecked.png */; };
		892B982DBBF00613315B3691 /* crittercism-dev-profile-halfsize.png in Resources */ = {isa = PBXBuildFile; fileRef = 892B982DBBF00613315B3690 /* crittercism-dev-profile-halfsize.png */; };
		892B982DBBF00613315B3693 /* crittercism-dev-profile-halfsize@2x.png in Resources */ = {isa = PBXBuildFile; fileRef = 892B982DBBF00613315B3692 /* crittercism-dev-profile-halfsize@2x.png */; };
		892B982DBBF00613315B3695 /* crittercism-feedback-forum-bg-gradient.png in Resources */ = {isa = PBXBuildFile; fileRef = 892B982DBBF00613315B3694 /* crittercism-feedback-forum-bg-gradient.png */; };
		892B982DBBF00613315B3697 /* crittercism-gray.png in Resources */ = {isa = PBXBuildFile; fileRef = 892B982DBBF00613315B3696 /* crittercism-gray.png */; };
		892B982DBBF00613315B3699 /* crittercism-green.png in Resources */ = {isa = PBXBuildFile; fileRef = 892B982DBBF00613315B3698 /* crittercism-green.png */; };
		892B982DBBF00613315B369B /* crittercism-hamster-ftw.png in Resources */ = {isa = PBXBuildFile; fileRef = 892B982DBBF00613315B369A /* crittercism-hamster-ftw.png */; };
		892B982DBBF00613315B369D /* crittercism-hamster-twitter.png in Resources */ = {isa = PBXBuildFile; fileRef = 892B982DBBF00613315B369C /* crittercism-hamster-twitter.png */; };
		892B982DBBF00613315B369F /* crittercism-hamster.png in Resources */ = {isa = PBXBuildFile; fileRef = 892B982DBBF00613315B369E /* crittercism-hamster.png */; };
		892B982DBBF00613315B36A1 /* crittercism-icon-cat-idea.png in Resources */ = {isa = PBXBuildFile; fileRef = 892B982DBBF00613315B36A0 /* crittercism-icon-cat-idea.png */; };
		892B982DBBF00613315B36A3 /* crittercism-icon-cat-idea@2x.png in Resources */ = {isa = PBXBuildFile; fileRef = 892B982DBBF00613315B36A2 /* crittercism-icon-cat-idea@2x.png */; };
		892B982DBBF00613315B36A5 /* crittercism-icon-cat-love.png in Resources */ = {isa = PBXBuildFile; fileRef = 892B982DBBF00613315B36A4 /* crittercism-icon-cat-love.png */; };
		892B982DBBF00613315B36A7 /* crittercism-icon-cat-love@2x.png in Resources */ = {isa = PBXBuildFile; fileRef = 892B982DBBF00613315B36A6 /* crittercism-icon-cat-love@2x.png */; };
		892B982DBBF00613315B36A9 /* crittercism-icon-cat-problem.png in Resources */ = {isa = PBXBuildFile; fileRef = 892B982DBBF00613315B36A8 /* crittercism-icon-cat-problem.png */; };
		892B982DBBF00613315B36AB /* crittercism-icon-cat-problem@2x.png in Resources */ = {isa = PBXBuildFile; fileRef = 892B982DBBF00613315B36AA /* crittercism-icon-cat-problem@2x.png */; };
		892B982DBBF00613315B36AD /* crittercism-icon-cat-question.png in Resources */ = {isa = PBXBuildFile; fileRef = 892B982DBBF00613315B36AC /* crittercism-icon-cat-question.png */; };
		892B982DBBF00613315B36AF /* crittercism-icon-cat-question@2x.png in Resources */ = {isa = PBXBuildFile; fileRef = 892B982DBBF00613315B36AE /* crittercism-icon-cat-question@2x.png */; };
		892B982DBBF00613315B36B1 /* crittercism-icon-tab-01.png in Resources */ = {isa = PBXBuildFile; fileRef = 892B982DBBF00613315B36B0 /* crittercism-icon-tab-01.png */; };
		892B982DBBF00613315B36B3 /* crittercism-idea.png in Resources */ = {isa = PBXBuildFile; fileRef = 892B982DBBF00613315B36B2 /* crittercism-idea.png */; };
		892B982DBBF00613315B36B5 /* crittercism-love.png in Resources */ = {isa = PBXBuildFile; fileRef = 892B982DBBF00613315B36B4 /* crittercism-love.png */; };
		892B982DBBF00613315B36B7 /* crittercism-other.png in Resources */ = {isa = PBXBuildFile; fileRef = 892B982DBBF00613315B36B6 /* crittercism-other.png */; };
		892B982DBBF00613315B36B9 /* crittercism-question.png in Resources */ = {isa = PBXBuildFile; fileRef = 892B982DBBF00613315B36B8 /* crittercism-question.png */; };
		892B982DBBF00613315B36BB /* crittercism-tab-icon@1x~iphone.png in Resources */ = {isa = PBXBuildFile; fileRef = 892B982DBBF00613315B36BA /* crittercism-tab-icon@1x~iphone.png */; };
		892B982DBBF00613315B36BD /* crittercism-tab-icon@2x~ipad.png in Resources */ = {isa = PBXBuildFile; fileRef = 892B982DBBF00613315B36BC /* crittercism-tab-icon@2x~ipad.png */; };
		892B982DBBF00613315B36BF /* crittercism-title-bar.png in Resources */ = {isa = PBXBuildFile; fileRef = 892B982DBBF00613315B36BE /* crittercism-title-bar.png */; };
		892B982DBBF00613315B36C1 /* crittercism-user-arrow-l.png in Resources */ = {isa = PBXBuildFile; fileRef = 892B982DBBF00613315B36C0 /* crittercism-user-arrow-l.png */; };
		892B982DBBF00613315B36C3 /* crittercism-user-arrow-l@2x.png in Resources */ = {isa = PBXBuildFile; fileRef = 892B982DBBF00613315B36C2 /* crittercism-user-arrow-l@2x.png */; };
		892B982DBBF00613315B36C5 /* crittercism-user-profile-halfsize.png in Resources */ = {isa = PBXBuildFile; fileRef = 892B982DBBF00613315B36C4 /* crittercism-user-profile-halfsize.png */; };
		892B982DBBF00613315B36C7 /* crittercism-user-profile.png in Resources */ = {isa = PBXBuildFile; fileRef = 892B982DBBF00613315B36C6 /* crittercism-user-profile.png */; };
		892B982DBBF00613315B36C9 /* crittercism-user-profile@2x.png in Resources */ = {isa = PBXBuildFile; fileRef = 892B982DBBF00613315B36C8 /* crittercism-user-profile@2x.png */; };
		892B982DBBF00613315B36CB /* crittercism-votesLeftButton.png in Resources */ = {isa = PBXBuildFile; fileRef = 892B982DBBF00613315B36CA /* crittercism-votesLeftButton.png */; };
		892B982DBBF00613315B36CD /* crittercism_icon.png in Resources */ = {isa = PBXBuildFile; fileRef = 892B982DBBF00613315B36CC /* crittercism_icon.png */; };
		892B982DBBF00613315B36D0 /* CrittercismAboutViewController.xib in Resources */ = {isa = PBXBuildFile; fileRef = 892B982DBBF00613315B36CF /* CrittercismAboutViewController.xib */; };
		892B982DBBF00613315B36D2 /* CrittercismAddCommentViewController.xib in Resources */ = {isa = PBXBuildFile; fileRef = 892B982DBBF00613315B36D1 /* CrittercismAddCommentViewController.xib */; };
		892B982DBBF00613315B36D4 /* CrittercismAddViewController.xib in Resources */ = {isa = PBXBuildFile; fileRef = 892B982DBBF00613315B36D3 /* CrittercismAddViewController.xib */; };
		892B982DBBF00613315B36D6 /* CrittercismCell.xib in Resources */ = {isa = PBXBuildFile; fileRef = 892B982DBBF00613315B36D5 /* CrittercismCell.xib */; };
		892B982DBBF00613315B36D8 /* CrittercismDescriptionViewController.xib in Resources */ = {isa = PBXBuildFile; fileRef = 892B982DBBF00613315B36D7 /* CrittercismDescriptionViewController.xib */; };
		892B982DBBF00613315B36DA /* CrittercismGridViewController.xib in Resources */ = {isa = PBXBuildFile; fileRef = 892B982DBBF00613315B36D9 /* CrittercismGridViewController.xib */; };
		892B982DBBF00613315B36DC /* CrittercismRootViewController.xib in Resources */ = {isa = PBXBuildFile; fileRef = 892B982DBBF00613315B36DB /* CrittercismRootViewController.xib */; };
		892B982DBBF00613315B36DE /* CrittercismViewController.xib in Resources */ = {isa = PBXBuildFile; fileRef = 892B982DBBF00613315B36DD /* CrittercismViewController.xib */; };
		892B982DBBF00613315B36E0 /* QuartzCore.framework in Frameworks */ = {isa = PBXBuildFile; fileRef = 892B982DBBF00613315B36DF /* QuartzCore.framework */; };
		892B982DBBF00613315B36E2 /* SystemConfiguration.framework in Frameworks */ = {isa = PBXBuildFile; fileRef = 892B982DBBF00613315B36E1 /* SystemConfiguration.framework */; };
		892B982DBBF00613315B36ED /* MGSplitCornersView.m in Sources */ = {isa = PBXBuildFile; fileRef = 892B982DBBF00613315B36EC /* MGSplitCornersView.m */; };
		892B982DBBF00613315B36F0 /* MGSplitDividerView.m in Sources */ = {isa = PBXBuildFile; fileRef = 892B982DBBF00613315B36EF /* MGSplitDividerView.m */; };
		892B982DBBF00613315B36F6 /* MGSplitViewController.m in Sources */ = {isa = PBXBuildFile; fileRef = 892B982DBBF00613315B36F5 /* MGSplitViewController.m */; };
		892B982DBBF00613315B36F8 /* SnippetViewModel.m in Sources */ = {isa = PBXBuildFile; fileRef = 892B982DBBF00613315B36F7 /* SnippetViewModel.m */; };
		892B982DBBF00613315B36FB /* EditReplSplitViewController.m in Sources */ = {isa = PBXBuildFile; fileRef = 892B982DBBF00613315B36FA /* EditReplSplitViewController.m */; };
		892B982DBBF00613315B36FE /* SnippetFilterQuery.m in Sources */ = {isa = PBXBuildFile; fileRef = 892B982DBBF00613315B36FD /* SnippetFilterQuery.m */; };
		892B982DBBF00613315B3701 /* SnippetDBQuery.m in Sources */ = {isa = PBXBuildFile; fileRef = 892B982DBBF00613315B3700 /* SnippetDBQuery.m */; };
		892B982DBBF00613315B3705 /* SnippetListViewModel.m in Sources */ = {isa = PBXBuildFile; fileRef = 892B982DBBF00613315B3704 /* SnippetListViewModel.m */; };
		892B982DBBF00613315B3707 /* SnippetListViewModel.h in Resources */ = {isa = PBXBuildFile; fileRef = 892B982DBBF00613315B3706 /* SnippetListViewModel.h */; };
		892B982DBBF00613315B3709 /* author.png in Resources */ = {isa = PBXBuildFile; fileRef = 892B982DBBF00613315B3708 /* author.png */; };
		892B982DBBF00613315B370B /* author@2x.png in Resources */ = {isa = PBXBuildFile; fileRef = 892B982DBBF00613315B370A /* author@2x.png */; };
		892B982DBBF00613315B370D /* recent.png in Resources */ = {isa = PBXBuildFile; fileRef = 892B982DBBF00613315B370C /* recent.png */; };
		892B982DBBF00613315B370F /* recent@2x.png in Resources */ = {isa = PBXBuildFile; fileRef = 892B982DBBF00613315B370E /* recent@2x.png */; };
/* End PBXBuildFile section */

/* Begin PBXContainerItemProxy section */
		892B982DBBF00613315B35F0 /* PBXContainerItemProxy */ = {
			isa = PBXContainerItemProxy;
			containerPortal = 892B982DBBF00613315B35EE /* CouchCocoa.xcodeproj */;
			proxyType = 2;
			remoteGlobalIDString = 74CD20473B2948D304C2FDA5;
			remoteInfo = "Mac Framework";
		};
		892B982DBBF00613315B35F2 /* PBXContainerItemProxy */ = {
			isa = PBXContainerItemProxy;
			containerPortal = 892B982DBBF00613315B35EE /* CouchCocoa.xcodeproj */;
			proxyType = 2;
			remoteGlobalIDString = DBE748A39315B534D6FD1F22;
			remoteInfo = "Mac Tests";
		};
		892B982DBBF00613315B35F4 /* PBXContainerItemProxy */ = {
			isa = PBXContainerItemProxy;
			containerPortal = 892B982DBBF00613315B35EE /* CouchCocoa.xcodeproj */;
			proxyType = 2;
			remoteGlobalIDString = C2BF4344BA3BB9B586D3A5F1;
			remoteInfo = "Demo-Addresses";
		};
		892B982DBBF00613315B35F6 /* PBXContainerItemProxy */ = {
			isa = PBXContainerItemProxy;
			containerPortal = 892B982DBBF00613315B35EE /* CouchCocoa.xcodeproj */;
			proxyType = 2;
			remoteGlobalIDString = 821157B5685E2A3A7FBE4D50;
			remoteInfo = "Demo-Shopping";
		};
		892B982DBBF00613315B35F8 /* PBXContainerItemProxy */ = {
			isa = PBXContainerItemProxy;
			containerPortal = 892B982DBBF00613315B35EE /* CouchCocoa.xcodeproj */;
			proxyType = 2;
			remoteGlobalIDString = 1876E0E37652B01D4CFA1BF4;
			remoteInfo = "iOS Framework";
		};
		892B982DBBF00613315B35FA /* PBXContainerItemProxy */ = {
			isa = PBXContainerItemProxy;
			containerPortal = 892B982DBBF00613315B35EE /* CouchCocoa.xcodeproj */;
			proxyType = 2;
			remoteGlobalIDString = 490C97D57B6F89054E9B7BB4;
			remoteInfo = "iOS Library";
		};
		892B982DBBF00613315B35FC /* PBXContainerItemProxy */ = {
			isa = PBXContainerItemProxy;
			containerPortal = 892B982DBBF00613315B35EE /* CouchCocoa.xcodeproj */;
			proxyType = 2;
			remoteGlobalIDString = 05D1289182B06B6C560A4038;
			remoteInfo = "iOS Tests";
		};
		892B982DBBF00613315B3606 /* PBXContainerItemProxy */ = {
			isa = PBXContainerItemProxy;
			containerPortal = 892B982DBBF00613315B3604 /* QuickDialog.xcodeproj */;
			proxyType = 2;
			remoteGlobalIDString = A22B94687C2F03879993F0C5;
			remoteInfo = QuickDialogExample;
		};
		892B982DBBF00613315B3608 /* PBXContainerItemProxy */ = {
			isa = PBXContainerItemProxy;
			containerPortal = 892B982DBBF00613315B3604 /* QuickDialog.xcodeproj */;
			proxyType = 2;
			remoteGlobalIDString = 60B3193FD014709DC58D3B1D;
			remoteInfo = QuickDialog;
		};
/* End PBXContainerItemProxy section */

/* Begin PBXFileReference section */
		222856011557074A006D8A02 /* SnippetQuery.h */ = {isa = PBXFileReference; fileEncoding = 4; lastKnownFileType = sourcecode.c.h; path = SnippetQuery.h; sourceTree = "<group>"; };
		222856021557074A006D8A02 /* SnippetQuery.m */ = {isa = PBXFileReference; fileEncoding = 4; lastKnownFileType = sourcecode.c.objc; path = SnippetQuery.m; sourceTree = "<group>"; };
		22D02864152CB53B00FB04D0 /* Icon.png */ = {isa = PBXFileReference; lastKnownFileType = image.png; path = Icon.png; sourceTree = "<group>"; };
		22D02866152CB53E00FB04D0 /* Icon@2x.png */ = {isa = PBXFileReference; lastKnownFileType = image.png; path = "Icon@2x.png"; sourceTree = "<group>"; };
		22D02868152CB54A00FB04D0 /* Icon-72.png */ = {isa = PBXFileReference; lastKnownFileType = image.png; path = "Icon-72.png"; sourceTree = "<group>"; };
		22D0286A152CB54D00FB04D0 /* Icon-72@2x.png */ = {isa = PBXFileReference; lastKnownFileType = image.png; path = "Icon-72@2x.png"; sourceTree = "<group>"; };
		22D0287F152CCF0F00FB04D0 /* Default.png */ = {isa = PBXFileReference; lastKnownFileType = image.png; path = Default.png; sourceTree = "<group>"; };
		22D02881152CCF1400FB04D0 /* Default@2x.png */ = {isa = PBXFileReference; lastKnownFileType = image.png; path = "Default@2x.png"; sourceTree = "<group>"; };
		22D02883152CCF1F00FB04D0 /* Default-Portrait~ipad.png */ = {isa = PBXFileReference; lastKnownFileType = image.png; path = "Default-Portrait~ipad.png"; sourceTree = "<group>"; };
		22D02885152CCF2100FB04D0 /* Default-Portrait@2x~ipad.png */ = {isa = PBXFileReference; lastKnownFileType = image.png; path = "Default-Portrait@2x~ipad.png"; sourceTree = "<group>"; };
		22D02887152CCF2600FB04D0 /* Default-Landscape~ipad.png */ = {isa = PBXFileReference; lastKnownFileType = image.png; path = "Default-Landscape~ipad.png"; sourceTree = "<group>"; };
		22D02889152CCF2700FB04D0 /* Default-Landscape@2x~ipad.png */ = {isa = PBXFileReference; lastKnownFileType = image.png; path = "Default-Landscape@2x~ipad.png"; sourceTree = "<group>"; };
		892B982DBBF00613315B35B4 /* TryFS.app */ = {isa = PBXFileReference; explicitFileType = wrapper.application; includeInIndex = 0; path = TryFS.app; sourceTree = BUILT_PRODUCTS_DIR; };
		892B982DBBF00613315B35BD /* UIKit.framework */ = {isa = PBXFileReference; lastKnownFileType = wrapper.framework; name = UIKit.framework; path = System/Library/Frameworks/UIKit.framework; sourceTree = SDKROOT; };
		892B982DBBF00613315B35BF /* Foundation.framework */ = {isa = PBXFileReference; lastKnownFileType = wrapper.framework; name = Foundation.framework; path = System/Library/Frameworks/Foundation.framework; sourceTree = SDKROOT; };
		892B982DBBF00613315B35C1 /* CoreGraphics.framework */ = {isa = PBXFileReference; lastKnownFileType = wrapper.framework; name = CoreGraphics.framework; path = System/Library/Frameworks/CoreGraphics.framework; sourceTree = SDKROOT; };
		892B982DBBF00613315B35C5 /* TryFS-Info.plist */ = {isa = PBXFileReference; lastKnownFileType = text.plist.info; path = "TryFS-Info.plist"; sourceTree = "<group>"; };
		892B982DBBF00613315B35C6 /* en */ = {isa = PBXFileReference; lastKnownFileType = text.plist.strings; name = en; path = en.lproj/InfoPlist.strings; sourceTree = "<group>"; };
		892B982DBBF00613315B35C9 /* main.m */ = {isa = PBXFileReference; lastKnownFileType = sourcecode.c.objc; path = main.m; sourceTree = "<group>"; };
		892B982DBBF00613315B35CB /* TryFS-Prefix.pch */ = {isa = PBXFileReference; lastKnownFileType = sourcecode.c.h; path = "TryFS-Prefix.pch"; sourceTree = "<group>"; };
		892B982DBBF00613315B35CC /* AppDelegate.h */ = {isa = PBXFileReference; lastKnownFileType = sourcecode.c.h; path = AppDelegate.h; sourceTree = "<group>"; };
		892B982DBBF00613315B35CD /* AppDelegate.m */ = {isa = PBXFileReference; lastKnownFileType = sourcecode.c.objc; path = AppDelegate.m; sourceTree = "<group>"; };
		892B982DBBF00613315B35D1 /* SnippetListViewController.h */ = {isa = PBXFileReference; fileEncoding = 4; lastKnownFileType = sourcecode.c.h; path = SnippetListViewController.h; sourceTree = "<group>"; };
		892B982DBBF00613315B35D2 /* SnippetListViewController.m */ = {isa = PBXFileReference; fileEncoding = 4; lastKnownFileType = sourcecode.c.objc; path = SnippetListViewController.m; sourceTree = "<group>"; };
		892B982DBBF00613315B35D4 /* SnippetListViewController.xib */ = {isa = PBXFileReference; lastKnownFileType = file.xib; path = SnippetListViewController.xib; sourceTree = "<group>"; };
		892B982DBBF00613315B35DA /* EditViewController.h */ = {isa = PBXFileReference; fileEncoding = 4; lastKnownFileType = sourcecode.c.h; path = EditViewController.h; sourceTree = "<group>"; };
		892B982DBBF00613315B35DB /* EditViewController.m */ = {isa = PBXFileReference; fileEncoding = 4; lastKnownFileType = sourcecode.c.objc; path = EditViewController.m; sourceTree = "<group>"; };
		892B982DBBF00613315B35DD /* EditViewController.xib */ = {isa = PBXFileReference; lastKnownFileType = file.xib; path = EditViewController.xib; sourceTree = "<group>"; };
		892B982DBBF00613315B35DF /* ReplViewController.h */ = {isa = PBXFileReference; fileEncoding = 4; lastKnownFileType = sourcecode.c.h; path = ReplViewController.h; sourceTree = "<group>"; };
		892B982DBBF00613315B35E0 /* ReplViewController.m */ = {isa = PBXFileReference; fileEncoding = 4; lastKnownFileType = sourcecode.c.objc; path = ReplViewController.m; sourceTree = "<group>"; };
		892B982DBBF00613315B35E2 /* ReplViewController.xib */ = {isa = PBXFileReference; lastKnownFileType = file.xib; path = ReplViewController.xib; sourceTree = "<group>"; };
		892B982DBBF00613315B35E4 /* Snippet.m */ = {isa = PBXFileReference; fileEncoding = 4; lastKnownFileType = sourcecode.c.objc; path = Snippet.m; sourceTree = "<group>"; };
		892B982DBBF00613315B35E6 /* Snippet.h */ = {isa = PBXFileReference; fileEncoding = 4; lastKnownFileType = sourcecode.c.h; path = Snippet.h; sourceTree = "<group>"; };
		892B982DBBF00613315B35EE /* CouchCocoa.xcodeproj */ = {isa = PBXFileReference; lastKnownFileType = "wrapper.pb-project"; name = CouchCocoa.xcodeproj; path = CouchCocoa/CouchCocoa.xcodeproj; sourceTree = "<group>"; };
		892B982DBBF00613315B35FE /* KeyboardResizeMonitor.m */ = {isa = PBXFileReference; fileEncoding = 4; lastKnownFileType = sourcecode.c.objc; path = KeyboardResizeMonitor.m; sourceTree = "<group>"; };
		892B982DBBF00613315B3600 /* KeyboardResizeMonitor.h */ = {isa = PBXFileReference; fileEncoding = 4; lastKnownFileType = sourcecode.c.h; path = KeyboardResizeMonitor.h; sourceTree = "<group>"; };
		892B982DBBF00613315B3601 /* Session.m */ = {isa = PBXFileReference; fileEncoding = 4; lastKnownFileType = sourcecode.c.objc; path = Session.m; sourceTree = "<group>"; };
		892B982DBBF00613315B3603 /* Session.h */ = {isa = PBXFileReference; fileEncoding = 4; lastKnownFileType = sourcecode.c.h; path = Session.h; sourceTree = "<group>"; };
		892B982DBBF00613315B3604 /* QuickDialog.xcodeproj */ = {isa = PBXFileReference; lastKnownFileType = "wrapper.pb-project"; name = QuickDialog.xcodeproj; path = QuickDialog/QuickDialog.xcodeproj; sourceTree = "<group>"; };
		892B982DBBF00613315B360A /* couchdb.png */ = {isa = PBXFileReference; lastKnownFileType = image.png; path = couchdb.png; sourceTree = "<group>"; };
		892B982DBBF00613315B3612 /* couchdb@2x.png */ = {isa = PBXFileReference; lastKnownFileType = image.png; path = "couchdb@2x.png"; sourceTree = "<group>"; };
		892B982DBBF00613315B3618 /* twitter.png */ = {isa = PBXFileReference; lastKnownFileType = image.png; path = twitter.png; sourceTree = "<group>"; };
		892B982DBBF00613315B361A /* twitter@2x.png */ = {isa = PBXFileReference; lastKnownFileType = image.png; path = "twitter@2x.png"; sourceTree = "<group>"; };
		892B982DBBF00613315B361C /* github.png */ = {isa = PBXFileReference; lastKnownFileType = image.png; path = github.png; sourceTree = "<group>"; };
		892B982DBBF00613315B361E /* github@2x.png */ = {isa = PBXFileReference; lastKnownFileType = image.png; path = "github@2x.png"; sourceTree = "<group>"; };
		892B982DBBF00613315B3620 /* mail.png */ = {isa = PBXFileReference; lastKnownFileType = image.png; path = mail.png; sourceTree = "<group>"; };
		892B982DBBF00613315B3622 /* mail@2x.png */ = {isa = PBXFileReference; lastKnownFileType = image.png; path = "mail@2x.png"; sourceTree = "<group>"; };
		892B982DBBF00613315B3627 /* InsetLabel.m */ = {isa = PBXFileReference; fileEncoding = 4; lastKnownFileType = sourcecode.c.objc; path = InsetLabel.m; sourceTree = "<group>"; };
		892B982DBBF00613315B3629 /* InsetLabel.h */ = {isa = PBXFileReference; fileEncoding = 4; lastKnownFileType = sourcecode.c.h; path = InsetLabel.h; sourceTree = "<group>"; };
		892B982DBBF00613315B362B /* CrashReporter.h */ = {isa = PBXFileReference; fileEncoding = 4; lastKnownFileType = sourcecode.c.h; name = CrashReporter.h; path = ../CrittercismSDK/CrashReporter.h; sourceTree = "<group>"; };
		892B982DBBF00613315B362C /* Crittercism.h */ = {isa = PBXFileReference; fileEncoding = 4; lastKnownFileType = sourcecode.c.h; name = Crittercism.h; path = ../CrittercismSDK/Crittercism.h; sourceTree = "<group>"; };
		892B982DBBF00613315B362D /* CrittercismJSONKit.h */ = {isa = PBXFileReference; fileEncoding = 4; lastKnownFileType = sourcecode.c.h; name = CrittercismJSONKit.h; path = ../CrittercismSDK/CrittercismJSONKit.h; sourceTree = "<group>"; };
		892B982DBBF00613315B362E /* CrittercismReachability.h */ = {isa = PBXFileReference; fileEncoding = 4; lastKnownFileType = sourcecode.c.h; name = CrittercismReachability.h; path = ../CrittercismSDK/CrittercismReachability.h; sourceTree = "<group>"; };
		892B982DBBF00613315B362F /* libCrittercism_v3_1_5.a */ = {isa = PBXFileReference; lastKnownFileType = archive.ar; name = libCrittercism_v3_1_5.a; path = ../CrittercismSDK/libCrittercism_v3_1_5.a; sourceTree = "<group>"; };
		892B982DBBF00613315B3631 /* PLCrashAsync.h */ = {isa = PBXFileReference; fileEncoding = 4; lastKnownFileType = sourcecode.c.h; name = PLCrashAsync.h; path = ../CrittercismSDK/PLCrashAsync.h; sourceTree = "<group>"; };
		892B982DBBF00613315B3632 /* PLCrashAsyncImage.h */ = {isa = PBXFileReference; fileEncoding = 4; lastKnownFileType = sourcecode.c.h; name = PLCrashAsyncImage.h; path = ../CrittercismSDK/PLCrashAsyncImage.h; sourceTree = "<group>"; };
		892B982DBBF00613315B3633 /* PLCrashAsyncSignalInfo.h */ = {isa = PBXFileReference; fileEncoding = 4; lastKnownFileType = sourcecode.c.h; name = PLCrashAsyncSignalInfo.h; path = ../CrittercismSDK/PLCrashAsyncSignalInfo.h; sourceTree = "<group>"; };
		892B982DBBF00613315B3634 /* PLCrashFrameWalker.h */ = {isa = PBXFileReference; fileEncoding = 4; lastKnownFileType = sourcecode.c.h; name = PLCrashFrameWalker.h; path = ../CrittercismSDK/PLCrashFrameWalker.h; sourceTree = "<group>"; };
		892B982DBBF00613315B3635 /* PLCrashFrameWalker_arm.h */ = {isa = PBXFileReference; fileEncoding = 4; lastKnownFileType = sourcecode.c.h; name = PLCrashFrameWalker_arm.h; path = ../CrittercismSDK/PLCrashFrameWalker_arm.h; sourceTree = "<group>"; };
		892B982DBBF00613315B3636 /* PLCrashFrameWalker_i386.h */ = {isa = PBXFileReference; fileEncoding = 4; lastKnownFileType = sourcecode.c.h; name = PLCrashFrameWalker_i386.h; path = ../CrittercismSDK/PLCrashFrameWalker_i386.h; sourceTree = "<group>"; };
		892B982DBBF00613315B3637 /* PLCrashFrameWalker_ppc.h */ = {isa = PBXFileReference; fileEncoding = 4; lastKnownFileType = sourcecode.c.h; name = PLCrashFrameWalker_ppc.h; path = ../CrittercismSDK/PLCrashFrameWalker_ppc.h; sourceTree = "<group>"; };
		892B982DBBF00613315B3638 /* PLCrashFrameWalker_x86_64.h */ = {isa = PBXFileReference; fileEncoding = 4; lastKnownFileType = sourcecode.c.h; name = PLCrashFrameWalker_x86_64.h; path = ../CrittercismSDK/PLCrashFrameWalker_x86_64.h; sourceTree = "<group>"; };
		892B982DBBF00613315B3639 /* PLCrashLogWriter.h */ = {isa = PBXFileReference; fileEncoding = 4; lastKnownFileType = sourcecode.c.h; name = PLCrashLogWriter.h; path = ../CrittercismSDK/PLCrashLogWriter.h; sourceTree = "<group>"; };
		892B982DBBF00613315B363A /* PLCrashLogWriterEncoding.h */ = {isa = PBXFileReference; fileEncoding = 4; lastKnownFileType = sourcecode.c.h; name = PLCrashLogWriterEncoding.h; path = ../CrittercismSDK/PLCrashLogWriterEncoding.h; sourceTree = "<group>"; };
		892B982DBBF00613315B363B /* PLCrashReport.h */ = {isa = PBXFileReference; fileEncoding = 4; lastKnownFileType = sourcecode.c.h; name = PLCrashReport.h; path = ../CrittercismSDK/PLCrashReport.h; sourceTree = "<group>"; };
		892B982DBBF00613315B363C /* PLCrashReportApplicationInfo.h */ = {isa = PBXFileReference; fileEncoding = 4; lastKnownFileType = sourcecode.c.h; name = PLCrashReportApplicationInfo.h; path = ../CrittercismSDK/PLCrashReportApplicationInfo.h; sourceTree = "<group>"; };
		892B982DBBF00613315B363D /* PLCrashReportBinaryImageInfo.h */ = {isa = PBXFileReference; fileEncoding = 4; lastKnownFileType = sourcecode.c.h; name = PLCrashReportBinaryImageInfo.h; path = ../CrittercismSDK/PLCrashReportBinaryImageInfo.h; sourceTree = "<group>"; };
		892B982DBBF00613315B363E /* PLCrashReporter.h */ = {isa = PBXFileReference; fileEncoding = 4; lastKnownFileType = sourcecode.c.h; name = PLCrashReporter.h; path = ../CrittercismSDK/PLCrashReporter.h; sourceTree = "<group>"; };
		892B982DBBF00613315B363F /* PLCrashReportExceptionInfo.h */ = {isa = PBXFileReference; fileEncoding = 4; lastKnownFileType = sourcecode.c.h; name = PLCrashReportExceptionInfo.h; path = ../CrittercismSDK/PLCrashReportExceptionInfo.h; sourceTree = "<group>"; };
		892B982DBBF00613315B3640 /* PLCrashReportFormatter.h */ = {isa = PBXFileReference; fileEncoding = 4; lastKnownFileType = sourcecode.c.h; name = PLCrashReportFormatter.h; path = ../CrittercismSDK/PLCrashReportFormatter.h; sourceTree = "<group>"; };
		892B982DBBF00613315B3641 /* PLCrashReportMachineInfo.h */ = {isa = PBXFileReference; fileEncoding = 4; lastKnownFileType = sourcecode.c.h; name = PLCrashReportMachineInfo.h; path = ../CrittercismSDK/PLCrashReportMachineInfo.h; sourceTree = "<group>"; };
		892B982DBBF00613315B3642 /* PLCrashReportProcessInfo.h */ = {isa = PBXFileReference; fileEncoding = 4; lastKnownFileType = sourcecode.c.h; name = PLCrashReportProcessInfo.h; path = ../CrittercismSDK/PLCrashReportProcessInfo.h; sourceTree = "<group>"; };
		892B982DBBF00613315B3643 /* PLCrashReportProcessorInfo.h */ = {isa = PBXFileReference; fileEncoding = 4; lastKnownFileType = sourcecode.c.h; name = PLCrashReportProcessorInfo.h; path = ../CrittercismSDK/PLCrashReportProcessorInfo.h; sourceTree = "<group>"; };
		892B982DBBF00613315B3644 /* PLCrashReportSignalInfo.h */ = {isa = PBXFileReference; fileEncoding = 4; lastKnownFileType = sourcecode.c.h; name = PLCrashReportSignalInfo.h; path = ../CrittercismSDK/PLCrashReportSignalInfo.h; sourceTree = "<group>"; };
		892B982DBBF00613315B3645 /* PLCrashReportSystemInfo.h */ = {isa = PBXFileReference; fileEncoding = 4; lastKnownFileType = sourcecode.c.h; name = PLCrashReportSystemInfo.h; path = ../CrittercismSDK/PLCrashReportSystemInfo.h; sourceTree = "<group>"; };
		892B982DBBF00613315B3646 /* PLCrashReportTextFormatter.h */ = {isa = PBXFileReference; fileEncoding = 4; lastKnownFileType = sourcecode.c.h; name = PLCrashReportTextFormatter.h; path = ../CrittercismSDK/PLCrashReportTextFormatter.h; sourceTree = "<group>"; };
		892B982DBBF00613315B3647 /* PLCrashReportThreadInfo.h */ = {isa = PBXFileReference; fileEncoding = 4; lastKnownFileType = sourcecode.c.h; name = PLCrashReportThreadInfo.h; path = ../CrittercismSDK/PLCrashReportThreadInfo.h; sourceTree = "<group>"; };
		892B982DBBF00613315B3648 /* PLCrashSignalHandler.h */ = {isa = PBXFileReference; fileEncoding = 4; lastKnownFileType = sourcecode.c.h; name = PLCrashSignalHandler.h; path = ../CrittercismSDK/PLCrashSignalHandler.h; sourceTree = "<group>"; };
		892B982DBBF00613315B3649 /* PLCrashSysctl.h */ = {isa = PBXFileReference; fileEncoding = 4; lastKnownFileType = sourcecode.c.h; name = PLCrashSysctl.h; path = ../CrittercismSDK/PLCrashSysctl.h; sourceTree = "<group>"; };
		892B982DBBF00613315B364C /* crittercism-arrow-l.png */ = {isa = PBXFileReference; lastKnownFileType = image.png; name = "crittercism-arrow-l.png"; path = "../CrittercismSDK/Resources/Images/crittercism-arrow-l.png"; sourceTree = "<group>"; };
		892B982DBBF00613315B364E /* crittercism-arrow-l@2x.png */ = {isa = PBXFileReference; lastKnownFileType = image.png; name = "crittercism-arrow-l@2x.png"; path = "../CrittercismSDK/Resources/Images/crittercism-arrow-l@2x.png"; sourceTree = "<group>"; };
		892B982DBBF00613315B3650 /* crittercism-arrow-left-gray-border.png */ = {isa = PBXFileReference; lastKnownFileType = image.png; name = "crittercism-arrow-left-gray-border.png"; path = "../CrittercismSDK/Resources/Images/crittercism-arrow-left-gray-border.png"; sourceTree = "<group>"; };
		892B982DBBF00613315B3652 /* crittercism-arrow-left-no-border.png */ = {isa = PBXFileReference; lastKnownFileType = image.png; name = "crittercism-arrow-left-no-border.png"; path = "../CrittercismSDK/Resources/Images/crittercism-arrow-left-no-border.png"; sourceTree = "<group>"; };
		892B982DBBF00613315B3654 /* crittercism-arrow-left.png */ = {isa = PBXFileReference; lastKnownFileType = image.png; name = "crittercism-arrow-left.png"; path = "../CrittercismSDK/Resources/Images/crittercism-arrow-left.png"; sourceTree = "<group>"; };
		892B982DBBF00613315B3656 /* crittercism-arrow-let-no-border.png */ = {isa = PBXFileReference; lastKnownFileType = image.png; name = "crittercism-arrow-let-no-border.png"; path = "../CrittercismSDK/Resources/Images/crittercism-arrow-let-no-border.png"; sourceTree = "<group>"; };
		892B982DBBF00613315B3658 /* crittercism-arrow-r.png */ = {isa = PBXFileReference; lastKnownFileType = image.png; name = "crittercism-arrow-r.png"; path = "../CrittercismSDK/Resources/Images/crittercism-arrow-r.png"; sourceTree = "<group>"; };
		892B982DBBF00613315B365A /* crittercism-arrow-r@2x.png */ = {isa = PBXFileReference; lastKnownFileType = image.png; name = "crittercism-arrow-r@2x.png"; path = "../CrittercismSDK/Resources/Images/crittercism-arrow-r@2x.png"; sourceTree = "<group>"; };
		892B982DBBF00613315B365C /* crittercism-arrow-right-green-border.png */ = {isa = PBXFileReference; lastKnownFileType = image.png; name = "crittercism-arrow-right-green-border.png"; path = "../CrittercismSDK/Resources/Images/crittercism-arrow-right-green-border.png"; sourceTree = "<group>"; };
		892B982DBBF00613315B365E /* crittercism-arrow-right-no-border.png */ = {isa = PBXFileReference; lastKnownFileType = image.png; name = "crittercism-arrow-right-no-border.png"; path = "../CrittercismSDK/Resources/Images/crittercism-arrow-right-no-border.png"; sourceTree = "<group>"; };
		892B982DBBF00613315B3660 /* crittercism-avatar-default.png */ = {isa = PBXFileReference; lastKnownFileType = image.png; name = "crittercism-avatar-default.png"; path = "../CrittercismSDK/Resources/Images/crittercism-avatar-default.png"; sourceTree = "<group>"; };
		892B982DBBF00613315B3662 /* crittercism-avatar-us.png */ = {isa = PBXFileReference; lastKnownFileType = image.png; name = "crittercism-avatar-us.png"; path = "../CrittercismSDK/Resources/Images/crittercism-avatar-us.png"; sourceTree = "<group>"; };
		892B982DBBF00613315B3664 /* crittercism-bg-00.png */ = {isa = PBXFileReference; lastKnownFileType = image.png; name = "crittercism-bg-00.png"; path = "../CrittercismSDK/Resources/Images/crittercism-bg-00.png"; sourceTree = "<group>"; };
		892B982DBBF00613315B3666 /* crittercism-bg-categorize-as.png */ = {isa = PBXFileReference; lastKnownFileType = image.png; name = "crittercism-bg-categorize-as.png"; path = "../CrittercismSDK/Resources/Images/crittercism-bg-categorize-as.png"; sourceTree = "<group>"; };
		892B982DBBF00613315B3668 /* crittercism-bg-edit-form.png */ = {isa = PBXFileReference; lastKnownFileType = image.png; name = "crittercism-bg-edit-form.png"; path = "../CrittercismSDK/Resources/Images/crittercism-bg-edit-form.png"; sourceTree = "<group>"; };
		892B982DBBF00613315B366A /* crittercism-bg-edit-form@2x~iphone.png */ = {isa = PBXFileReference; lastKnownFileType = image.png; name = "crittercism-bg-edit-form@2x~iphone.png"; path = "../CrittercismSDK/Resources/Images/crittercism-bg-edit-form@2x~iphone.png"; sourceTree = "<group>"; };
		892B982DBBF00613315B366C /* crittercism-bg-inactive-overlay.png */ = {isa = PBXFileReference; lastKnownFileType = image.png; name = "crittercism-bg-inactive-overlay.png"; path = "../CrittercismSDK/Resources/Images/crittercism-bg-inactive-overlay.png"; sourceTree = "<group>"; };
		892B982DBBF00613315B366E /* crittercism-bg-reply-to.png */ = {isa = PBXFileReference; lastKnownFileType = image.png; name = "crittercism-bg-reply-to.png"; path = "../CrittercismSDK/Resources/Images/crittercism-bg-reply-to.png"; sourceTree = "<group>"; };
		892B982DBBF00613315B3670 /* crittercism-btn-add-comment-sel.png */ = {isa = PBXFileReference; lastKnownFileType = image.png; name = "crittercism-btn-add-comment-sel.png"; path = "../CrittercismSDK/Resources/Images/crittercism-btn-add-comment-sel.png"; sourceTree = "<group>"; };
		892B982DBBF00613315B3672 /* crittercism-btn-add-comment.png */ = {isa = PBXFileReference; lastKnownFileType = image.png; name = "crittercism-btn-add-comment.png"; path = "../CrittercismSDK/Resources/Images/crittercism-btn-add-comment.png"; sourceTree = "<group>"; };
		892B982DBBF00613315B3674 /* crittercism-btn-cancel.png */ = {isa = PBXFileReference; lastKnownFileType = image.png; name = "crittercism-btn-cancel.png"; path = "../CrittercismSDK/Resources/Images/crittercism-btn-cancel.png"; sourceTree = "<group>"; };
		892B982DBBF00613315B3676 /* crittercism-btn-close.png */ = {isa = PBXFileReference; lastKnownFileType = image.png; name = "crittercism-btn-close.png"; path = "../CrittercismSDK/Resources/Images/crittercism-btn-close.png"; sourceTree = "<group>"; };
		892B982DBBF00613315B3678 /* crittercism-btn-submit.png */ = {isa = PBXFileReference; lastKnownFileType = image.png; name = "crittercism-btn-submit.png"; path = "../CrittercismSDK/Resources/Images/crittercism-btn-submit.png"; sourceTree = "<group>"; };
		892B982DBBF00613315B367A /* crittercism-btn-thumbs-dn-default.png */ = {isa = PBXFileReference; lastKnownFileType = image.png; name = "crittercism-btn-thumbs-dn-default.png"; path = "../CrittercismSDK/Resources/Images/crittercism-btn-thumbs-dn-default.png"; sourceTree = "<group>"; };
		892B982DBBF00613315B367C /* crittercism-btn-thumbs-dn-voted.png */ = {isa = PBXFileReference; lastKnownFileType = image.png; name = "crittercism-btn-thumbs-dn-voted.png"; path = "../CrittercismSDK/Resources/Images/crittercism-btn-thumbs-dn-voted.png"; sourceTree = "<group>"; };
		892B982DBBF00613315B367E /* crittercism-btn-thumbs-up-default.png */ = {isa = PBXFileReference; lastKnownFileType = image.png; name = "crittercism-btn-thumbs-up-default.png"; path = "../CrittercismSDK/Resources/Images/crittercism-btn-thumbs-up-default.png"; sourceTree = "<group>"; };
		892B982DBBF00613315B3680 /* crittercism-btn-thumbs-up-pressed.png */ = {isa = PBXFileReference; lastKnownFileType = image.png; name = "crittercism-btn-thumbs-up-pressed.png"; path = "../CrittercismSDK/Resources/Images/crittercism-btn-thumbs-up-pressed.png"; sourceTree = "<group>"; };
		892B982DBBF00613315B3682 /* crittercism-btn-thumbs-up-pressed@2x.png */ = {isa = PBXFileReference; lastKnownFileType = image.png; name = "crittercism-btn-thumbs-up-pressed@2x.png"; path = "../CrittercismSDK/Resources/Images/crittercism-btn-thumbs-up-pressed@2x.png"; sourceTree = "<group>"; };
		892B982DBBF00613315B3684 /* crittercism-btn-thumbs-up-voted.png */ = {isa = PBXFileReference; lastKnownFileType = image.png; name = "crittercism-btn-thumbs-up-voted.png"; path = "../CrittercismSDK/Resources/Images/crittercism-btn-thumbs-up-voted.png"; sourceTree = "<group>"; };
		892B982DBBF00613315B3686 /* crittercism-btn-thumbs-up.png */ = {isa = PBXFileReference; lastKnownFileType = image.png; name = "crittercism-btn-thumbs-up.png"; path = "../CrittercismSDK/Resources/Images/crittercism-btn-thumbs-up.png"; sourceTree = "<group>"; };
		892B982DBBF00613315B3688 /* crittercism-btn-thumbs-up@2x.png */ = {isa = PBXFileReference; lastKnownFileType = image.png; name = "crittercism-btn-thumbs-up@2x.png"; path = "../CrittercismSDK/Resources/Images/crittercism-btn-thumbs-up@2x.png"; sourceTree = "<group>"; };
		892B982DBBF00613315B368A /* crittercism-bug.png */ = {isa = PBXFileReference; lastKnownFileType = image.png; name = "crittercism-bug.png"; path = "../CrittercismSDK/Resources/Images/crittercism-bug.png"; sourceTree = "<group>"; };
		892B982DBBF00613315B368C /* crittercism-checkbox-checked.png */ = {isa = PBXFileReference; lastKnownFileType = image.png; name = "crittercism-checkbox-checked.png"; path = "../CrittercismSDK/Resources/Images/crittercism-checkbox-checked.png"; sourceTree = "<group>"; };
		892B982DBBF00613315B368E /* crittercism-checkbox-unchecked.png */ = {isa = PBXFileReference; lastKnownFileType = image.png; name = "crittercism-checkbox-unchecked.png"; path = "../CrittercismSDK/Resources/Images/crittercism-checkbox-unchecked.png"; sourceTree = "<group>"; };
		892B982DBBF00613315B3690 /* crittercism-dev-profile-halfsize.png */ = {isa = PBXFileReference; lastKnownFileType = image.png; name = "crittercism-dev-profile-halfsize.png"; path = "../CrittercismSDK/Resources/Images/crittercism-dev-profile-halfsize.png"; sourceTree = "<group>"; };
		892B982DBBF00613315B3692 /* crittercism-dev-profile-halfsize@2x.png */ = {isa = PBXFileReference; lastKnownFileType = image.png; name = "crittercism-dev-profile-halfsize@2x.png"; path = "../CrittercismSDK/Resources/Images/crittercism-dev-profile-halfsize@2x.png"; sourceTree = "<group>"; };
		892B982DBBF00613315B3694 /* crittercism-feedback-forum-bg-gradient.png */ = {isa = PBXFileReference; lastKnownFileType = image.png; name = "crittercism-feedback-forum-bg-gradient.png"; path = "../CrittercismSDK/Resources/Images/crittercism-feedback-forum-bg-gradient.png"; sourceTree = "<group>"; };
		892B982DBBF00613315B3696 /* crittercism-gray.png */ = {isa = PBXFileReference; lastKnownFileType = image.png; name = "crittercism-gray.png"; path = "../CrittercismSDK/Resources/Images/crittercism-gray.png"; sourceTree = "<group>"; };
		892B982DBBF00613315B3698 /* crittercism-green.png */ = {isa = PBXFileReference; lastKnownFileType = image.png; name = "crittercism-green.png"; path = "../CrittercismSDK/Resources/Images/crittercism-green.png"; sourceTree = "<group>"; };
		892B982DBBF00613315B369A /* crittercism-hamster-ftw.png */ = {isa = PBXFileReference; lastKnownFileType = image.png; name = "crittercism-hamster-ftw.png"; path = "../CrittercismSDK/Resources/Images/crittercism-hamster-ftw.png"; sourceTree = "<group>"; };
		892B982DBBF00613315B369C /* crittercism-hamster-twitter.png */ = {isa = PBXFileReference; lastKnownFileType = image.png; name = "crittercism-hamster-twitter.png"; path = "../CrittercismSDK/Resources/Images/crittercism-hamster-twitter.png"; sourceTree = "<group>"; };
		892B982DBBF00613315B369E /* crittercism-hamster.png */ = {isa = PBXFileReference; lastKnownFileType = image.png; name = "crittercism-hamster.png"; path = "../CrittercismSDK/Resources/Images/crittercism-hamster.png"; sourceTree = "<group>"; };
		892B982DBBF00613315B36A0 /* crittercism-icon-cat-idea.png */ = {isa = PBXFileReference; lastKnownFileType = image.png; name = "crittercism-icon-cat-idea.png"; path = "../CrittercismSDK/Resources/Images/crittercism-icon-cat-idea.png"; sourceTree = "<group>"; };
		892B982DBBF00613315B36A2 /* crittercism-icon-cat-idea@2x.png */ = {isa = PBXFileReference; lastKnownFileType = image.png; name = "crittercism-icon-cat-idea@2x.png"; path = "../CrittercismSDK/Resources/Images/crittercism-icon-cat-idea@2x.png"; sourceTree = "<group>"; };
		892B982DBBF00613315B36A4 /* crittercism-icon-cat-love.png */ = {isa = PBXFileReference; lastKnownFileType = image.png; name = "crittercism-icon-cat-love.png"; path = "../CrittercismSDK/Resources/Images/crittercism-icon-cat-love.png"; sourceTree = "<group>"; };
		892B982DBBF00613315B36A6 /* crittercism-icon-cat-love@2x.png */ = {isa = PBXFileReference; lastKnownFileType = image.png; name = "crittercism-icon-cat-love@2x.png"; path = "../CrittercismSDK/Resources/Images/crittercism-icon-cat-love@2x.png"; sourceTree = "<group>"; };
		892B982DBBF00613315B36A8 /* crittercism-icon-cat-problem.png */ = {isa = PBXFileReference; lastKnownFileType = image.png; name = "crittercism-icon-cat-problem.png"; path = "../CrittercismSDK/Resources/Images/crittercism-icon-cat-problem.png"; sourceTree = "<group>"; };
		892B982DBBF00613315B36AA /* crittercism-icon-cat-problem@2x.png */ = {isa = PBXFileReference; lastKnownFileType = image.png; name = "crittercism-icon-cat-problem@2x.png"; path = "../CrittercismSDK/Resources/Images/crittercism-icon-cat-problem@2x.png"; sourceTree = "<group>"; };
		892B982DBBF00613315B36AC /* crittercism-icon-cat-question.png */ = {isa = PBXFileReference; lastKnownFileType = image.png; name = "crittercism-icon-cat-question.png"; path = "../CrittercismSDK/Resources/Images/crittercism-icon-cat-question.png"; sourceTree = "<group>"; };
		892B982DBBF00613315B36AE /* crittercism-icon-cat-question@2x.png */ = {isa = PBXFileReference; lastKnownFileType = image.png; name = "crittercism-icon-cat-question@2x.png"; path = "../CrittercismSDK/Resources/Images/crittercism-icon-cat-question@2x.png"; sourceTree = "<group>"; };
		892B982DBBF00613315B36B0 /* crittercism-icon-tab-01.png */ = {isa = PBXFileReference; lastKnownFileType = image.png; name = "crittercism-icon-tab-01.png"; path = "../CrittercismSDK/Resources/Images/crittercism-icon-tab-01.png"; sourceTree = "<group>"; };
		892B982DBBF00613315B36B2 /* crittercism-idea.png */ = {isa = PBXFileReference; lastKnownFileType = image.png; name = "crittercism-idea.png"; path = "../CrittercismSDK/Resources/Images/crittercism-idea.png"; sourceTree = "<group>"; };
		892B982DBBF00613315B36B4 /* crittercism-love.png */ = {isa = PBXFileReference; lastKnownFileType = image.png; name = "crittercism-love.png"; path = "../CrittercismSDK/Resources/Images/crittercism-love.png"; sourceTree = "<group>"; };
		892B982DBBF00613315B36B6 /* crittercism-other.png */ = {isa = PBXFileReference; lastKnownFileType = image.png; name = "crittercism-other.png"; path = "../CrittercismSDK/Resources/Images/crittercism-other.png"; sourceTree = "<group>"; };
		892B982DBBF00613315B36B8 /* crittercism-question.png */ = {isa = PBXFileReference; lastKnownFileType = image.png; name = "crittercism-question.png"; path = "../CrittercismSDK/Resources/Images/crittercism-question.png"; sourceTree = "<group>"; };
		892B982DBBF00613315B36BA /* crittercism-tab-icon@1x~iphone.png */ = {isa = PBXFileReference; lastKnownFileType = image.png; name = "crittercism-tab-icon@1x~iphone.png"; path = "../CrittercismSDK/Resources/Images/crittercism-tab-icon@1x~iphone.png"; sourceTree = "<group>"; };
		892B982DBBF00613315B36BC /* crittercism-tab-icon@2x~ipad.png */ = {isa = PBXFileReference; lastKnownFileType = image.png; name = "crittercism-tab-icon@2x~ipad.png"; path = "../CrittercismSDK/Resources/Images/crittercism-tab-icon@2x~ipad.png"; sourceTree = "<group>"; };
		892B982DBBF00613315B36BE /* crittercism-title-bar.png */ = {isa = PBXFileReference; lastKnownFileType = image.png; name = "crittercism-title-bar.png"; path = "../CrittercismSDK/Resources/Images/crittercism-title-bar.png"; sourceTree = "<group>"; };
		892B982DBBF00613315B36C0 /* crittercism-user-arrow-l.png */ = {isa = PBXFileReference; lastKnownFileType = image.png; name = "crittercism-user-arrow-l.png"; path = "../CrittercismSDK/Resources/Images/crittercism-user-arrow-l.png"; sourceTree = "<group>"; };
		892B982DBBF00613315B36C2 /* crittercism-user-arrow-l@2x.png */ = {isa = PBXFileReference; lastKnownFileType = image.png; name = "crittercism-user-arrow-l@2x.png"; path = "../CrittercismSDK/Resources/Images/crittercism-user-arrow-l@2x.png"; sourceTree = "<group>"; };
		892B982DBBF00613315B36C4 /* crittercism-user-profile-halfsize.png */ = {isa = PBXFileReference; lastKnownFileType = image.png; name = "crittercism-user-profile-halfsize.png"; path = "../CrittercismSDK/Resources/Images/crittercism-user-profile-halfsize.png"; sourceTree = "<group>"; };
		892B982DBBF00613315B36C6 /* crittercism-user-profile.png */ = {isa = PBXFileReference; lastKnownFileType = image.png; name = "crittercism-user-profile.png"; path = "../CrittercismSDK/Resources/Images/crittercism-user-profile.png"; sourceTree = "<group>"; };
		892B982DBBF00613315B36C8 /* crittercism-user-profile@2x.png */ = {isa = PBXFileReference; lastKnownFileType = image.png; name = "crittercism-user-profile@2x.png"; path = "../CrittercismSDK/Resources/Images/crittercism-user-profile@2x.png"; sourceTree = "<group>"; };
		892B982DBBF00613315B36CA /* crittercism-votesLeftButton.png */ = {isa = PBXFileReference; lastKnownFileType = image.png; name = "crittercism-votesLeftButton.png"; path = "../CrittercismSDK/Resources/Images/crittercism-votesLeftButton.png"; sourceTree = "<group>"; };
		892B982DBBF00613315B36CC /* crittercism_icon.png */ = {isa = PBXFileReference; lastKnownFileType = image.png; name = crittercism_icon.png; path = ../CrittercismSDK/Resources/Images/crittercism_icon.png; sourceTree = "<group>"; };
		892B982DBBF00613315B36CF /* CrittercismAboutViewController.xib */ = {isa = PBXFileReference; lastKnownFileType = file.xib; name = CrittercismAboutViewController.xib; path = ../CrittercismSDK/Resources/Nibs/CrittercismAboutViewController.xib; sourceTree = "<group>"; };
		892B982DBBF00613315B36D1 /* CrittercismAddCommentViewController.xib */ = {isa = PBXFileReference; lastKnownFileType = file.xib; name = CrittercismAddCommentViewController.xib; path = ../CrittercismSDK/Resources/Nibs/CrittercismAddCommentViewController.xib; sourceTree = "<group>"; };
		892B982DBBF00613315B36D3 /* CrittercismAddViewController.xib */ = {isa = PBXFileReference; lastKnownFileType = file.xib; name = CrittercismAddViewController.xib; path = ../CrittercismSDK/Resources/Nibs/CrittercismAddViewController.xib; sourceTree = "<group>"; };
		892B982DBBF00613315B36D5 /* CrittercismCell.xib */ = {isa = PBXFileReference; lastKnownFileType = file.xib; name = CrittercismCell.xib; path = ../CrittercismSDK/Resources/Nibs/CrittercismCell.xib; sourceTree = "<group>"; };
		892B982DBBF00613315B36D7 /* CrittercismDescriptionViewController.xib */ = {isa = PBXFileReference; lastKnownFileType = file.xib; name = CrittercismDescriptionViewController.xib; path = ../CrittercismSDK/Resources/Nibs/CrittercismDescriptionViewController.xib; sourceTree = "<group>"; };
		892B982DBBF00613315B36D9 /* CrittercismGridViewController.xib */ = {isa = PBXFileReference; lastKnownFileType = file.xib; name = CrittercismGridViewController.xib; path = ../CrittercismSDK/Resources/Nibs/CrittercismGridViewController.xib; sourceTree = "<group>"; };
		892B982DBBF00613315B36DB /* CrittercismRootViewController.xib */ = {isa = PBXFileReference; lastKnownFileType = file.xib; name = CrittercismRootViewController.xib; path = ../CrittercismSDK/Resources/Nibs/CrittercismRootViewController.xib; sourceTree = "<group>"; };
		892B982DBBF00613315B36DD /* CrittercismViewController.xib */ = {isa = PBXFileReference; lastKnownFileType = file.xib; name = CrittercismViewController.xib; path = ../CrittercismSDK/Resources/Nibs/CrittercismViewController.xib; sourceTree = "<group>"; };
		892B982DBBF00613315B36DF /* QuartzCore.framework */ = {isa = PBXFileReference; lastKnownFileType = wrapper.framework; name = QuartzCore.framework; path = System/Library/Frameworks/QuartzCore.framework; sourceTree = SDKROOT; };
		892B982DBBF00613315B36E1 /* SystemConfiguration.framework */ = {isa = PBXFileReference; lastKnownFileType = wrapper.framework; name = SystemConfiguration.framework; path = System/Library/Frameworks/SystemConfiguration.framework; sourceTree = SDKROOT; };
		892B982DBBF00613315B36EB /* MGSplitCornersView.h */ = {isa = PBXFileReference; fileEncoding = 4; lastKnownFileType = sourcecode.c.h; name = MGSplitCornersView.h; path = ../MGSplitViewController/Classes/MGSplitCornersView.h; sourceTree = "<group>"; };
		892B982DBBF00613315B36EC /* MGSplitCornersView.m */ = {isa = PBXFileReference; fileEncoding = 4; lastKnownFileType = sourcecode.c.objc; name = MGSplitCornersView.m; path = ../MGSplitViewController/Classes/MGSplitCornersView.m; sourceTree = "<group>"; };
		892B982DBBF00613315B36EE /* MGSplitDividerView.h */ = {isa = PBXFileReference; fileEncoding = 4; lastKnownFileType = sourcecode.c.h; name = MGSplitDividerView.h; path = ../MGSplitViewController/Classes/MGSplitDividerView.h; sourceTree = "<group>"; };
		892B982DBBF00613315B36EF /* MGSplitDividerView.m */ = {isa = PBXFileReference; fileEncoding = 4; lastKnownFileType = sourcecode.c.objc; name = MGSplitDividerView.m; path = ../MGSplitViewController/Classes/MGSplitDividerView.m; sourceTree = "<group>"; };
		892B982DBBF00613315B36F4 /* MGSplitViewController.h */ = {isa = PBXFileReference; fileEncoding = 4; lastKnownFileType = sourcecode.c.h; name = MGSplitViewController.h; path = ../MGSplitViewController/Classes/MGSplitViewController.h; sourceTree = "<group>"; };
		892B982DBBF00613315B36F5 /* MGSplitViewController.m */ = {isa = PBXFileReference; fileEncoding = 4; lastKnownFileType = sourcecode.c.objc; name = MGSplitViewController.m; path = ../MGSplitViewController/Classes/MGSplitViewController.m; sourceTree = "<group>"; };
		892B982DBBF00613315B36F7 /* SnippetViewModel.m */ = {isa = PBXFileReference; fileEncoding = 4; lastKnownFileType = sourcecode.c.objc; path = SnippetViewModel.m; sourceTree = "<group>"; };
		892B982DBBF00613315B36F9 /* SnippetViewModel.h */ = {isa = PBXFileReference; fileEncoding = 4; lastKnownFileType = sourcecode.c.h; path = SnippetViewModel.h; sourceTree = "<group>"; };
		892B982DBBF00613315B36FA /* EditReplSplitViewController.m */ = {isa = PBXFileReference; fileEncoding = 4; lastKnownFileType = sourcecode.c.objc; path = EditReplSplitViewController.m; sourceTree = "<group>"; };
		892B982DBBF00613315B36FC /* EditReplSplitViewController.h */ = {isa = PBXFileReference; fileEncoding = 4; lastKnownFileType = sourcecode.c.h; path = EditReplSplitViewController.h; sourceTree = "<group>"; };
		892B982DBBF00613315B36FD /* SnippetFilterQuery.m */ = {isa = PBXFileReference; fileEncoding = 4; lastKnownFileType = sourcecode.c.objc; path = SnippetFilterQuery.m; sourceTree = "<group>"; };
		892B982DBBF00613315B36FF /* SnippetFilterQuery.h */ = {isa = PBXFileReference; fileEncoding = 4; lastKnownFileType = sourcecode.c.h; path = SnippetFilterQuery.h; sourceTree = "<group>"; };
		892B982DBBF00613315B3700 /* SnippetDBQuery.m */ = {isa = PBXFileReference; fileEncoding = 4; lastKnownFileType = sourcecode.c.objc; path = SnippetDBQuery.m; sourceTree = "<group>"; };
		892B982DBBF00613315B3702 /* SnippetDBQuery.h */ = {isa = PBXFileReference; fileEncoding = 4; lastKnownFileType = sourcecode.c.h; path = SnippetDBQuery.h; sourceTree = "<group>"; };
		892B982DBBF00613315B3703 /* SnippetQueryProtected.h */ = {isa = PBXFileReference; fileEncoding = 4; lastKnownFileType = sourcecode.c.h; path = SnippetQueryProtected.h; sourceTree = "<group>"; };
		892B982DBBF00613315B3704 /* SnippetListViewModel.m */ = {isa = PBXFileReference; fileEncoding = 4; lastKnownFileType = sourcecode.c.objc; path = SnippetListViewModel.m; sourceTree = "<group>"; };
		892B982DBBF00613315B3706 /* SnippetListViewModel.h */ = {isa = PBXFileReference; fileEncoding = 4; lastKnownFileType = text; path = SnippetListViewModel.h; sourceTree = "<group>"; };
		892B982DBBF00613315B3708 /* author.png */ = {isa = PBXFileReference; lastKnownFileType = image.png; path = author.png; sourceTree = "<group>"; };
		892B982DBBF00613315B370A /* author@2x.png */ = {isa = PBXFileReference; lastKnownFileType = image.png; path = "author@2x.png"; sourceTree = "<group>"; };
		892B982DBBF00613315B370C /* recent.png */ = {isa = PBXFileReference; lastKnownFileType = image.png; path = recent.png; sourceTree = "<group>"; };
		892B982DBBF00613315B370E /* recent@2x.png */ = {isa = PBXFileReference; lastKnownFileType = image.png; path = "recent@2x.png"; sourceTree = "<group>"; };
/* End PBXFileReference section */

/* Begin PBXFrameworksBuildPhase section */
		892B982DBBF00613315B35BA /* Frameworks */ = {
			isa = PBXFrameworksBuildPhase;
			buildActionMask = 2147483647;
			files = (
				22D028A5152EEF9700FB04D0 /* libQuickDialog.a in Frameworks */,
				22D028071526F58C00FB04D0 /* libCouchCocoa.a in Frameworks */,
				892B982DBBF00613315B35BE /* UIKit.framework in Frameworks */,
				892B982DBBF00613315B35C0 /* Foundation.framework in Frameworks */,
				892B982DBBF00613315B35C2 /* CoreGraphics.framework in Frameworks */,
				892B982DBBF00613315B3630 /* libCrittercism_v3_1_5.a in Frameworks */,
				892B982DBBF00613315B36E0 /* QuartzCore.framework in Frameworks */,
				892B982DBBF00613315B36E2 /* SystemConfiguration.framework in Frameworks */,
			);
			runOnlyForDeploymentPostprocessing = 0;
		};
/* End PBXFrameworksBuildPhase section */

/* Begin PBXGroup section */
		892B982DBBF00613315B35B0 = {
			isa = PBXGroup;
			children = (
				892B982DBBF00613315B3604 /* QuickDialog.xcodeproj */,
				892B982DBBF00613315B35EE /* CouchCocoa.xcodeproj */,
				892B982DBBF00613315B35B1 /* Products */,
				892B982DBBF00613315B35BC /* Frameworks */,
				892B982DBBF00613315B35C3 /* TryFS */,
			);
			sourceTree = "<group>";
		};
		892B982DBBF00613315B35B1 /* Products */ = {
			isa = PBXGroup;
			children = (
				892B982DBBF00613315B35B4 /* TryFS.app */,
			);
			name = Products;
			sourceTree = "<group>";
		};
		892B982DBBF00613315B35BC /* Frameworks */ = {
			isa = PBXGroup;
			children = (
				892B982DBBF00613315B36E1 /* SystemConfiguration.framework */,
				892B982DBBF00613315B36DF /* QuartzCore.framework */,
				892B982DBBF00613315B35C1 /* CoreGraphics.framework */,
				892B982DBBF00613315B35BF /* Foundation.framework */,
				892B982DBBF00613315B35BD /* UIKit.framework */,
			);
			name = Frameworks;
			sourceTree = "<group>";
		};
		892B982DBBF00613315B35C3 /* TryFS */ = {
			isa = PBXGroup;
			children = (
				892B982DBBF00613315B362A /* CrittercismSDK */,
				892B982DBBF00613315B36E7 /* MGSplitViewController */,
				892B982DBBF00613315B35C4 /* Supporting Files */,
				892B982DBBF00613315B35CC /* AppDelegate.h */,
				892B982DBBF00613315B35CD /* AppDelegate.m */,
				892B982DBBF00613315B36FC /* EditReplSplitViewController.h */,
				892B982DBBF00613315B36FA /* EditReplSplitViewController.m */,
				892B982DBBF00613315B35DA /* EditViewController.h */,
				892B982DBBF00613315B35DB /* EditViewController.m */,
				892B982DBBF00613315B35DD /* EditViewController.xib */,
				892B982DBBF00613315B3629 /* InsetLabel.h */,
				892B982DBBF00613315B3627 /* InsetLabel.m */,
				892B982DBBF00613315B3600 /* KeyboardResizeMonitor.h */,
				892B982DBBF00613315B35FE /* KeyboardResizeMonitor.m */,
				892B982DBBF00613315B35DF /* ReplViewController.h */,
				892B982DBBF00613315B35E0 /* ReplViewController.m */,
				892B982DBBF00613315B35E2 /* ReplViewController.xib */,
				892B982DBBF00613315B3603 /* Session.h */,
				892B982DBBF00613315B3601 /* Session.m */,
				892B982DBBF00613315B35E6 /* Snippet.h */,
				892B982DBBF00613315B35E4 /* Snippet.m */,
				892B982DBBF00613315B3702 /* SnippetDBQuery.h */,
				892B982DBBF00613315B3700 /* SnippetDBQuery.m */,
				892B982DBBF00613315B36FF /* SnippetFilterQuery.h */,
				892B982DBBF00613315B36FD /* SnippetFilterQuery.m */,
				892B982DBBF00613315B35D1 /* SnippetListViewController.h */,
				892B982DBBF00613315B35D2 /* SnippetListViewController.m */,
				892B982DBBF00613315B35D4 /* SnippetListViewController.xib */,
				892B982DBBF00613315B3706 /* SnippetListViewModel.h */,
				892B982DBBF00613315B3704 /* SnippetListViewModel.m */,
				222856011557074A006D8A02 /* SnippetQuery.h */,
				222856021557074A006D8A02 /* SnippetQuery.m */,
				892B982DBBF00613315B3703 /* SnippetQueryProtected.h */,
				892B982DBBF00613315B36F9 /* SnippetViewModel.h */,
				892B982DBBF00613315B36F7 /* SnippetViewModel.m */,
			);
			path = TryFS;
			sourceTree = "<group>";
		};
		892B982DBBF00613315B35C4 /* Supporting Files */ = {
			isa = PBXGroup;
			children = (
				892B982DBBF00613315B3708 /* author.png */,
				892B982DBBF00613315B370A /* author@2x.png */,
				892B982DBBF00613315B360A /* couchdb.png */,
				892B982DBBF00613315B3612 /* couchdb@2x.png */,
				22D02889152CCF2700FB04D0 /* Default-Landscape@2x~ipad.png */,
				22D02887152CCF2600FB04D0 /* Default-Landscape~ipad.png */,
				22D02885152CCF2100FB04D0 /* Default-Portrait@2x~ipad.png */,
				22D02883152CCF1F00FB04D0 /* Default-Portrait~ipad.png */,
				22D0287F152CCF0F00FB04D0 /* Default.png */,
				22D02881152CCF1400FB04D0 /* Default@2x.png */,
				892B982DBBF00613315B361C /* github.png */,
				892B982DBBF00613315B361E /* github@2x.png */,
				22D02868152CB54A00FB04D0 /* Icon-72.png */,
				22D0286A152CB54D00FB04D0 /* Icon-72@2x.png */,
				22D02864152CB53B00FB04D0 /* Icon.png */,
				22D02866152CB53E00FB04D0 /* Icon@2x.png */,
				892B982DBBF00613315B35C7 /* InfoPlist.strings */,
				892B982DBBF00613315B3620 /* mail.png */,
				892B982DBBF00613315B3622 /* mail@2x.png */,
				892B982DBBF00613315B35C9 /* main.m */,
				892B982DBBF00613315B370C /* recent.png */,
				892B982DBBF00613315B370E /* recent@2x.png */,
				892B982DBBF00613315B35C5 /* TryFS-Info.plist */,
				892B982DBBF00613315B35CB /* TryFS-Prefix.pch */,
				892B982DBBF00613315B3618 /* twitter.png */,
				892B982DBBF00613315B361A /* twitter@2x.png */,
			);
			name = "Supporting Files";
			sourceTree = "<group>";
		};
		892B982DBBF00613315B35EF /* Products */ = {
			isa = PBXGroup;
			children = (
				892B982DBBF00613315B35F1 /* CouchCocoa.framework */,
				892B982DBBF00613315B35F3 /* Mac Tests.octest */,
				892B982DBBF00613315B35F5 /* Addresses.app */,
				892B982DBBF00613315B35F7 /* Shopping.app */,
				892B982DBBF00613315B35F9 /* CouchCocoa.framework */,
				892B982DBBF00613315B35FB /* libCouchCocoa.a */,
				892B982DBBF00613315B35FD /* iOS Tests.octest */,
			);
			name = Products;
			sourceTree = "<group>";
		};
		892B982DBBF00613315B3605 /* Products */ = {
			isa = PBXGroup;
			children = (
				892B982DBBF00613315B3607 /* QuickDialogExample.app */,
				892B982DBBF00613315B3609 /* libQuickDialog.a */,
			);
			name = Products;
			sourceTree = "<group>";
		};
		892B982DBBF00613315B362A /* CrittercismSDK */ = {
			isa = PBXGroup;
			children = (
				892B982DBBF00613315B362B /* CrashReporter.h */,
				892B982DBBF00613315B362C /* Crittercism.h */,
				892B982DBBF00613315B362D /* CrittercismJSONKit.h */,
				892B982DBBF00613315B362E /* CrittercismReachability.h */,
				892B982DBBF00613315B362F /* libCrittercism_v3_1_5.a */,
				892B982DBBF00613315B3631 /* PLCrashAsync.h */,
				892B982DBBF00613315B3632 /* PLCrashAsyncImage.h */,
				892B982DBBF00613315B3633 /* PLCrashAsyncSignalInfo.h */,
				892B982DBBF00613315B3634 /* PLCrashFrameWalker.h */,
				892B982DBBF00613315B3635 /* PLCrashFrameWalker_arm.h */,
				892B982DBBF00613315B3636 /* PLCrashFrameWalker_i386.h */,
				892B982DBBF00613315B3637 /* PLCrashFrameWalker_ppc.h */,
				892B982DBBF00613315B3638 /* PLCrashFrameWalker_x86_64.h */,
				892B982DBBF00613315B3639 /* PLCrashLogWriter.h */,
				892B982DBBF00613315B363A /* PLCrashLogWriterEncoding.h */,
				892B982DBBF00613315B363B /* PLCrashReport.h */,
				892B982DBBF00613315B363C /* PLCrashReportApplicationInfo.h */,
				892B982DBBF00613315B363D /* PLCrashReportBinaryImageInfo.h */,
				892B982DBBF00613315B363E /* PLCrashReporter.h */,
				892B982DBBF00613315B363F /* PLCrashReportExceptionInfo.h */,
				892B982DBBF00613315B3640 /* PLCrashReportFormatter.h */,
				892B982DBBF00613315B3641 /* PLCrashReportMachineInfo.h */,
				892B982DBBF00613315B3642 /* PLCrashReportProcessInfo.h */,
				892B982DBBF00613315B3643 /* PLCrashReportProcessorInfo.h */,
				892B982DBBF00613315B3644 /* PLCrashReportSignalInfo.h */,
				892B982DBBF00613315B3645 /* PLCrashReportSystemInfo.h */,
				892B982DBBF00613315B3646 /* PLCrashReportTextFormatter.h */,
				892B982DBBF00613315B3647 /* PLCrashReportThreadInfo.h */,
				892B982DBBF00613315B3648 /* PLCrashSignalHandler.h */,
				892B982DBBF00613315B3649 /* PLCrashSysctl.h */,
				892B982DBBF00613315B364A /* Resources */,
			);
			name = CrittercismSDK;
			sourceTree = "<group>";
		};
		892B982DBBF00613315B364A /* Resources */ = {
			isa = PBXGroup;
			children = (
				892B982DBBF00613315B364B /* Images */,
				892B982DBBF00613315B36CE /* Nibs */,
			);
			name = Resources;
			sourceTree = "<group>";
		};
		892B982DBBF00613315B364B /* Images */ = {
			isa = PBXGroup;
			children = (
				892B982DBBF00613315B36CC /* crittercism_icon.png */,
				892B982DBBF00613315B36CA /* crittercism-votesLeftButton.png */,
				892B982DBBF00613315B36C8 /* crittercism-user-profile@2x.png */,
				892B982DBBF00613315B36C6 /* crittercism-user-profile.png */,
				892B982DBBF00613315B36C4 /* crittercism-user-profile-halfsize.png */,
				892B982DBBF00613315B36C2 /* crittercism-user-arrow-l@2x.png */,
				892B982DBBF00613315B36C0 /* crittercism-user-arrow-l.png */,
				892B982DBBF00613315B36BE /* crittercism-title-bar.png */,
				892B982DBBF00613315B36BC /* crittercism-tab-icon@2x~ipad.png */,
				892B982DBBF00613315B36BA /* crittercism-tab-icon@1x~iphone.png */,
				892B982DBBF00613315B36B8 /* crittercism-question.png */,
				892B982DBBF00613315B36B6 /* crittercism-other.png */,
				892B982DBBF00613315B36B4 /* crittercism-love.png */,
				892B982DBBF00613315B36B2 /* crittercism-idea.png */,
				892B982DBBF00613315B36B0 /* crittercism-icon-tab-01.png */,
				892B982DBBF00613315B36AE /* crittercism-icon-cat-question@2x.png */,
				892B982DBBF00613315B36AC /* crittercism-icon-cat-question.png */,
				892B982DBBF00613315B36AA /* crittercism-icon-cat-problem@2x.png */,
				892B982DBBF00613315B36A8 /* crittercism-icon-cat-problem.png */,
				892B982DBBF00613315B36A6 /* crittercism-icon-cat-love@2x.png */,
				892B982DBBF00613315B36A4 /* crittercism-icon-cat-love.png */,
				892B982DBBF00613315B36A2 /* crittercism-icon-cat-idea@2x.png */,
				892B982DBBF00613315B36A0 /* crittercism-icon-cat-idea.png */,
				892B982DBBF00613315B369E /* crittercism-hamster.png */,
				892B982DBBF00613315B369C /* crittercism-hamster-twitter.png */,
				892B982DBBF00613315B369A /* crittercism-hamster-ftw.png */,
				892B982DBBF00613315B3698 /* crittercism-green.png */,
				892B982DBBF00613315B3696 /* crittercism-gray.png */,
				892B982DBBF00613315B3694 /* crittercism-feedback-forum-bg-gradient.png */,
				892B982DBBF00613315B3692 /* crittercism-dev-profile-halfsize@2x.png */,
				892B982DBBF00613315B3690 /* crittercism-dev-profile-halfsize.png */,
				892B982DBBF00613315B368E /* crittercism-checkbox-unchecked.png */,
				892B982DBBF00613315B368C /* crittercism-checkbox-checked.png */,
				892B982DBBF00613315B368A /* crittercism-bug.png */,
				892B982DBBF00613315B3688 /* crittercism-btn-thumbs-up@2x.png */,
				892B982DBBF00613315B3686 /* crittercism-btn-thumbs-up.png */,
				892B982DBBF00613315B3684 /* crittercism-btn-thumbs-up-voted.png */,
				892B982DBBF00613315B3682 /* crittercism-btn-thumbs-up-pressed@2x.png */,
				892B982DBBF00613315B3680 /* crittercism-btn-thumbs-up-pressed.png */,
				892B982DBBF00613315B367E /* crittercism-btn-thumbs-up-default.png */,
				892B982DBBF00613315B367C /* crittercism-btn-thumbs-dn-voted.png */,
				892B982DBBF00613315B367A /* crittercism-btn-thumbs-dn-default.png */,
				892B982DBBF00613315B3678 /* crittercism-btn-submit.png */,
				892B982DBBF00613315B3676 /* crittercism-btn-close.png */,
				892B982DBBF00613315B3674 /* crittercism-btn-cancel.png */,
				892B982DBBF00613315B3672 /* crittercism-btn-add-comment.png */,
				892B982DBBF00613315B3670 /* crittercism-btn-add-comment-sel.png */,
				892B982DBBF00613315B366E /* crittercism-bg-reply-to.png */,
				892B982DBBF00613315B366C /* crittercism-bg-inactive-overlay.png */,
				892B982DBBF00613315B366A /* crittercism-bg-edit-form@2x~iphone.png */,
				892B982DBBF00613315B3668 /* crittercism-bg-edit-form.png */,
				892B982DBBF00613315B3666 /* crittercism-bg-categorize-as.png */,
				892B982DBBF00613315B3664 /* crittercism-bg-00.png */,
				892B982DBBF00613315B3662 /* crittercism-avatar-us.png */,
				892B982DBBF00613315B3660 /* crittercism-avatar-default.png */,
				892B982DBBF00613315B365E /* crittercism-arrow-right-no-border.png */,
				892B982DBBF00613315B365C /* crittercism-arrow-right-green-border.png */,
				892B982DBBF00613315B365A /* crittercism-arrow-r@2x.png */,
				892B982DBBF00613315B3658 /* crittercism-arrow-r.png */,
				892B982DBBF00613315B3656 /* crittercism-arrow-let-no-border.png */,
				892B982DBBF00613315B3654 /* crittercism-arrow-left.png */,
				892B982DBBF00613315B3652 /* crittercism-arrow-left-no-border.png */,
				892B982DBBF00613315B3650 /* crittercism-arrow-left-gray-border.png */,
				892B982DBBF00613315B364E /* crittercism-arrow-l@2x.png */,
				892B982DBBF00613315B364C /* crittercism-arrow-l.png */,
			);
			name = Images;
			sourceTree = "<group>";
		};
		892B982DBBF00613315B36CE /* Nibs */ = {
			isa = PBXGroup;
			children = (
				892B982DBBF00613315B36DD /* CrittercismViewController.xib */,
				892B982DBBF00613315B36DB /* CrittercismRootViewController.xib */,
				892B982DBBF00613315B36D9 /* CrittercismGridViewController.xib */,
				892B982DBBF00613315B36D7 /* CrittercismDescriptionViewController.xib */,
				892B982DBBF00613315B36D5 /* CrittercismCell.xib */,
				892B982DBBF00613315B36D3 /* CrittercismAddViewController.xib */,
				892B982DBBF00613315B36D1 /* CrittercismAddCommentViewController.xib */,
				892B982DBBF00613315B36CF /* CrittercismAboutViewController.xib */,
			);
			name = Nibs;
			sourceTree = "<group>";
		};
		892B982DBBF00613315B36E7 /* MGSplitViewController */ = {
			isa = PBXGroup;
			children = (
				892B982DBBF00613315B36EB /* MGSplitCornersView.h */,
				892B982DBBF00613315B36EC /* MGSplitCornersView.m */,
				892B982DBBF00613315B36EE /* MGSplitDividerView.h */,
				892B982DBBF00613315B36EF /* MGSplitDividerView.m */,
				892B982DBBF00613315B36F4 /* MGSplitViewController.h */,
				892B982DBBF00613315B36F5 /* MGSplitViewController.m */,
			);
			name = MGSplitViewController;
			sourceTree = "<group>";
		};
/* End PBXGroup section */

/* Begin PBXNativeTarget section */
		892B982DBBF00613315B35B5 /* TryFS */ = {
			isa = PBXNativeTarget;
			buildConfigurationList = 892B982DBBF00613315B35B6 /* Build configuration list for PBXNativeTarget "TryFS" */;
			buildPhases = (
				892B982DBBF00613315B35B9 /* Sources */,
				892B982DBBF00613315B35BA /* Frameworks */,
				892B982DBBF00613315B35BB /* Resources */,
			);
			buildRules = (
			);
			dependencies = (
			);
			name = TryFS;
			productName = TryFS;
			productReference = 892B982DBBF00613315B35B4 /* TryFS.app */;
			productType = "com.apple.product-type.application";
		};
/* End PBXNativeTarget section */

/* Begin PBXProject section */
		892B982DBBF00613315B35AE /* Project object */ = {
			isa = PBXProject;
			attributes = {
				LastUpgradeCheck = 0430;
			};
			buildConfigurationList = 892B982DBBF00613315B35AF /* Build configuration list for PBXProject "TryFS" */;
			compatibilityVersion = "Xcode 3.2";
			developmentRegion = English;
			hasScannedForEncodings = 0;
			knownRegions = (
				en,
			);
			mainGroup = 892B982DBBF00613315B35B0;
			productRefGroup = 892B982DBBF00613315B35B1 /* Products */;
			projectDirPath = "";
			projectReferences = (
				{
					ProductGroup = 892B982DBBF00613315B35EF /* Products */;
					ProjectRef = 892B982DBBF00613315B35EE /* CouchCocoa.xcodeproj */;
				},
				{
					ProductGroup = 892B982DBBF00613315B3605 /* Products */;
					ProjectRef = 892B982DBBF00613315B3604 /* QuickDialog.xcodeproj */;
				},
			);
			projectRoot = "";
			targets = (
				892B982DBBF00613315B35B5 /* TryFS */,
			);
		};
/* End PBXProject section */

/* Begin PBXReferenceProxy section */
		892B982DBBF00613315B35F1 /* CouchCocoa.framework */ = {
			isa = PBXReferenceProxy;
			fileType = wrapper.framework;
			path = CouchCocoa.framework;
			remoteRef = 892B982DBBF00613315B35F0 /* PBXContainerItemProxy */;
			sourceTree = BUILT_PRODUCTS_DIR;
		};
		892B982DBBF00613315B35F3 /* Mac Tests.octest */ = {
			isa = PBXReferenceProxy;
			fileType = wrapper.cfbundle;
			path = "Mac Tests.octest";
			remoteRef = 892B982DBBF00613315B35F2 /* PBXContainerItemProxy */;
			sourceTree = BUILT_PRODUCTS_DIR;
		};
		892B982DBBF00613315B35F5 /* Addresses.app */ = {
			isa = PBXReferenceProxy;
			fileType = wrapper.application;
			path = Addresses.app;
			remoteRef = 892B982DBBF00613315B35F4 /* PBXContainerItemProxy */;
			sourceTree = BUILT_PRODUCTS_DIR;
		};
		892B982DBBF00613315B35F7 /* Shopping.app */ = {
			isa = PBXReferenceProxy;
			fileType = wrapper.application;
			path = Shopping.app;
			remoteRef = 892B982DBBF00613315B35F6 /* PBXContainerItemProxy */;
			sourceTree = BUILT_PRODUCTS_DIR;
		};
		892B982DBBF00613315B35F9 /* CouchCocoa.framework */ = {
			isa = PBXReferenceProxy;
			fileType = wrapper.cfbundle;
			path = CouchCocoa.framework;
			remoteRef = 892B982DBBF00613315B35F8 /* PBXContainerItemProxy */;
			sourceTree = BUILT_PRODUCTS_DIR;
		};
		892B982DBBF00613315B35FB /* libCouchCocoa.a */ = {
			isa = PBXReferenceProxy;
			fileType = archive.ar;
			path = libCouchCocoa.a;
			remoteRef = 892B982DBBF00613315B35FA /* PBXContainerItemProxy */;
			sourceTree = BUILT_PRODUCTS_DIR;
		};
		892B982DBBF00613315B35FD /* iOS Tests.octest */ = {
			isa = PBXReferenceProxy;
			fileType = wrapper.cfbundle;
			path = "iOS Tests.octest";
			remoteRef = 892B982DBBF00613315B35FC /* PBXContainerItemProxy */;
			sourceTree = BUILT_PRODUCTS_DIR;
		};
		892B982DBBF00613315B3607 /* QuickDialogExample.app */ = {
			isa = PBXReferenceProxy;
			fileType = wrapper.application;
			path = QuickDialogExample.app;
			remoteRef = 892B982DBBF00613315B3606 /* PBXContainerItemProxy */;
			sourceTree = BUILT_PRODUCTS_DIR;
		};
		892B982DBBF00613315B3609 /* libQuickDialog.a */ = {
			isa = PBXReferenceProxy;
			fileType = archive.ar;
			path = libQuickDialog.a;
			remoteRef = 892B982DBBF00613315B3608 /* PBXContainerItemProxy */;
			sourceTree = BUILT_PRODUCTS_DIR;
		};
/* End PBXReferenceProxy section */

/* Begin PBXResourcesBuildPhase section */
		892B982DBBF00613315B35BB /* Resources */ = {
			isa = PBXResourcesBuildPhase;
			buildActionMask = 2147483647;
			files = (
				892B982DBBF00613315B35C8 /* InfoPlist.strings in Resources */,
				892B982DBBF00613315B35D5 /* SnippetListViewController.xib in Resources */,
				892B982DBBF00613315B35DE /* EditViewController.xib in Resources */,
				892B982DBBF00613315B35E3 /* ReplViewController.xib in Resources */,
				22D02865152CB53B00FB04D0 /* Icon.png in Resources */,
				22D02867152CB53E00FB04D0 /* Icon@2x.png in Resources */,
				22D02869152CB54A00FB04D0 /* Icon-72.png in Resources */,
				22D0286B152CB54D00FB04D0 /* Icon-72@2x.png in Resources */,
				22D02880152CCF0F00FB04D0 /* Default.png in Resources */,
				22D02882152CCF1400FB04D0 /* Default@2x.png in Resources */,
				22D02884152CCF1F00FB04D0 /* Default-Portrait~ipad.png in Resources */,
				22D02886152CCF2100FB04D0 /* Default-Portrait@2x~ipad.png in Resources */,
				22D02888152CCF2600FB04D0 /* Default-Landscape~ipad.png in Resources */,
				22D0288A152CCF2700FB04D0 /* Default-Landscape@2x~ipad.png in Resources */,
				892B982DBBF00613315B360B /* couchdb.png in Resources */,
				892B982DBBF00613315B3613 /* couchdb@2x.png in Resources */,
				892B982DBBF00613315B3619 /* twitter.png in Resources */,
				892B982DBBF00613315B361B /* twitter@2x.png in Resources */,
				892B982DBBF00613315B361D /* github.png in Resources */,
				892B982DBBF00613315B361F /* github@2x.png in Resources */,
				892B982DBBF00613315B3621 /* mail.png in Resources */,
				892B982DBBF00613315B3623 /* mail@2x.png in Resources */,
				892B982DBBF00613315B364D /* crittercism-arrow-l.png in Resources */,
				892B982DBBF00613315B364F /* crittercism-arrow-l@2x.png in Resources */,
				892B982DBBF00613315B3651 /* crittercism-arrow-left-gray-border.png in Resources */,
				892B982DBBF00613315B3653 /* crittercism-arrow-left-no-border.png in Resources */,
				892B982DBBF00613315B3655 /* crittercism-arrow-left.png in Resources */,
				892B982DBBF00613315B3657 /* crittercism-arrow-let-no-border.png in Resources */,
				892B982DBBF00613315B3659 /* crittercism-arrow-r.png in Resources */,
				892B982DBBF00613315B365B /* crittercism-arrow-r@2x.png in Resources */,
				892B982DBBF00613315B365D /* crittercism-arrow-right-green-border.png in Resources */,
				892B982DBBF00613315B365F /* crittercism-arrow-right-no-border.png in Resources */,
				892B982DBBF00613315B3661 /* crittercism-avatar-default.png in Resources */,
				892B982DBBF00613315B3663 /* crittercism-avatar-us.png in Resources */,
				892B982DBBF00613315B3665 /* crittercism-bg-00.png in Resources */,
				892B982DBBF00613315B3667 /* crittercism-bg-categorize-as.png in Resources */,
				892B982DBBF00613315B3669 /* crittercism-bg-edit-form.png in Resources */,
				892B982DBBF00613315B366B /* crittercism-bg-edit-form@2x~iphone.png in Resources */,
				892B982DBBF00613315B366D /* crittercism-bg-inactive-overlay.png in Resources */,
				892B982DBBF00613315B366F /* crittercism-bg-reply-to.png in Resources */,
				892B982DBBF00613315B3671 /* crittercism-btn-add-comment-sel.png in Resources */,
				892B982DBBF00613315B3673 /* crittercism-btn-add-comment.png in Resources */,
				892B982DBBF00613315B3675 /* crittercism-btn-cancel.png in Resources */,
				892B982DBBF00613315B3677 /* crittercism-btn-close.png in Resources */,
				892B982DBBF00613315B3679 /* crittercism-btn-submit.png in Resources */,
				892B982DBBF00613315B367B /* crittercism-btn-thumbs-dn-default.png in Resources */,
				892B982DBBF00613315B367D /* crittercism-btn-thumbs-dn-voted.png in Resources */,
				892B982DBBF00613315B367F /* crittercism-btn-thumbs-up-default.png in Resources */,
				892B982DBBF00613315B3681 /* crittercism-btn-thumbs-up-pressed.png in Resources */,
				892B982DBBF00613315B3683 /* crittercism-btn-thumbs-up-pressed@2x.png in Resources */,
				892B982DBBF00613315B3685 /* crittercism-btn-thumbs-up-voted.png in Resources */,
				892B982DBBF00613315B3687 /* crittercism-btn-thumbs-up.png in Resources */,
				892B982DBBF00613315B3689 /* crittercism-btn-thumbs-up@2x.png in Resources */,
				892B982DBBF00613315B368B /* crittercism-bug.png in Resources */,
				892B982DBBF00613315B368D /* crittercism-checkbox-checked.png in Resources */,
				892B982DBBF00613315B368F /* crittercism-checkbox-unchecked.png in Resources */,
				892B982DBBF00613315B3691 /* crittercism-dev-profile-halfsize.png in Resources */,
				892B982DBBF00613315B3693 /* crittercism-dev-profile-halfsize@2x.png in Resources */,
				892B982DBBF00613315B3695 /* crittercism-feedback-forum-bg-gradient.png in Resources */,
				892B982DBBF00613315B3697 /* crittercism-gray.png in Resources */,
				892B982DBBF00613315B3699 /* crittercism-green.png in Resources */,
				892B982DBBF00613315B369B /* crittercism-hamster-ftw.png in Resources */,
				892B982DBBF00613315B369D /* crittercism-hamster-twitter.png in Resources */,
				892B982DBBF00613315B369F /* crittercism-hamster.png in Resources */,
				892B982DBBF00613315B36A1 /* crittercism-icon-cat-idea.png in Resources */,
				892B982DBBF00613315B36A3 /* crittercism-icon-cat-idea@2x.png in Resources */,
				892B982DBBF00613315B36A5 /* crittercism-icon-cat-love.png in Resources */,
				892B982DBBF00613315B36A7 /* crittercism-icon-cat-love@2x.png in Resources */,
				892B982DBBF00613315B36A9 /* crittercism-icon-cat-problem.png in Resources */,
				892B982DBBF00613315B36AB /* crittercism-icon-cat-problem@2x.png in Resources */,
				892B982DBBF00613315B36AD /* crittercism-icon-cat-question.png in Resources */,
				892B982DBBF00613315B36AF /* crittercism-icon-cat-question@2x.png in Resources */,
				892B982DBBF00613315B36B1 /* crittercism-icon-tab-01.png in Resources */,
				892B982DBBF00613315B36B3 /* crittercism-idea.png in Resources */,
				892B982DBBF00613315B36B5 /* crittercism-love.png in Resources */,
				892B982DBBF00613315B36B7 /* crittercism-other.png in Resources */,
				892B982DBBF00613315B36B9 /* crittercism-question.png in Resources */,
				892B982DBBF00613315B36BB /* crittercism-tab-icon@1x~iphone.png in Resources */,
				892B982DBBF00613315B36BD /* crittercism-tab-icon@2x~ipad.png in Resources */,
				892B982DBBF00613315B36BF /* crittercism-title-bar.png in Resources */,
				892B982DBBF00613315B36C1 /* crittercism-user-arrow-l.png in Resources */,
				892B982DBBF00613315B36C3 /* crittercism-user-arrow-l@2x.png in Resources */,
				892B982DBBF00613315B36C5 /* crittercism-user-profile-halfsize.png in Resources */,
				892B982DBBF00613315B36C7 /* crittercism-user-profile.png in Resources */,
				892B982DBBF00613315B36C9 /* crittercism-user-profile@2x.png in Resources */,
				892B982DBBF00613315B36CB /* crittercism-votesLeftButton.png in Resources */,
				892B982DBBF00613315B36CD /* crittercism_icon.png in Resources */,
				892B982DBBF00613315B36D0 /* CrittercismAboutViewController.xib in Resources */,
				892B982DBBF00613315B36D2 /* CrittercismAddCommentViewController.xib in Resources */,
				892B982DBBF00613315B36D4 /* CrittercismAddViewController.xib in Resources */,
				892B982DBBF00613315B36D6 /* CrittercismCell.xib in Resources */,
				892B982DBBF00613315B36D8 /* CrittercismDescriptionViewController.xib in Resources */,
				892B982DBBF00613315B36DA /* CrittercismGridViewController.xib in Resources */,
				892B982DBBF00613315B36DC /* CrittercismRootViewController.xib in Resources */,
				892B982DBBF00613315B36DE /* CrittercismViewController.xib in Resources */,
				892B982DBBF00613315B3707 /* SnippetListViewModel.h in Resources */,
				892B982DBBF00613315B3709 /* author.png in Resources */,
				892B982DBBF00613315B370B /* author@2x.png in Resources */,
				892B982DBBF00613315B370D /* recent.png in Resources */,
				892B982DBBF00613315B370F /* recent@2x.png in Resources */,
			);
			runOnlyForDeploymentPostprocessing = 0;
		};
/* End PBXResourcesBuildPhase section */

/* Begin PBXSourcesBuildPhase section */
		892B982DBBF00613315B35B9 /* Sources */ = {
			isa = PBXSourcesBuildPhase;
			buildActionMask = 2147483647;
			files = (
				892B982DBBF00613315B35CA /* main.m in Sources */,
				892B982DBBF00613315B35CE /* AppDelegate.m in Sources */,
				892B982DBBF00613315B35D3 /* SnippetListViewController.m in Sources */,
				892B982DBBF00613315B35DC /* EditViewController.m in Sources */,
				892B982DBBF00613315B35E1 /* ReplViewController.m in Sources */,
				892B982DBBF00613315B35E5 /* Snippet.m in Sources */,
				892B982DBBF00613315B35FF /* KeyboardResizeMonitor.m in Sources */,
				892B982DBBF00613315B3602 /* Session.m in Sources */,
				892B982DBBF00613315B3628 /* InsetLabel.m in Sources */,
				892B982DBBF00613315B36ED /* MGSplitCornersView.m in Sources */,
				892B982DBBF00613315B36F0 /* MGSplitDividerView.m in Sources */,
				892B982DBBF00613315B36F6 /* MGSplitViewController.m in Sources */,
				892B982DBBF00613315B36F8 /* SnippetViewModel.m in Sources */,
				892B982DBBF00613315B36FB /* EditReplSplitViewController.m in Sources */,
				222856031557074A006D8A02 /* SnippetQuery.m in Sources */,
				892B982DBBF00613315B36FE /* SnippetFilterQuery.m in Sources */,
				892B982DBBF00613315B3701 /* SnippetDBQuery.m in Sources */,
				892B982DBBF00613315B3705 /* SnippetListViewModel.m in Sources */,
			);
			runOnlyForDeploymentPostprocessing = 0;
		};
/* End PBXSourcesBuildPhase section */

/* Begin PBXVariantGroup section */
		892B982DBBF00613315B35C7 /* InfoPlist.strings */ = {
			isa = PBXVariantGroup;
			children = (
				892B982DBBF00613315B35C6 /* en */,
			);
			name = InfoPlist.strings;
			sourceTree = "<group>";
		};
/* End PBXVariantGroup section */

/* Begin XCBuildConfiguration section */
		892B982DBBF00613315B35B2 /* Release */ = {
			isa = XCBuildConfiguration;
			buildSettings = {
				ALWAYS_SEARCH_USER_PATHS = NO;
				ARCHS = "$(ARCHS_STANDARD_32_BIT)";
				CODE_SIGN_IDENTITY = "iPhone Distribution";
				"CODE_SIGN_IDENTITY[sdk=iphoneos*]" = "iPhone Distribution";
				COPY_PHASE_STRIP = YES;
				GCC_C_LANGUAGE_STANDARD = gnu99;
				GCC_VERSION = com.apple.compilers.llvm.clang.1_0;
				GCC_WARN_ABOUT_RETURN_TYPE = YES;
				GCC_WARN_UNINITIALIZED_AUTOS = YES;
				GCC_WARN_UNUSED_VARIABLE = YES;
				IPHONEOS_DEPLOYMENT_TARGET = 5.0;
				OTHER_CFLAGS = "-DNS_BLOCK_ASSERTIONS=1";
				PROVISIONING_PROFILE = "";
				"PROVISIONING_PROFILE[sdk=iphoneos*]" = "";
				SDKROOT = iphoneos;
				TARGETED_DEVICE_FAMILY = "1,2";
				VALIDATE_PRODUCT = YES;
			};
			name = Release;
		};
		892B982DBBF00613315B35B3 /* Debug */ = {
			isa = XCBuildConfiguration;
			buildSettings = {
				ALWAYS_SEARCH_USER_PATHS = NO;
				ARCHS = "$(ARCHS_STANDARD_32_BIT)";
				"CODE_SIGN_IDENTITY[sdk=iphoneos*]" = "iPhone Developer";
				COPY_PHASE_STRIP = NO;
				GCC_C_LANGUAGE_STANDARD = gnu99;
				GCC_DYNAMIC_NO_PIC = NO;
				GCC_OPTIMIZATION_LEVEL = 0;
				GCC_PREPROCESSOR_DEFINITIONS = (
					"DEBUG=1",
					"$(inherited)",
				);
				GCC_SYMBOLS_PRIVATE_EXTERN = NO;
				GCC_VERSION = com.apple.compilers.llvm.clang.1_0;
				GCC_WARN_ABOUT_RETURN_TYPE = YES;
				GCC_WARN_UNINITIALIZED_AUTOS = YES;
				GCC_WARN_UNUSED_VARIABLE = YES;
				IPHONEOS_DEPLOYMENT_TARGET = 5.0;
				SDKROOT = iphoneos;
				TARGETED_DEVICE_FAMILY = "1,2";
			};
			name = Debug;
		};
		892B982DBBF00613315B35B7 /* Release */ = {
			isa = XCBuildConfiguration;
			buildSettings = {
				FRAMEWORK_SEARCH_PATHS = "\"${PROJECT_DIR}/**";
				GCC_PRECOMPILE_PREFIX_HEADER = YES;
				GCC_PREFIX_HEADER = "TryFS/TryFS-Prefix.pch";
				INFOPLIST_FILE = "TryFS/TryFS-Info.plist";
				LIBRARY_SEARCH_PATHS = "\"${PROJECT_DIR}/CrittercismSDK/**";
				PRODUCT_NAME = "$(TARGET_NAME)";
				USER_HEADER_SEARCH_PATHS = "\"${PROJECT_DIR}/CouchCocoa\"/** \"${PROJECT_DIR}/QuickDialog\"/** \"${PROJECT_DIR}/MGSplitViewController/**";
				WRAPPER_EXTENSION = app;
			};
			name = Release;
		};
		892B982DBBF00613315B35B8 /* Debug */ = {
			isa = XCBuildConfiguration;
			buildSettings = {
				FRAMEWORK_SEARCH_PATHS = "\"${PROJECT_DIR}/**";
				GCC_PRECOMPILE_PREFIX_HEADER = YES;
				GCC_PREFIX_HEADER = "TryFS/TryFS-Prefix.pch";
				INFOPLIST_FILE = "TryFS/TryFS-Info.plist";
				LIBRARY_SEARCH_PATHS = "\"${PROJECT_DIR}/CrittercismSDK/**";
				PRODUCT_NAME = "$(TARGET_NAME)";
				USER_HEADER_SEARCH_PATHS = "\"${PROJECT_DIR}/CouchCocoa\"/** \"${PROJECT_DIR}/QuickDialog\"/** \"${PROJECT_DIR}/MGSplitViewController/**";
				WRAPPER_EXTENSION = app;
			};
			name = Debug;
		};
/* End XCBuildConfiguration section */

/* Begin XCConfigurationList section */
		892B982DBBF00613315B35AF /* Build configuration list for PBXProject "TryFS" */ = {
			isa = XCConfigurationList;
			buildConfigurations = (
				892B982DBBF00613315B35B2 /* Release */,
				892B982DBBF00613315B35B3 /* Debug */,
			);
			defaultConfigurationIsVisible = 0;
			defaultConfigurationName = Release;
		};
		892B982DBBF00613315B35B6 /* Build configuration list for PBXNativeTarget "TryFS" */ = {
			isa = XCConfigurationList;
			buildConfigurations = (
				892B982DBBF00613315B35B7 /* Release */,
				892B982DBBF00613315B35B8 /* Debug */,
			);
			defaultConfigurationIsVisible = 0;
			defaultConfigurationName = Release;
		};
/* End XCConfigurationList section */
	};
	rootObject = 892B982DBBF00613315B35AE /* Project object */;
}
