// !$*UTF8*$!
{
	archiveVersion = 1;
	classes = {
	};
	objectVersion = 46;
	objects = {

/* Begin PBXBuildFile section */
		2205F9C1160F352700422E41 /* Default-568h@2x.png in Resources */ = {isa = PBXBuildFile; fileRef = 2205F9C0160F352700422E41 /* Default-568h@2x.png */; };
		2205F9C7160F435200422E41 /* libCrittercism_v3_3_4.a in Frameworks */ = {isa = PBXBuildFile; fileRef = 2205F9C6160F435200422E41 /* libCrittercism_v3_3_4.a */; };
		2205F9D7160F4A0600422E41 /* libCouchCocoa.a in Frameworks */ = {isa = PBXBuildFile; fileRef = 892B982DBBF00613315B35FB /* libCouchCocoa.a */; };
		222856031557074A006D8A02 /* SnippetQuery.m in Sources */ = {isa = PBXBuildFile; fileRef = 222856021557074A006D8A02 /* SnippetQuery.m */; };
		227B1440160F4D8C0071F9AF /* libCrittercism_v3_3_4.a in Frameworks */ = {isa = PBXBuildFile; fileRef = 227B13DA160F4D8C0071F9AF /* libCrittercism_v3_3_4.a */; };
		227B1441160F4D8C0071F9AF /* crittercism-arrow-l.png in Resources */ = {isa = PBXBuildFile; fileRef = 227B13F6160F4D8C0071F9AF /* crittercism-arrow-l.png */; };
		227B1442160F4D8C0071F9AF /* crittercism-arrow-l@2x.png in Resources */ = {isa = PBXBuildFile; fileRef = 227B13F7160F4D8C0071F9AF /* crittercism-arrow-l@2x.png */; };
		227B1443160F4D8C0071F9AF /* crittercism-arrow-left-gray-border.png in Resources */ = {isa = PBXBuildFile; fileRef = 227B13F8160F4D8C0071F9AF /* crittercism-arrow-left-gray-border.png */; };
		227B1444160F4D8C0071F9AF /* crittercism-arrow-left-no-border.png in Resources */ = {isa = PBXBuildFile; fileRef = 227B13F9160F4D8C0071F9AF /* crittercism-arrow-left-no-border.png */; };
		227B1445160F4D8C0071F9AF /* crittercism-arrow-left.png in Resources */ = {isa = PBXBuildFile; fileRef = 227B13FA160F4D8C0071F9AF /* crittercism-arrow-left.png */; };
		227B1446160F4D8C0071F9AF /* crittercism-arrow-let-no-border.png in Resources */ = {isa = PBXBuildFile; fileRef = 227B13FB160F4D8C0071F9AF /* crittercism-arrow-let-no-border.png */; };
		227B1447160F4D8C0071F9AF /* crittercism-arrow-r.png in Resources */ = {isa = PBXBuildFile; fileRef = 227B13FC160F4D8C0071F9AF /* crittercism-arrow-r.png */; };
		227B1448160F4D8C0071F9AF /* crittercism-arrow-r@2x.png in Resources */ = {isa = PBXBuildFile; fileRef = 227B13FD160F4D8C0071F9AF /* crittercism-arrow-r@2x.png */; };
		227B1449160F4D8C0071F9AF /* crittercism-arrow-right-green-border.png in Resources */ = {isa = PBXBuildFile; fileRef = 227B13FE160F4D8C0071F9AF /* crittercism-arrow-right-green-border.png */; };
		227B144A160F4D8C0071F9AF /* crittercism-arrow-right-no-border.png in Resources */ = {isa = PBXBuildFile; fileRef = 227B13FF160F4D8C0071F9AF /* crittercism-arrow-right-no-border.png */; };
		227B144B160F4D8C0071F9AF /* crittercism-avatar-default.png in Resources */ = {isa = PBXBuildFile; fileRef = 227B1400160F4D8C0071F9AF /* crittercism-avatar-default.png */; };
		227B144C160F4D8C0071F9AF /* crittercism-avatar-us.png in Resources */ = {isa = PBXBuildFile; fileRef = 227B1401160F4D8C0071F9AF /* crittercism-avatar-us.png */; };
		227B144D160F4D8C0071F9AF /* crittercism-bg-00.png in Resources */ = {isa = PBXBuildFile; fileRef = 227B1402160F4D8C0071F9AF /* crittercism-bg-00.png */; };
		227B144E160F4D8C0071F9AF /* crittercism-bg-categorize-as.png in Resources */ = {isa = PBXBuildFile; fileRef = 227B1403160F4D8C0071F9AF /* crittercism-bg-categorize-as.png */; };
		227B144F160F4D8C0071F9AF /* crittercism-bg-edit-form.png in Resources */ = {isa = PBXBuildFile; fileRef = 227B1404160F4D8C0071F9AF /* crittercism-bg-edit-form.png */; };
		227B1450160F4D8C0071F9AF /* crittercism-bg-edit-form@2x~iphone.png in Resources */ = {isa = PBXBuildFile; fileRef = 227B1405160F4D8C0071F9AF /* crittercism-bg-edit-form@2x~iphone.png */; };
		227B1451160F4D8C0071F9AF /* crittercism-bg-inactive-overlay.png in Resources */ = {isa = PBXBuildFile; fileRef = 227B1406160F4D8C0071F9AF /* crittercism-bg-inactive-overlay.png */; };
		227B1452160F4D8C0071F9AF /* crittercism-bg-reply-to.png in Resources */ = {isa = PBXBuildFile; fileRef = 227B1407160F4D8C0071F9AF /* crittercism-bg-reply-to.png */; };
		227B1453160F4D8C0071F9AF /* crittercism-btn-add-comment-sel.png in Resources */ = {isa = PBXBuildFile; fileRef = 227B1408160F4D8C0071F9AF /* crittercism-btn-add-comment-sel.png */; };
		227B1454160F4D8C0071F9AF /* crittercism-btn-add-comment.png in Resources */ = {isa = PBXBuildFile; fileRef = 227B1409160F4D8C0071F9AF /* crittercism-btn-add-comment.png */; };
		227B1455160F4D8C0071F9AF /* crittercism-btn-cancel.png in Resources */ = {isa = PBXBuildFile; fileRef = 227B140A160F4D8C0071F9AF /* crittercism-btn-cancel.png */; };
		227B1456160F4D8C0071F9AF /* crittercism-btn-close.png in Resources */ = {isa = PBXBuildFile; fileRef = 227B140B160F4D8C0071F9AF /* crittercism-btn-close.png */; };
		227B1457160F4D8C0071F9AF /* crittercism-btn-submit.png in Resources */ = {isa = PBXBuildFile; fileRef = 227B140C160F4D8C0071F9AF /* crittercism-btn-submit.png */; };
		227B1458160F4D8C0071F9AF /* crittercism-btn-thumbs-dn-default.png in Resources */ = {isa = PBXBuildFile; fileRef = 227B140D160F4D8C0071F9AF /* crittercism-btn-thumbs-dn-default.png */; };
		227B1459160F4D8C0071F9AF /* crittercism-btn-thumbs-dn-voted.png in Resources */ = {isa = PBXBuildFile; fileRef = 227B140E160F4D8C0071F9AF /* crittercism-btn-thumbs-dn-voted.png */; };
		227B145A160F4D8C0071F9AF /* crittercism-btn-thumbs-up-default.png in Resources */ = {isa = PBXBuildFile; fileRef = 227B140F160F4D8C0071F9AF /* crittercism-btn-thumbs-up-default.png */; };
		227B145B160F4D8C0071F9AF /* crittercism-btn-thumbs-up-pressed.png in Resources */ = {isa = PBXBuildFile; fileRef = 227B1410160F4D8C0071F9AF /* crittercism-btn-thumbs-up-pressed.png */; };
		227B145C160F4D8C0071F9AF /* crittercism-btn-thumbs-up-pressed@2x.png in Resources */ = {isa = PBXBuildFile; fileRef = 227B1411160F4D8C0071F9AF /* crittercism-btn-thumbs-up-pressed@2x.png */; };
		227B145D160F4D8C0071F9AF /* crittercism-btn-thumbs-up-voted.png in Resources */ = {isa = PBXBuildFile; fileRef = 227B1412160F4D8C0071F9AF /* crittercism-btn-thumbs-up-voted.png */; };
		227B145E160F4D8C0071F9AF /* crittercism-btn-thumbs-up.png in Resources */ = {isa = PBXBuildFile; fileRef = 227B1413160F4D8C0071F9AF /* crittercism-btn-thumbs-up.png */; };
		227B145F160F4D8C0071F9AF /* crittercism-btn-thumbs-up@2x.png in Resources */ = {isa = PBXBuildFile; fileRef = 227B1414160F4D8C0071F9AF /* crittercism-btn-thumbs-up@2x.png */; };
		227B1460160F4D8C0071F9AF /* crittercism-bug.png in Resources */ = {isa = PBXBuildFile; fileRef = 227B1415160F4D8C0071F9AF /* crittercism-bug.png */; };
		227B1461160F4D8C0071F9AF /* crittercism-checkbox-checked.png in Resources */ = {isa = PBXBuildFile; fileRef = 227B1416160F4D8C0071F9AF /* crittercism-checkbox-checked.png */; };
		227B1462160F4D8C0071F9AF /* crittercism-checkbox-unchecked.png in Resources */ = {isa = PBXBuildFile; fileRef = 227B1417160F4D8C0071F9AF /* crittercism-checkbox-unchecked.png */; };
		227B1463160F4D8C0071F9AF /* crittercism-dev-profile-halfsize.png in Resources */ = {isa = PBXBuildFile; fileRef = 227B1418160F4D8C0071F9AF /* crittercism-dev-profile-halfsize.png */; };
		227B1464160F4D8C0071F9AF /* crittercism-dev-profile-halfsize@2x.png in Resources */ = {isa = PBXBuildFile; fileRef = 227B1419160F4D8C0071F9AF /* crittercism-dev-profile-halfsize@2x.png */; };
		227B1465160F4D8C0071F9AF /* crittercism-feedback-forum-bg-gradient.png in Resources */ = {isa = PBXBuildFile; fileRef = 227B141A160F4D8C0071F9AF /* crittercism-feedback-forum-bg-gradient.png */; };
		227B1466160F4D8C0071F9AF /* crittercism-gray.png in Resources */ = {isa = PBXBuildFile; fileRef = 227B141B160F4D8C0071F9AF /* crittercism-gray.png */; };
		227B1467160F4D8C0071F9AF /* crittercism-green.png in Resources */ = {isa = PBXBuildFile; fileRef = 227B141C160F4D8C0071F9AF /* crittercism-green.png */; };
		227B1468160F4D8C0071F9AF /* crittercism-hamster-ftw.png in Resources */ = {isa = PBXBuildFile; fileRef = 227B141D160F4D8C0071F9AF /* crittercism-hamster-ftw.png */; };
		227B1469160F4D8C0071F9AF /* crittercism-hamster-twitter.png in Resources */ = {isa = PBXBuildFile; fileRef = 227B141E160F4D8C0071F9AF /* crittercism-hamster-twitter.png */; };
		227B146A160F4D8C0071F9AF /* crittercism-hamster.png in Resources */ = {isa = PBXBuildFile; fileRef = 227B141F160F4D8C0071F9AF /* crittercism-hamster.png */; };
		227B146B160F4D8C0071F9AF /* crittercism-icon-cat-idea.png in Resources */ = {isa = PBXBuildFile; fileRef = 227B1420160F4D8C0071F9AF /* crittercism-icon-cat-idea.png */; };
		227B146C160F4D8C0071F9AF /* crittercism-icon-cat-idea@2x.png in Resources */ = {isa = PBXBuildFile; fileRef = 227B1421160F4D8C0071F9AF /* crittercism-icon-cat-idea@2x.png */; };
		227B146D160F4D8C0071F9AF /* crittercism-icon-cat-love.png in Resources */ = {isa = PBXBuildFile; fileRef = 227B1422160F4D8C0071F9AF /* crittercism-icon-cat-love.png */; };
		227B146E160F4D8C0071F9AF /* crittercism-icon-cat-love@2x.png in Resources */ = {isa = PBXBuildFile; fileRef = 227B1423160F4D8C0071F9AF /* crittercism-icon-cat-love@2x.png */; };
		227B146F160F4D8C0071F9AF /* crittercism-icon-cat-problem.png in Resources */ = {isa = PBXBuildFile; fileRef = 227B1424160F4D8C0071F9AF /* crittercism-icon-cat-problem.png */; };
		227B1470160F4D8C0071F9AF /* crittercism-icon-cat-problem@2x.png in Resources */ = {isa = PBXBuildFile; fileRef = 227B1425160F4D8C0071F9AF /* crittercism-icon-cat-problem@2x.png */; };
		227B1471160F4D8C0071F9AF /* crittercism-icon-cat-question.png in Resources */ = {isa = PBXBuildFile; fileRef = 227B1426160F4D8C0071F9AF /* crittercism-icon-cat-question.png */; };
		227B1472160F4D8C0071F9AF /* crittercism-icon-cat-question@2x.png in Resources */ = {isa = PBXBuildFile; fileRef = 227B1427160F4D8C0071F9AF /* crittercism-icon-cat-question@2x.png */; };
		227B1473160F4D8C0071F9AF /* crittercism-icon-tab-01.png in Resources */ = {isa = PBXBuildFile; fileRef = 227B1428160F4D8C0071F9AF /* crittercism-icon-tab-01.png */; };
		227B1474160F4D8C0071F9AF /* crittercism-idea.png in Resources */ = {isa = PBXBuildFile; fileRef = 227B1429160F4D8C0071F9AF /* crittercism-idea.png */; };
		227B1475160F4D8C0071F9AF /* crittercism-love.png in Resources */ = {isa = PBXBuildFile; fileRef = 227B142A160F4D8C0071F9AF /* crittercism-love.png */; };
		227B1476160F4D8C0071F9AF /* crittercism-other.png in Resources */ = {isa = PBXBuildFile; fileRef = 227B142B160F4D8C0071F9AF /* crittercism-other.png */; };
		227B1477160F4D8C0071F9AF /* crittercism-question.png in Resources */ = {isa = PBXBuildFile; fileRef = 227B142C160F4D8C0071F9AF /* crittercism-question.png */; };
		227B1478160F4D8C0071F9AF /* crittercism-tab-icon@1x~iphone.png in Resources */ = {isa = PBXBuildFile; fileRef = 227B142D160F4D8C0071F9AF /* crittercism-tab-icon@1x~iphone.png */; };
		227B1479160F4D8C0071F9AF /* crittercism-tab-icon@2x~ipad.png in Resources */ = {isa = PBXBuildFile; fileRef = 227B142E160F4D8C0071F9AF /* crittercism-tab-icon@2x~ipad.png */; };
		227B147A160F4D8C0071F9AF /* crittercism-title-bar.png in Resources */ = {isa = PBXBuildFile; fileRef = 227B142F160F4D8C0071F9AF /* crittercism-title-bar.png */; };
		227B147B160F4D8C0071F9AF /* crittercism-user-arrow-l.png in Resources */ = {isa = PBXBuildFile; fileRef = 227B1430160F4D8C0071F9AF /* crittercism-user-arrow-l.png */; };
		227B147C160F4D8C0071F9AF /* crittercism-user-arrow-l@2x.png in Resources */ = {isa = PBXBuildFile; fileRef = 227B1431160F4D8C0071F9AF /* crittercism-user-arrow-l@2x.png */; };
		227B147D160F4D8C0071F9AF /* crittercism-user-profile-halfsize.png in Resources */ = {isa = PBXBuildFile; fileRef = 227B1432160F4D8C0071F9AF /* crittercism-user-profile-halfsize.png */; };
		227B147E160F4D8C0071F9AF /* crittercism-user-profile.png in Resources */ = {isa = PBXBuildFile; fileRef = 227B1433160F4D8C0071F9AF /* crittercism-user-profile.png */; };
		227B147F160F4D8C0071F9AF /* crittercism-user-profile@2x.png in Resources */ = {isa = PBXBuildFile; fileRef = 227B1434160F4D8C0071F9AF /* crittercism-user-profile@2x.png */; };
		227B1480160F4D8C0071F9AF /* crittercism-votesLeftButton.png in Resources */ = {isa = PBXBuildFile; fileRef = 227B1435160F4D8C0071F9AF /* crittercism-votesLeftButton.png */; };
		227B1481160F4D8C0071F9AF /* crittercism_icon.png in Resources */ = {isa = PBXBuildFile; fileRef = 227B1436160F4D8C0071F9AF /* crittercism_icon.png */; };
		227B1482160F4D8C0071F9AF /* CrittercismAboutViewController.xib in Resources */ = {isa = PBXBuildFile; fileRef = 227B1438160F4D8C0071F9AF /* CrittercismAboutViewController.xib */; };
		227B1483160F4D8C0071F9AF /* CrittercismAddCommentViewController.xib in Resources */ = {isa = PBXBuildFile; fileRef = 227B1439160F4D8C0071F9AF /* CrittercismAddCommentViewController.xib */; };
		227B1484160F4D8C0071F9AF /* CrittercismAddViewController.xib in Resources */ = {isa = PBXBuildFile; fileRef = 227B143A160F4D8C0071F9AF /* CrittercismAddViewController.xib */; };
		227B1485160F4D8C0071F9AF /* CrittercismCell.xib in Resources */ = {isa = PBXBuildFile; fileRef = 227B143B160F4D8C0071F9AF /* CrittercismCell.xib */; };
		227B1486160F4D8C0071F9AF /* CrittercismDescriptionViewController.xib in Resources */ = {isa = PBXBuildFile; fileRef = 227B143C160F4D8C0071F9AF /* CrittercismDescriptionViewController.xib */; };
		227B1487160F4D8C0071F9AF /* CrittercismGridViewController.xib in Resources */ = {isa = PBXBuildFile; fileRef = 227B143D160F4D8C0071F9AF /* CrittercismGridViewController.xib */; };
		227B1488160F4D8C0071F9AF /* CrittercismRootViewController.xib in Resources */ = {isa = PBXBuildFile; fileRef = 227B143E160F4D8C0071F9AF /* CrittercismRootViewController.xib */; };
		227B1489160F4D8C0071F9AF /* CrittercismViewController.xib in Resources */ = {isa = PBXBuildFile; fileRef = 227B143F160F4D8C0071F9AF /* CrittercismViewController.xib */; };
		22D02865152CB53B00FB04D0 /* Icon.png in Resources */ = {isa = PBXBuildFile; fileRef = 22D02864152CB53B00FB04D0 /* Icon.png */; };
		22D02867152CB53E00FB04D0 /* Icon@2x.png in Resources */ = {isa = PBXBuildFile; fileRef = 22D02866152CB53E00FB04D0 /* Icon@2x.png */; };
		22D02869152CB54A00FB04D0 /* Icon-72.png in Resources */ = {isa = PBXBuildFile; fileRef = 22D02868152CB54A00FB04D0 /* Icon-72.png */; };
		22D0286B152CB54D00FB04D0 /* Icon-72@2x.png in Resources */ = {isa = PBXBuildFile; fileRef = 22D0286A152CB54D00FB04D0 /* Icon-72@2x.png */; };
		22D02880152CCF0F00FB04D0 /* Default.png in Resources */ = {isa = PBXBuildFile; fileRef = 22D0287F152CCF0F00FB04D0 /* Default.png */; };
		22D02882152CCF1400FB04D0 /* Default@2x.png in Resources */ = {isa = PBXBuildFile; fileRef = 22D02881152CCF1400FB04D0 /* Default@2x.png */; };
		22D02884152CCF1F00FB04D0 /* Default-Portrait~ipad.png in Resources */ = {isa = PBXBuildFile; fileRef = 22D02883152CCF1F00FB04D0 /* Default-Portrait~ipad.png */; };
		22D02886152CCF2100FB04D0 /* Default-Portrait@2x~ipad.png in Resources */ = {isa = PBXBuildFile; fileRef = 22D02885152CCF2100FB04D0 /* Default-Portrait@2x~ipad.png */; };
		22D02888152CCF2600FB04D0 /* Default-Landscape~ipad.png in Resources */ = {isa = PBXBuildFile; fileRef = 22D02887152CCF2600FB04D0 /* Default-Landscape~ipad.png */; };
		22D0288A152CCF2700FB04D0 /* Default-Landscape@2x~ipad.png in Resources */ = {isa = PBXBuildFile; fileRef = 22D02889152CCF2700FB04D0 /* Default-Landscape@2x~ipad.png */; };
		22D028A5152EEF9700FB04D0 /* libQuickDialog.a in Frameworks */ = {isa = PBXBuildFile; fileRef = 892B982DBBF00613315B3609 /* libQuickDialog.a */; };
		892B982DBBF00613315B35BE /* UIKit.framework in Frameworks */ = {isa = PBXBuildFile; fileRef = 892B982DBBF00613315B35BD /* UIKit.framework */; };
		892B982DBBF00613315B35C0 /* Foundation.framework in Frameworks */ = {isa = PBXBuildFile; fileRef = 892B982DBBF00613315B35BF /* Foundation.framework */; };
		892B982DBBF00613315B35C2 /* CoreGraphics.framework in Frameworks */ = {isa = PBXBuildFile; fileRef = 892B982DBBF00613315B35C1 /* CoreGraphics.framework */; };
		892B982DBBF00613315B35C8 /* InfoPlist.strings in Resources */ = {isa = PBXBuildFile; fileRef = 892B982DBBF00613315B35C7 /* InfoPlist.strings */; };
		892B982DBBF00613315B35CA /* main.m in Sources */ = {isa = PBXBuildFile; fileRef = 892B982DBBF00613315B35C9 /* main.m */; };
		892B982DBBF00613315B35CE /* AppDelegate.m in Sources */ = {isa = PBXBuildFile; fileRef = 892B982DBBF00613315B35CD /* AppDelegate.m */; };
		892B982DBBF00613315B35D3 /* SnippetListViewController.m in Sources */ = {isa = PBXBuildFile; fileRef = 892B982DBBF00613315B35D2 /* SnippetListViewController.m */; };
		892B982DBBF00613315B35D5 /* SnippetListViewController.xib in Resources */ = {isa = PBXBuildFile; fileRef = 892B982DBBF00613315B35D4 /* SnippetListViewController.xib */; };
		892B982DBBF00613315B35DC /* EditViewController.m in Sources */ = {isa = PBXBuildFile; fileRef = 892B982DBBF00613315B35DB /* EditViewController.m */; };
		892B982DBBF00613315B35DE /* EditViewController.xib in Resources */ = {isa = PBXBuildFile; fileRef = 892B982DBBF00613315B35DD /* EditViewController.xib */; };
		892B982DBBF00613315B35E1 /* ReplViewController.m in Sources */ = {isa = PBXBuildFile; fileRef = 892B982DBBF00613315B35E0 /* ReplViewController.m */; };
		892B982DBBF00613315B35E3 /* ReplViewController.xib in Resources */ = {isa = PBXBuildFile; fileRef = 892B982DBBF00613315B35E2 /* ReplViewController.xib */; };
		892B982DBBF00613315B35E5 /* Snippet.m in Sources */ = {isa = PBXBuildFile; fileRef = 892B982DBBF00613315B35E4 /* Snippet.m */; };
		892B982DBBF00613315B35FF /* KeyboardResizeMonitor.m in Sources */ = {isa = PBXBuildFile; fileRef = 892B982DBBF00613315B35FE /* KeyboardResizeMonitor.m */; };
		892B982DBBF00613315B3602 /* Session.m in Sources */ = {isa = PBXBuildFile; fileRef = 892B982DBBF00613315B3601 /* Session.m */; };
		892B982DBBF00613315B360B /* couchdb.png in Resources */ = {isa = PBXBuildFile; fileRef = 892B982DBBF00613315B360A /* couchdb.png */; };
		892B982DBBF00613315B3613 /* couchdb@2x.png in Resources */ = {isa = PBXBuildFile; fileRef = 892B982DBBF00613315B3612 /* couchdb@2x.png */; };
		892B982DBBF00613315B3619 /* twitter.png in Resources */ = {isa = PBXBuildFile; fileRef = 892B982DBBF00613315B3618 /* twitter.png */; };
		892B982DBBF00613315B361B /* twitter@2x.png in Resources */ = {isa = PBXBuildFile; fileRef = 892B982DBBF00613315B361A /* twitter@2x.png */; };
		892B982DBBF00613315B361D /* github.png in Resources */ = {isa = PBXBuildFile; fileRef = 892B982DBBF00613315B361C /* github.png */; };
		892B982DBBF00613315B361F /* github@2x.png in Resources */ = {isa = PBXBuildFile; fileRef = 892B982DBBF00613315B361E /* github@2x.png */; };
		892B982DBBF00613315B3621 /* mail.png in Resources */ = {isa = PBXBuildFile; fileRef = 892B982DBBF00613315B3620 /* mail.png */; };
		892B982DBBF00613315B3623 /* mail@2x.png in Resources */ = {isa = PBXBuildFile; fileRef = 892B982DBBF00613315B3622 /* mail@2x.png */; };
		892B982DBBF00613315B3628 /* InsetLabel.m in Sources */ = {isa = PBXBuildFile; fileRef = 892B982DBBF00613315B3627 /* InsetLabel.m */; };
		892B982DBBF00613315B36E0 /* QuartzCore.framework in Frameworks */ = {isa = PBXBuildFile; fileRef = 892B982DBBF00613315B36DF /* QuartzCore.framework */; };
		892B982DBBF00613315B36E2 /* SystemConfiguration.framework in Frameworks */ = {isa = PBXBuildFile; fileRef = 892B982DBBF00613315B36E1 /* SystemConfiguration.framework */; };
		892B982DBBF00613315B36ED /* MGSplitCornersView.m in Sources */ = {isa = PBXBuildFile; fileRef = 892B982DBBF00613315B36EC /* MGSplitCornersView.m */; };
		892B982DBBF00613315B36F0 /* MGSplitDividerView.m in Sources */ = {isa = PBXBuildFile; fileRef = 892B982DBBF00613315B36EF /* MGSplitDividerView.m */; };
		892B982DBBF00613315B36F6 /* MGSplitViewController.m in Sources */ = {isa = PBXBuildFile; fileRef = 892B982DBBF00613315B36F5 /* MGSplitViewController.m */; };
		892B982DBBF00613315B36F8 /* SnippetViewModel.m in Sources */ = {isa = PBXBuildFile; fileRef = 892B982DBBF00613315B36F7 /* SnippetViewModel.m */; };
		892B982DBBF00613315B36FB /* EditReplSplitViewController.m in Sources */ = {isa = PBXBuildFile; fileRef = 892B982DBBF00613315B36FA /* EditReplSplitViewController.m */; };
		892B982DBBF00613315B36FE /* SnippetFilterQuery.m in Sources */ = {isa = PBXBuildFile; fileRef = 892B982DBBF00613315B36FD /* SnippetFilterQuery.m */; };
		892B982DBBF00613315B3701 /* SnippetDBQuery.m in Sources */ = {isa = PBXBuildFile; fileRef = 892B982DBBF00613315B3700 /* SnippetDBQuery.m */; };
		892B982DBBF00613315B3705 /* SnippetListViewModel.m in Sources */ = {isa = PBXBuildFile; fileRef = 892B982DBBF00613315B3704 /* SnippetListViewModel.m */; };
		892B982DBBF00613315B3707 /* SnippetListViewModel.h in Resources */ = {isa = PBXBuildFile; fileRef = 892B982DBBF00613315B3706 /* SnippetListViewModel.h */; };
		892B982DBBF00613315B3709 /* author.png in Resources */ = {isa = PBXBuildFile; fileRef = 892B982DBBF00613315B3708 /* author.png */; };
		892B982DBBF00613315B370B /* author@2x.png in Resources */ = {isa = PBXBuildFile; fileRef = 892B982DBBF00613315B370A /* author@2x.png */; };
		892B982DBBF00613315B370D /* recent.png in Resources */ = {isa = PBXBuildFile; fileRef = 892B982DBBF00613315B370C /* recent.png */; };
		892B982DBBF00613315B370F /* recent@2x.png in Resources */ = {isa = PBXBuildFile; fileRef = 892B982DBBF00613315B370E /* recent@2x.png */; };
/* End PBXBuildFile section */

/* Begin PBXContainerItemProxy section */
		2205F9D1160F48E800422E41 /* PBXContainerItemProxy */ = {
			isa = PBXContainerItemProxy;
			containerPortal = 892B982DBBF00613315B3604 /* QuickDialog.xcodeproj */;
			proxyType = 1;
			remoteGlobalIDString = 2C542392145ADEBD0026A152;
			remoteInfo = QuickDialog;
		};
		2205F9D5160F49FC00422E41 /* PBXContainerItemProxy */ = {
			isa = PBXContainerItemProxy;
			containerPortal = 892B982DBBF00613315B35EE /* CouchCocoa.xcodeproj */;
			proxyType = 1;
			remoteGlobalIDString = 2739BF2A13BCE53B004829CD;
			remoteInfo = "iOS Library";
		};
		892B982DBBF00613315B35F0 /* PBXContainerItemProxy */ = {
			isa = PBXContainerItemProxy;
			containerPortal = 892B982DBBF00613315B35EE /* CouchCocoa.xcodeproj */;
			proxyType = 2;
			remoteGlobalIDString = 74CD20473B2948D304C2FDA5;
			remoteInfo = "Mac Framework";
		};
		892B982DBBF00613315B35F2 /* PBXContainerItemProxy */ = {
			isa = PBXContainerItemProxy;
			containerPortal = 892B982DBBF00613315B35EE /* CouchCocoa.xcodeproj */;
			proxyType = 2;
			remoteGlobalIDString = DBE748A39315B534D6FD1F22;
			remoteInfo = "Mac Tests";
		};
		892B982DBBF00613315B35F4 /* PBXContainerItemProxy */ = {
			isa = PBXContainerItemProxy;
			containerPortal = 892B982DBBF00613315B35EE /* CouchCocoa.xcodeproj */;
			proxyType = 2;
			remoteGlobalIDString = C2BF4344BA3BB9B586D3A5F1;
			remoteInfo = "Demo-Addresses";
		};
		892B982DBBF00613315B35F6 /* PBXContainerItemProxy */ = {
			isa = PBXContainerItemProxy;
			containerPortal = 892B982DBBF00613315B35EE /* CouchCocoa.xcodeproj */;
			proxyType = 2;
			remoteGlobalIDString = 821157B5685E2A3A7FBE4D50;
			remoteInfo = "Demo-Shopping";
		};
		892B982DBBF00613315B35F8 /* PBXContainerItemProxy */ = {
			isa = PBXContainerItemProxy;
			containerPortal = 892B982DBBF00613315B35EE /* CouchCocoa.xcodeproj */;
			proxyType = 2;
			remoteGlobalIDString = 1876E0E37652B01D4CFA1BF4;
			remoteInfo = "iOS Framework";
		};
		892B982DBBF00613315B35FA /* PBXContainerItemProxy */ = {
			isa = PBXContainerItemProxy;
			containerPortal = 892B982DBBF00613315B35EE /* CouchCocoa.xcodeproj */;
			proxyType = 2;
			remoteGlobalIDString = 490C97D57B6F89054E9B7BB4;
			remoteInfo = "iOS Library";
		};
		892B982DBBF00613315B35FC /* PBXContainerItemProxy */ = {
			isa = PBXContainerItemProxy;
			containerPortal = 892B982DBBF00613315B35EE /* CouchCocoa.xcodeproj */;
			proxyType = 2;
			remoteGlobalIDString = 05D1289182B06B6C560A4038;
			remoteInfo = "iOS Tests";
		};
		892B982DBBF00613315B3606 /* PBXContainerItemProxy */ = {
			isa = PBXContainerItemProxy;
			containerPortal = 892B982DBBF00613315B3604 /* QuickDialog.xcodeproj */;
			proxyType = 2;
			remoteGlobalIDString = A22B94687C2F03879993F0C5;
			remoteInfo = QuickDialogExample;
		};
		892B982DBBF00613315B3608 /* PBXContainerItemProxy */ = {
			isa = PBXContainerItemProxy;
			containerPortal = 892B982DBBF00613315B3604 /* QuickDialog.xcodeproj */;
			proxyType = 2;
			remoteGlobalIDString = 60B3193FD014709DC58D3B1D;
			remoteInfo = QuickDialog;
		};
/* End PBXContainerItemProxy section */

/* Begin PBXFileReference section */
		2205F9C0160F352700422E41 /* Default-568h@2x.png */ = {isa = PBXFileReference; lastKnownFileType = image.png; path = "Default-568h@2x.png"; sourceTree = "<group>"; };
		2205F9C6160F435200422E41 /* libCrittercism_v3_3_4.a */ = {isa = PBXFileReference; lastKnownFileType = archive.ar; name = libCrittercism_v3_3_4.a; path = ../CrittercismSDK/libCrittercism_v3_3_4.a; sourceTree = "<group>"; };
		222856011557074A006D8A02 /* SnippetQuery.h */ = {isa = PBXFileReference; fileEncoding = 4; lastKnownFileType = sourcecode.c.h; path = SnippetQuery.h; sourceTree = "<group>"; };
		222856021557074A006D8A02 /* SnippetQuery.m */ = {isa = PBXFileReference; fileEncoding = 4; lastKnownFileType = sourcecode.c.objc; path = SnippetQuery.m; sourceTree = "<group>"; };
		227B13D6160F4D8C0071F9AF /* CrashReporter.h */ = {isa = PBXFileReference; fileEncoding = 4; lastKnownFileType = sourcecode.c.h; path = CrashReporter.h; sourceTree = "<group>"; };
		227B13D7160F4D8C0071F9AF /* Crittercism.h */ = {isa = PBXFileReference; fileEncoding = 4; lastKnownFileType = sourcecode.c.h; path = Crittercism.h; sourceTree = "<group>"; };
		227B13D8160F4D8C0071F9AF /* CrittercismJSONKit.h */ = {isa = PBXFileReference; fileEncoding = 4; lastKnownFileType = sourcecode.c.h; path = CrittercismJSONKit.h; sourceTree = "<group>"; };
		227B13D9160F4D8C0071F9AF /* CrittercismReachability.h */ = {isa = PBXFileReference; fileEncoding = 4; lastKnownFileType = sourcecode.c.h; path = CrittercismReachability.h; sourceTree = "<group>"; };
		227B13DA160F4D8C0071F9AF /* libCrittercism_v3_3_4.a */ = {isa = PBXFileReference; lastKnownFileType = archive.ar; path = libCrittercism_v3_3_4.a; sourceTree = "<group>"; };
		227B13DB160F4D8C0071F9AF /* PLCrashAsync.h */ = {isa = PBXFileReference; fileEncoding = 4; lastKnownFileType = sourcecode.c.h; path = PLCrashAsync.h; sourceTree = "<group>"; };
		227B13DC160F4D8C0071F9AF /* PLCrashAsyncImage.h */ = {isa = PBXFileReference; fileEncoding = 4; lastKnownFileType = sourcecode.c.h; path = PLCrashAsyncImage.h; sourceTree = "<group>"; };
		227B13DD160F4D8C0071F9AF /* PLCrashAsyncSignalInfo.h */ = {isa = PBXFileReference; fileEncoding = 4; lastKnownFileType = sourcecode.c.h; path = PLCrashAsyncSignalInfo.h; sourceTree = "<group>"; };
		227B13DE160F4D8C0071F9AF /* PLCrashFrameWalker.h */ = {isa = PBXFileReference; fileEncoding = 4; lastKnownFileType = sourcecode.c.h; path = PLCrashFrameWalker.h; sourceTree = "<group>"; };
		227B13DF160F4D8C0071F9AF /* PLCrashFrameWalker_arm.h */ = {isa = PBXFileReference; fileEncoding = 4; lastKnownFileType = sourcecode.c.h; path = PLCrashFrameWalker_arm.h; sourceTree = "<group>"; };
		227B13E0160F4D8C0071F9AF /* PLCrashFrameWalker_i386.h */ = {isa = PBXFileReference; fileEncoding = 4; lastKnownFileType = sourcecode.c.h; path = PLCrashFrameWalker_i386.h; sourceTree = "<group>"; };
		227B13E1160F4D8C0071F9AF /* PLCrashFrameWalker_ppc.h */ = {isa = PBXFileReference; fileEncoding = 4; lastKnownFileType = sourcecode.c.h; path = PLCrashFrameWalker_ppc.h; sourceTree = "<group>"; };
		227B13E2160F4D8C0071F9AF /* PLCrashFrameWalker_x86_64.h */ = {isa = PBXFileReference; fileEncoding = 4; lastKnownFileType = sourcecode.c.h; path = PLCrashFrameWalker_x86_64.h; sourceTree = "<group>"; };
		227B13E3160F4D8C0071F9AF /* PLCrashLogWriter.h */ = {isa = PBXFileReference; fileEncoding = 4; lastKnownFileType = sourcecode.c.h; path = PLCrashLogWriter.h; sourceTree = "<group>"; };
		227B13E4160F4D8C0071F9AF /* PLCrashLogWriterEncoding.h */ = {isa = PBXFileReference; fileEncoding = 4; lastKnownFileType = sourcecode.c.h; path = PLCrashLogWriterEncoding.h; sourceTree = "<group>"; };
		227B13E5160F4D8C0071F9AF /* PLCrashReport.h */ = {isa = PBXFileReference; fileEncoding = 4; lastKnownFileType = sourcecode.c.h; path = PLCrashReport.h; sourceTree = "<group>"; };
		227B13E6160F4D8C0071F9AF /* PLCrashReportApplicationInfo.h */ = {isa = PBXFileReference; fileEncoding = 4; lastKnownFileType = sourcecode.c.h; path = PLCrashReportApplicationInfo.h; sourceTree = "<group>"; };
		227B13E7160F4D8C0071F9AF /* PLCrashReportBinaryImageInfo.h */ = {isa = PBXFileReference; fileEncoding = 4; lastKnownFileType = sourcecode.c.h; path = PLCrashReportBinaryImageInfo.h; sourceTree = "<group>"; };
		227B13E8160F4D8C0071F9AF /* PLCrashReporter.h */ = {isa = PBXFileReference; fileEncoding = 4; lastKnownFileType = sourcecode.c.h; path = PLCrashReporter.h; sourceTree = "<group>"; };
		227B13E9160F4D8C0071F9AF /* PLCrashReportExceptionInfo.h */ = {isa = PBXFileReference; fileEncoding = 4; lastKnownFileType = sourcecode.c.h; path = PLCrashReportExceptionInfo.h; sourceTree = "<group>"; };
		227B13EA160F4D8C0071F9AF /* PLCrashReportFormatter.h */ = {isa = PBXFileReference; fileEncoding = 4; lastKnownFileType = sourcecode.c.h; path = PLCrashReportFormatter.h; sourceTree = "<group>"; };
		227B13EB160F4D8C0071F9AF /* PLCrashReportMachineInfo.h */ = {isa = PBXFileReference; fileEncoding = 4; lastKnownFileType = sourcecode.c.h; path = PLCrashReportMachineInfo.h; sourceTree = "<group>"; };
		227B13EC160F4D8C0071F9AF /* PLCrashReportProcessInfo.h */ = {isa = PBXFileReference; fileEncoding = 4; lastKnownFileType = sourcecode.c.h; path = PLCrashReportProcessInfo.h; sourceTree = "<group>"; };
		227B13ED160F4D8C0071F9AF /* PLCrashReportProcessorInfo.h */ = {isa = PBXFileReference; fileEncoding = 4; lastKnownFileType = sourcecode.c.h; path = PLCrashReportProcessorInfo.h; sourceTree = "<group>"; };
		227B13EE160F4D8C0071F9AF /* PLCrashReportSignalInfo.h */ = {isa = PBXFileReference; fileEncoding = 4; lastKnownFileType = sourcecode.c.h; path = PLCrashReportSignalInfo.h; sourceTree = "<group>"; };
		227B13EF160F4D8C0071F9AF /* PLCrashReportSystemInfo.h */ = {isa = PBXFileReference; fileEncoding = 4; lastKnownFileType = sourcecode.c.h; path = PLCrashReportSystemInfo.h; sourceTree = "<group>"; };
		227B13F0160F4D8C0071F9AF /* PLCrashReportTextFormatter.h */ = {isa = PBXFileReference; fileEncoding = 4; lastKnownFileType = sourcecode.c.h; path = PLCrashReportTextFormatter.h; sourceTree = "<group>"; };
		227B13F1160F4D8C0071F9AF /* PLCrashReportThreadInfo.h */ = {isa = PBXFileReference; fileEncoding = 4; lastKnownFileType = sourcecode.c.h; path = PLCrashReportThreadInfo.h; sourceTree = "<group>"; };
		227B13F2160F4D8C0071F9AF /* PLCrashSignalHandler.h */ = {isa = PBXFileReference; fileEncoding = 4; lastKnownFileType = sourcecode.c.h; path = PLCrashSignalHandler.h; sourceTree = "<group>"; };
		227B13F3160F4D8C0071F9AF /* PLCrashSysctl.h */ = {isa = PBXFileReference; fileEncoding = 4; lastKnownFileType = sourcecode.c.h; path = PLCrashSysctl.h; sourceTree = "<group>"; };
		227B13F6160F4D8C0071F9AF /* crittercism-arrow-l.png */ = {isa = PBXFileReference; lastKnownFileType = image.png; path = "crittercism-arrow-l.png"; sourceTree = "<group>"; };
		227B13F7160F4D8C0071F9AF /* crittercism-arrow-l@2x.png */ = {isa = PBXFileReference; lastKnownFileType = image.png; path = "crittercism-arrow-l@2x.png"; sourceTree = "<group>"; };
		227B13F8160F4D8C0071F9AF /* crittercism-arrow-left-gray-border.png */ = {isa = PBXFileReference; lastKnownFileType = image.png; path = "crittercism-arrow-left-gray-border.png"; sourceTree = "<group>"; };
		227B13F9160F4D8C0071F9AF /* crittercism-arrow-left-no-border.png */ = {isa = PBXFileReference; lastKnownFileType = image.png; path = "crittercism-arrow-left-no-border.png"; sourceTree = "<group>"; };
		227B13FA160F4D8C0071F9AF /* crittercism-arrow-left.png */ = {isa = PBXFileReference; lastKnownFileType = image.png; path = "crittercism-arrow-left.png"; sourceTree = "<group>"; };
		227B13FB160F4D8C0071F9AF /* crittercism-arrow-let-no-border.png */ = {isa = PBXFileReference; lastKnownFileType = image.png; path = "crittercism-arrow-let-no-border.png"; sourceTree = "<group>"; };
		227B13FC160F4D8C0071F9AF /* crittercism-arrow-r.png */ = {isa = PBXFileReference; lastKnownFileType = image.png; path = "crittercism-arrow-r.png"; sourceTree = "<group>"; };
		227B13FD160F4D8C0071F9AF /* crittercism-arrow-r@2x.png */ = {isa = PBXFileReference; lastKnownFileType = image.png; path = "crittercism-arrow-r@2x.png"; sourceTree = "<group>"; };
		227B13FE160F4D8C0071F9AF /* crittercism-arrow-right-green-border.png */ = {isa = PBXFileReference; lastKnownFileType = image.png; path = "crittercism-arrow-right-green-border.png"; sourceTree = "<group>"; };
		227B13FF160F4D8C0071F9AF /* crittercism-arrow-right-no-border.png */ = {isa = PBXFileReference; lastKnownFileType = image.png; path = "crittercism-arrow-right-no-border.png"; sourceTree = "<group>"; };
		227B1400160F4D8C0071F9AF /* crittercism-avatar-default.png */ = {isa = PBXFileReference; lastKnownFileType = image.png; path = "crittercism-avatar-default.png"; sourceTree = "<group>"; };
		227B1401160F4D8C0071F9AF /* crittercism-avatar-us.png */ = {isa = PBXFileReference; lastKnownFileType = image.png; path = "crittercism-avatar-us.png"; sourceTree = "<group>"; };
		227B1402160F4D8C0071F9AF /* crittercism-bg-00.png */ = {isa = PBXFileReference; lastKnownFileType = image.png; path = "crittercism-bg-00.png"; sourceTree = "<group>"; };
		227B1403160F4D8C0071F9AF /* crittercism-bg-categorize-as.png */ = {isa = PBXFileReference; lastKnownFileType = image.png; path = "crittercism-bg-categorize-as.png"; sourceTree = "<group>"; };
		227B1404160F4D8C0071F9AF /* crittercism-bg-edit-form.png */ = {isa = PBXFileReference; lastKnownFileType = image.png; path = "crittercism-bg-edit-form.png"; sourceTree = "<group>"; };
		227B1405160F4D8C0071F9AF /* crittercism-bg-edit-form@2x~iphone.png */ = {isa = PBXFileReference; lastKnownFileType = image.png; path = "crittercism-bg-edit-form@2x~iphone.png"; sourceTree = "<group>"; };
		227B1406160F4D8C0071F9AF /* crittercism-bg-inactive-overlay.png */ = {isa = PBXFileReference; lastKnownFileType = image.png; path = "crittercism-bg-inactive-overlay.png"; sourceTree = "<group>"; };
		227B1407160F4D8C0071F9AF /* crittercism-bg-reply-to.png */ = {isa = PBXFileReference; lastKnownFileType = image.png; path = "crittercism-bg-reply-to.png"; sourceTree = "<group>"; };
		227B1408160F4D8C0071F9AF /* crittercism-btn-add-comment-sel.png */ = {isa = PBXFileReference; lastKnownFileType = image.png; path = "crittercism-btn-add-comment-sel.png"; sourceTree = "<group>"; };
		227B1409160F4D8C0071F9AF /* crittercism-btn-add-comment.png */ = {isa = PBXFileReference; lastKnownFileType = image.png; path = "crittercism-btn-add-comment.png"; sourceTree = "<group>"; };
		227B140A160F4D8C0071F9AF /* crittercism-btn-cancel.png */ = {isa = PBXFileReference; lastKnownFileType = image.png; path = "crittercism-btn-cancel.png"; sourceTree = "<group>"; };
		227B140B160F4D8C0071F9AF /* crittercism-btn-close.png */ = {isa = PBXFileReference; lastKnownFileType = image.png; path = "crittercism-btn-close.png"; sourceTree = "<group>"; };
		227B140C160F4D8C0071F9AF /* crittercism-btn-submit.png */ = {isa = PBXFileReference; lastKnownFileType = image.png; path = "crittercism-btn-submit.png"; sourceTree = "<group>"; };
		227B140D160F4D8C0071F9AF /* crittercism-btn-thumbs-dn-default.png */ = {isa = PBXFileReference; lastKnownFileType = image.png; path = "crittercism-btn-thumbs-dn-default.png"; sourceTree = "<group>"; };
		227B140E160F4D8C0071F9AF /* crittercism-btn-thumbs-dn-voted.png */ = {isa = PBXFileReference; lastKnownFileType = image.png; path = "crittercism-btn-thumbs-dn-voted.png"; sourceTree = "<group>"; };
		227B140F160F4D8C0071F9AF /* crittercism-btn-thumbs-up-default.png */ = {isa = PBXFileReference; lastKnownFileType = image.png; path = "crittercism-btn-thumbs-up-default.png"; sourceTree = "<group>"; };
		227B1410160F4D8C0071F9AF /* crittercism-btn-thumbs-up-pressed.png */ = {isa = PBXFileReference; lastKnownFileType = image.png; path = "crittercism-btn-thumbs-up-pressed.png"; sourceTree = "<group>"; };
		227B1411160F4D8C0071F9AF /* crittercism-btn-thumbs-up-pressed@2x.png */ = {isa = PBXFileReference; lastKnownFileType = image.png; path = "crittercism-btn-thumbs-up-pressed@2x.png"; sourceTree = "<group>"; };
		227B1412160F4D8C0071F9AF /* crittercism-btn-thumbs-up-voted.png */ = {isa = PBXFileReference; lastKnownFileType = image.png; path = "crittercism-btn-thumbs-up-voted.png"; sourceTree = "<group>"; };
		227B1413160F4D8C0071F9AF /* crittercism-btn-thumbs-up.png */ = {isa = PBXFileReference; lastKnownFileType = image.png; path = "crittercism-btn-thumbs-up.png"; sourceTree = "<group>"; };
		227B1414160F4D8C0071F9AF /* crittercism-btn-thumbs-up@2x.png */ = {isa = PBXFileReference; lastKnownFileType = image.png; path = "crittercism-btn-thumbs-up@2x.png"; sourceTree = "<group>"; };
		227B1415160F4D8C0071F9AF /* crittercism-bug.png */ = {isa = PBXFileReference; lastKnownFileType = image.png; path = "crittercism-bug.png"; sourceTree = "<group>"; };
		227B1416160F4D8C0071F9AF /* crittercism-checkbox-checked.png */ = {isa = PBXFileReference; lastKnownFileType = image.png; path = "crittercism-checkbox-checked.png"; sourceTree = "<group>"; };
		227B1417160F4D8C0071F9AF /* crittercism-checkbox-unchecked.png */ = {isa = PBXFileReference; lastKnownFileType = image.png; path = "crittercism-checkbox-unchecked.png"; sourceTree = "<group>"; };
		227B1418160F4D8C0071F9AF /* crittercism-dev-profile-halfsize.png */ = {isa = PBXFileReference; lastKnownFileType = image.png; path = "crittercism-dev-profile-halfsize.png"; sourceTree = "<group>"; };
		227B1419160F4D8C0071F9AF /* crittercism-dev-profile-halfsize@2x.png */ = {isa = PBXFileReference; lastKnownFileType = image.png; path = "crittercism-dev-profile-halfsize@2x.png"; sourceTree = "<group>"; };
		227B141A160F4D8C0071F9AF /* crittercism-feedback-forum-bg-gradient.png */ = {isa = PBXFileReference; lastKnownFileType = image.png; path = "crittercism-feedback-forum-bg-gradient.png"; sourceTree = "<group>"; };
		227B141B160F4D8C0071F9AF /* crittercism-gray.png */ = {isa = PBXFileReference; lastKnownFileType = image.png; path = "crittercism-gray.png"; sourceTree = "<group>"; };
		227B141C160F4D8C0071F9AF /* crittercism-green.png */ = {isa = PBXFileReference; lastKnownFileType = image.png; path = "crittercism-green.png"; sourceTree = "<group>"; };
		227B141D160F4D8C0071F9AF /* crittercism-hamster-ftw.png */ = {isa = PBXFileReference; lastKnownFileType = image.png; path = "crittercism-hamster-ftw.png"; sourceTree = "<group>"; };
		227B141E160F4D8C0071F9AF /* crittercism-hamster-twitter.png */ = {isa = PBXFileReference; lastKnownFileType = image.png; path = "crittercism-hamster-twitter.png"; sourceTree = "<group>"; };
		227B141F160F4D8C0071F9AF /* crittercism-hamster.png */ = {isa = PBXFileReference; lastKnownFileType = image.png; path = "crittercism-hamster.png"; sourceTree = "<group>"; };
		227B1420160F4D8C0071F9AF /* crittercism-icon-cat-idea.png */ = {isa = PBXFileReference; lastKnownFileType = image.png; path = "crittercism-icon-cat-idea.png"; sourceTree = "<group>"; };
		227B1421160F4D8C0071F9AF /* crittercism-icon-cat-idea@2x.png */ = {isa = PBXFileReference; lastKnownFileType = image.png; path = "crittercism-icon-cat-idea@2x.png"; sourceTree = "<group>"; };
		227B1422160F4D8C0071F9AF /* crittercism-icon-cat-love.png */ = {isa = PBXFileReference; lastKnownFileType = image.png; path = "crittercism-icon-cat-love.png"; sourceTree = "<group>"; };
		227B1423160F4D8C0071F9AF /* crittercism-icon-cat-love@2x.png */ = {isa = PBXFileReference; lastKnownFileType = image.png; path = "crittercism-icon-cat-love@2x.png"; sourceTree = "<group>"; };
		227B1424160F4D8C0071F9AF /* crittercism-icon-cat-problem.png */ = {isa = PBXFileReference; lastKnownFileType = image.png; path = "crittercism-icon-cat-problem.png"; sourceTree = "<group>"; };
		227B1425160F4D8C0071F9AF /* crittercism-icon-cat-problem@2x.png */ = {isa = PBXFileReference; lastKnownFileType = image.png; path = "crittercism-icon-cat-problem@2x.png"; sourceTree = "<group>"; };
		227B1426160F4D8C0071F9AF /* crittercism-icon-cat-question.png */ = {isa = PBXFileReference; lastKnownFileType = image.png; path = "crittercism-icon-cat-question.png"; sourceTree = "<group>"; };
		227B1427160F4D8C0071F9AF /* crittercism-icon-cat-question@2x.png */ = {isa = PBXFileReference; lastKnownFileType = image.png; path = "crittercism-icon-cat-question@2x.png"; sourceTree = "<group>"; };
		227B1428160F4D8C0071F9AF /* crittercism-icon-tab-01.png */ = {isa = PBXFileReference; lastKnownFileType = image.png; path = "crittercism-icon-tab-01.png"; sourceTree = "<group>"; };
		227B1429160F4D8C0071F9AF /* crittercism-idea.png */ = {isa = PBXFileReference; lastKnownFileType = image.png; path = "crittercism-idea.png"; sourceTree = "<group>"; };
		227B142A160F4D8C0071F9AF /* crittercism-love.png */ = {isa = PBXFileReference; lastKnownFileType = image.png; path = "crittercism-love.png"; sourceTree = "<group>"; };
		227B142B160F4D8C0071F9AF /* crittercism-other.png */ = {isa = PBXFileReference; lastKnownFileType = image.png; path = "crittercism-other.png"; sourceTree = "<group>"; };
		227B142C160F4D8C0071F9AF /* crittercism-question.png */ = {isa = PBXFileReference; lastKnownFileType = image.png; path = "crittercism-question.png"; sourceTree = "<group>"; };
		227B142D160F4D8C0071F9AF /* crittercism-tab-icon@1x~iphone.png */ = {isa = PBXFileReference; lastKnownFileType = image.png; path = "crittercism-tab-icon@1x~iphone.png"; sourceTree = "<group>"; };
		227B142E160F4D8C0071F9AF /* crittercism-tab-icon@2x~ipad.png */ = {isa = PBXFileReference; lastKnownFileType = image.png; path = "crittercism-tab-icon@2x~ipad.png"; sourceTree = "<group>"; };
		227B142F160F4D8C0071F9AF /* crittercism-title-bar.png */ = {isa = PBXFileReference; lastKnownFileType = image.png; path = "crittercism-title-bar.png"; sourceTree = "<group>"; };
		227B1430160F4D8C0071F9AF /* crittercism-user-arrow-l.png */ = {isa = PBXFileReference; lastKnownFileType = image.png; path = "crittercism-user-arrow-l.png"; sourceTree = "<group>"; };
		227B1431160F4D8C0071F9AF /* crittercism-user-arrow-l@2x.png */ = {isa = PBXFileReference; lastKnownFileType = image.png; path = "crittercism-user-arrow-l@2x.png"; sourceTree = "<group>"; };
		227B1432160F4D8C0071F9AF /* crittercism-user-profile-halfsize.png */ = {isa = PBXFileReference; lastKnownFileType = image.png; path = "crittercism-user-profile-halfsize.png"; sourceTree = "<group>"; };
		227B1433160F4D8C0071F9AF /* crittercism-user-profile.png */ = {isa = PBXFileReference; lastKnownFileType = image.png; path = "crittercism-user-profile.png"; sourceTree = "<group>"; };
		227B1434160F4D8C0071F9AF /* crittercism-user-profile@2x.png */ = {isa = PBXFileReference; lastKnownFileType = image.png; path = "crittercism-user-profile@2x.png"; sourceTree = "<group>"; };
		227B1435160F4D8C0071F9AF /* crittercism-votesLeftButton.png */ = {isa = PBXFileReference; lastKnownFileType = image.png; path = "crittercism-votesLeftButton.png"; sourceTree = "<group>"; };
		227B1436160F4D8C0071F9AF /* crittercism_icon.png */ = {isa = PBXFileReference; lastKnownFileType = image.png; path = crittercism_icon.png; sourceTree = "<group>"; };
		227B1438160F4D8C0071F9AF /* CrittercismAboutViewController.xib */ = {isa = PBXFileReference; fileEncoding = 4; lastKnownFileType = file.xib; path = CrittercismAboutViewController.xib; sourceTree = "<group>"; };
		227B1439160F4D8C0071F9AF /* CrittercismAddCommentViewController.xib */ = {isa = PBXFileReference; fileEncoding = 4; lastKnownFileType = file.xib; path = CrittercismAddCommentViewController.xib; sourceTree = "<group>"; };
		227B143A160F4D8C0071F9AF /* CrittercismAddViewController.xib */ = {isa = PBXFileReference; fileEncoding = 4; lastKnownFileType = file.xib; path = CrittercismAddViewController.xib; sourceTree = "<group>"; };
		227B143B160F4D8C0071F9AF /* CrittercismCell.xib */ = {isa = PBXFileReference; fileEncoding = 4; lastKnownFileType = file.xib; path = CrittercismCell.xib; sourceTree = "<group>"; };
		227B143C160F4D8C0071F9AF /* CrittercismDescriptionViewController.xib */ = {isa = PBXFileReference; fileEncoding = 4; lastKnownFileType = file.xib; path = CrittercismDescriptionViewController.xib; sourceTree = "<group>"; };
		227B143D160F4D8C0071F9AF /* CrittercismGridViewController.xib */ = {isa = PBXFileReference; fileEncoding = 4; lastKnownFileType = file.xib; path = CrittercismGridViewController.xib; sourceTree = "<group>"; };
		227B143E160F4D8C0071F9AF /* CrittercismRootViewController.xib */ = {isa = PBXFileReference; fileEncoding = 4; lastKnownFileType = file.xib; path = CrittercismRootViewController.xib; sourceTree = "<group>"; };
		227B143F160F4D8C0071F9AF /* CrittercismViewController.xib */ = {isa = PBXFileReference; fileEncoding = 4; lastKnownFileType = file.xib; path = CrittercismViewController.xib; sourceTree = "<group>"; };
		22D02864152CB53B00FB04D0 /* Icon.png */ = {isa = PBXFileReference; lastKnownFileType = image.png; path = Icon.png; sourceTree = "<group>"; };
		22D02866152CB53E00FB04D0 /* Icon@2x.png */ = {isa = PBXFileReference; lastKnownFileType = image.png; path = "Icon@2x.png"; sourceTree = "<group>"; };
		22D02868152CB54A00FB04D0 /* Icon-72.png */ = {isa = PBXFileReference; lastKnownFileType = image.png; path = "Icon-72.png"; sourceTree = "<group>"; };
		22D0286A152CB54D00FB04D0 /* Icon-72@2x.png */ = {isa = PBXFileReference; lastKnownFileType = image.png; path = "Icon-72@2x.png"; sourceTree = "<group>"; };
		22D0287F152CCF0F00FB04D0 /* Default.png */ = {isa = PBXFileReference; lastKnownFileType = image.png; path = Default.png; sourceTree = "<group>"; };
		22D02881152CCF1400FB04D0 /* Default@2x.png */ = {isa = PBXFileReference; lastKnownFileType = image.png; path = "Default@2x.png"; sourceTree = "<group>"; };
		22D02883152CCF1F00FB04D0 /* Default-Portrait~ipad.png */ = {isa = PBXFileReference; lastKnownFileType = image.png; path = "Default-Portrait~ipad.png"; sourceTree = "<group>"; };
		22D02885152CCF2100FB04D0 /* Default-Portrait@2x~ipad.png */ = {isa = PBXFileReference; lastKnownFileType = image.png; path = "Default-Portrait@2x~ipad.png"; sourceTree = "<group>"; };
		22D02887152CCF2600FB04D0 /* Default-Landscape~ipad.png */ = {isa = PBXFileReference; lastKnownFileType = image.png; path = "Default-Landscape~ipad.png"; sourceTree = "<group>"; };
		22D02889152CCF2700FB04D0 /* Default-Landscape@2x~ipad.png */ = {isa = PBXFileReference; lastKnownFileType = image.png; path = "Default-Landscape@2x~ipad.png"; sourceTree = "<group>"; };
		892B982DBBF00613315B35B4 /* TryFS.app */ = {isa = PBXFileReference; explicitFileType = wrapper.application; includeInIndex = 0; path = TryFS.app; sourceTree = BUILT_PRODUCTS_DIR; };
		892B982DBBF00613315B35BD /* UIKit.framework */ = {isa = PBXFileReference; lastKnownFileType = wrapper.framework; name = UIKit.framework; path = System/Library/Frameworks/UIKit.framework; sourceTree = SDKROOT; };
		892B982DBBF00613315B35BF /* Foundation.framework */ = {isa = PBXFileReference; lastKnownFileType = wrapper.framework; name = Foundation.framework; path = System/Library/Frameworks/Foundation.framework; sourceTree = SDKROOT; };
		892B982DBBF00613315B35C1 /* CoreGraphics.framework */ = {isa = PBXFileReference; lastKnownFileType = wrapper.framework; name = CoreGraphics.framework; path = System/Library/Frameworks/CoreGraphics.framework; sourceTree = SDKROOT; };
		892B982DBBF00613315B35C5 /* TryFS-Info.plist */ = {isa = PBXFileReference; lastKnownFileType = text.plist.info; path = "TryFS-Info.plist"; sourceTree = "<group>"; };
		892B982DBBF00613315B35C6 /* en */ = {isa = PBXFileReference; lastKnownFileType = text.plist.strings; name = en; path = en.lproj/InfoPlist.strings; sourceTree = "<group>"; };
		892B982DBBF00613315B35C9 /* main.m */ = {isa = PBXFileReference; lastKnownFileType = sourcecode.c.objc; path = main.m; sourceTree = "<group>"; };
		892B982DBBF00613315B35CB /* TryFS-Prefix.pch */ = {isa = PBXFileReference; lastKnownFileType = sourcecode.c.h; path = "TryFS-Prefix.pch"; sourceTree = "<group>"; };
		892B982DBBF00613315B35CC /* AppDelegate.h */ = {isa = PBXFileReference; lastKnownFileType = sourcecode.c.h; path = AppDelegate.h; sourceTree = "<group>"; };
		892B982DBBF00613315B35CD /* AppDelegate.m */ = {isa = PBXFileReference; lastKnownFileType = sourcecode.c.objc; path = AppDelegate.m; sourceTree = "<group>"; };
		892B982DBBF00613315B35D1 /* SnippetListViewController.h */ = {isa = PBXFileReference; fileEncoding = 4; lastKnownFileType = sourcecode.c.h; path = SnippetListViewController.h; sourceTree = "<group>"; };
		892B982DBBF00613315B35D2 /* SnippetListViewController.m */ = {isa = PBXFileReference; fileEncoding = 4; lastKnownFileType = sourcecode.c.objc; path = SnippetListViewController.m; sourceTree = "<group>"; };
		892B982DBBF00613315B35D4 /* SnippetListViewController.xib */ = {isa = PBXFileReference; lastKnownFileType = file.xib; path = SnippetListViewController.xib; sourceTree = "<group>"; };
		892B982DBBF00613315B35DA /* EditViewController.h */ = {isa = PBXFileReference; fileEncoding = 4; lastKnownFileType = sourcecode.c.h; path = EditViewController.h; sourceTree = "<group>"; };
		892B982DBBF00613315B35DB /* EditViewController.m */ = {isa = PBXFileReference; fileEncoding = 4; lastKnownFileType = sourcecode.c.objc; path = EditViewController.m; sourceTree = "<group>"; };
		892B982DBBF00613315B35DD /* EditViewController.xib */ = {isa = PBXFileReference; lastKnownFileType = file.xib; path = EditViewController.xib; sourceTree = "<group>"; };
		892B982DBBF00613315B35DF /* ReplViewController.h */ = {isa = PBXFileReference; fileEncoding = 4; lastKnownFileType = sourcecode.c.h; path = ReplViewController.h; sourceTree = "<group>"; };
		892B982DBBF00613315B35E0 /* ReplViewController.m */ = {isa = PBXFileReference; fileEncoding = 4; lastKnownFileType = sourcecode.c.objc; path = ReplViewController.m; sourceTree = "<group>"; };
		892B982DBBF00613315B35E2 /* ReplViewController.xib */ = {isa = PBXFileReference; lastKnownFileType = file.xib; path = ReplViewController.xib; sourceTree = "<group>"; };
		892B982DBBF00613315B35E4 /* Snippet.m */ = {isa = PBXFileReference; fileEncoding = 4; lastKnownFileType = sourcecode.c.objc; path = Snippet.m; sourceTree = "<group>"; };
		892B982DBBF00613315B35E6 /* Snippet.h */ = {isa = PBXFileReference; fileEncoding = 4; lastKnownFileType = sourcecode.c.h; path = Snippet.h; sourceTree = "<group>"; };
		892B982DBBF00613315B35EE /* CouchCocoa.xcodeproj */ = {isa = PBXFileReference; lastKnownFileType = "wrapper.pb-project"; name = CouchCocoa.xcodeproj; path = CouchCocoa/CouchCocoa.xcodeproj; sourceTree = "<group>"; };
		892B982DBBF00613315B35FE /* KeyboardResizeMonitor.m */ = {isa = PBXFileReference; fileEncoding = 4; lastKnownFileType = sourcecode.c.objc; path = KeyboardResizeMonitor.m; sourceTree = "<group>"; };
		892B982DBBF00613315B3600 /* KeyboardResizeMonitor.h */ = {isa = PBXFileReference; fileEncoding = 4; lastKnownFileType = sourcecode.c.h; path = KeyboardResizeMonitor.h; sourceTree = "<group>"; };
		892B982DBBF00613315B3601 /* Session.m */ = {isa = PBXFileReference; fileEncoding = 4; lastKnownFileType = sourcecode.c.objc; path = Session.m; sourceTree = "<group>"; };
		892B982DBBF00613315B3603 /* Session.h */ = {isa = PBXFileReference; fileEncoding = 4; lastKnownFileType = sourcecode.c.h; path = Session.h; sourceTree = "<group>"; };
		892B982DBBF00613315B3604 /* QuickDialog.xcodeproj */ = {isa = PBXFileReference; lastKnownFileType = "wrapper.pb-project"; name = QuickDialog.xcodeproj; path = QuickDialog/QuickDialog.xcodeproj; sourceTree = "<group>"; };
		892B982DBBF00613315B360A /* couchdb.png */ = {isa = PBXFileReference; lastKnownFileType = image.png; path = couchdb.png; sourceTree = "<group>"; };
		892B982DBBF00613315B3612 /* couchdb@2x.png */ = {isa = PBXFileReference; lastKnownFileType = image.png; path = "couchdb@2x.png"; sourceTree = "<group>"; };
		892B982DBBF00613315B3618 /* twitter.png */ = {isa = PBXFileReference; lastKnownFileType = image.png; path = twitter.png; sourceTree = "<group>"; };
		892B982DBBF00613315B361A /* twitter@2x.png */ = {isa = PBXFileReference; lastKnownFileType = image.png; path = "twitter@2x.png"; sourceTree = "<group>"; };
		892B982DBBF00613315B361C /* github.png */ = {isa = PBXFileReference; lastKnownFileType = image.png; path = github.png; sourceTree = "<group>"; };
		892B982DBBF00613315B361E /* github@2x.png */ = {isa = PBXFileReference; lastKnownFileType = image.png; path = "github@2x.png"; sourceTree = "<group>"; };
		892B982DBBF00613315B3620 /* mail.png */ = {isa = PBXFileReference; lastKnownFileType = image.png; path = mail.png; sourceTree = "<group>"; };
		892B982DBBF00613315B3622 /* mail@2x.png */ = {isa = PBXFileReference; lastKnownFileType = image.png; path = "mail@2x.png"; sourceTree = "<group>"; };
		892B982DBBF00613315B3627 /* InsetLabel.m */ = {isa = PBXFileReference; fileEncoding = 4; lastKnownFileType = sourcecode.c.objc; path = InsetLabel.m; sourceTree = "<group>"; };
		892B982DBBF00613315B3629 /* InsetLabel.h */ = {isa = PBXFileReference; fileEncoding = 4; lastKnownFileType = sourcecode.c.h; path = InsetLabel.h; sourceTree = "<group>"; };
		892B982DBBF00613315B36DF /* QuartzCore.framework */ = {isa = PBXFileReference; lastKnownFileType = wrapper.framework; name = QuartzCore.framework; path = System/Library/Frameworks/QuartzCore.framework; sourceTree = SDKROOT; };
		892B982DBBF00613315B36E1 /* SystemConfiguration.framework */ = {isa = PBXFileReference; lastKnownFileType = wrapper.framework; name = SystemConfiguration.framework; path = System/Library/Frameworks/SystemConfiguration.framework; sourceTree = SDKROOT; };
		892B982DBBF00613315B36EB /* MGSplitCornersView.h */ = {isa = PBXFileReference; fileEncoding = 4; lastKnownFileType = sourcecode.c.h; name = MGSplitCornersView.h; path = ../MGSplitViewController/Classes/MGSplitCornersView.h; sourceTree = "<group>"; };
		892B982DBBF00613315B36EC /* MGSplitCornersView.m */ = {isa = PBXFileReference; fileEncoding = 4; lastKnownFileType = sourcecode.c.objc; name = MGSplitCornersView.m; path = ../MGSplitViewController/Classes/MGSplitCornersView.m; sourceTree = "<group>"; };
		892B982DBBF00613315B36EE /* MGSplitDividerView.h */ = {isa = PBXFileReference; fileEncoding = 4; lastKnownFileType = sourcecode.c.h; name = MGSplitDividerView.h; path = ../MGSplitViewController/Classes/MGSplitDividerView.h; sourceTree = "<group>"; };
		892B982DBBF00613315B36EF /* MGSplitDividerView.m */ = {isa = PBXFileReference; fileEncoding = 4; lastKnownFileType = sourcecode.c.objc; name = MGSplitDividerView.m; path = ../MGSplitViewController/Classes/MGSplitDividerView.m; sourceTree = "<group>"; };
		892B982DBBF00613315B36F4 /* MGSplitViewController.h */ = {isa = PBXFileReference; fileEncoding = 4; lastKnownFileType = sourcecode.c.h; name = MGSplitViewController.h; path = ../MGSplitViewController/Classes/MGSplitViewController.h; sourceTree = "<group>"; };
		892B982DBBF00613315B36F5 /* MGSplitViewController.m */ = {isa = PBXFileReference; fileEncoding = 4; lastKnownFileType = sourcecode.c.objc; name = MGSplitViewController.m; path = ../MGSplitViewController/Classes/MGSplitViewController.m; sourceTree = "<group>"; };
		892B982DBBF00613315B36F7 /* SnippetViewModel.m */ = {isa = PBXFileReference; fileEncoding = 4; lastKnownFileType = sourcecode.c.objc; path = SnippetViewModel.m; sourceTree = "<group>"; };
		892B982DBBF00613315B36F9 /* SnippetViewModel.h */ = {isa = PBXFileReference; fileEncoding = 4; lastKnownFileType = sourcecode.c.h; path = SnippetViewModel.h; sourceTree = "<group>"; };
		892B982DBBF00613315B36FA /* EditReplSplitViewController.m */ = {isa = PBXFileReference; fileEncoding = 4; lastKnownFileType = sourcecode.c.objc; path = EditReplSplitViewController.m; sourceTree = "<group>"; };
		892B982DBBF00613315B36FC /* EditReplSplitViewController.h */ = {isa = PBXFileReference; fileEncoding = 4; lastKnownFileType = sourcecode.c.h; path = EditReplSplitViewController.h; sourceTree = "<group>"; };
		892B982DBBF00613315B36FD /* SnippetFilterQuery.m */ = {isa = PBXFileReference; fileEncoding = 4; lastKnownFileType = sourcecode.c.objc; path = SnippetFilterQuery.m; sourceTree = "<group>"; };
		892B982DBBF00613315B36FF /* SnippetFilterQuery.h */ = {isa = PBXFileReference; fileEncoding = 4; lastKnownFileType = sourcecode.c.h; path = SnippetFilterQuery.h; sourceTree = "<group>"; };
		892B982DBBF00613315B3700 /* SnippetDBQuery.m */ = {isa = PBXFileReference; fileEncoding = 4; lastKnownFileType = sourcecode.c.objc; path = SnippetDBQuery.m; sourceTree = "<group>"; };
		892B982DBBF00613315B3702 /* SnippetDBQuery.h */ = {isa = PBXFileReference; fileEncoding = 4; lastKnownFileType = sourcecode.c.h; path = SnippetDBQuery.h; sourceTree = "<group>"; };
		892B982DBBF00613315B3703 /* SnippetQueryProtected.h */ = {isa = PBXFileReference; fileEncoding = 4; lastKnownFileType = sourcecode.c.h; path = SnippetQueryProtected.h; sourceTree = "<group>"; };
		892B982DBBF00613315B3704 /* SnippetListViewModel.m */ = {isa = PBXFileReference; fileEncoding = 4; lastKnownFileType = sourcecode.c.objc; path = SnippetListViewModel.m; sourceTree = "<group>"; };
		892B982DBBF00613315B3706 /* SnippetListViewModel.h */ = {isa = PBXFileReference; fileEncoding = 4; lastKnownFileType = text; path = SnippetListViewModel.h; sourceTree = "<group>"; };
		892B982DBBF00613315B3708 /* author.png */ = {isa = PBXFileReference; lastKnownFileType = image.png; path = author.png; sourceTree = "<group>"; };
		892B982DBBF00613315B370A /* author@2x.png */ = {isa = PBXFileReference; lastKnownFileType = image.png; path = "author@2x.png"; sourceTree = "<group>"; };
		892B982DBBF00613315B370C /* recent.png */ = {isa = PBXFileReference; lastKnownFileType = image.png; path = recent.png; sourceTree = "<group>"; };
		892B982DBBF00613315B370E /* recent@2x.png */ = {isa = PBXFileReference; lastKnownFileType = image.png; path = "recent@2x.png"; sourceTree = "<group>"; };
/* End PBXFileReference section */

/* Begin PBXFrameworksBuildPhase section */
		892B982DBBF00613315B35BA /* Frameworks */ = {
			isa = PBXFrameworksBuildPhase;
			buildActionMask = 2147483647;
			files = (
				2205F9D7160F4A0600422E41 /* libCouchCocoa.a in Frameworks */,
				22D028A5152EEF9700FB04D0 /* libQuickDialog.a in Frameworks */,
				2205F9C7160F435200422E41 /* libCrittercism_v3_3_4.a in Frameworks */,
				892B982DBBF00613315B35BE /* UIKit.framework in Frameworks */,
				892B982DBBF00613315B35C0 /* Foundation.framework in Frameworks */,
				892B982DBBF00613315B35C2 /* CoreGraphics.framework in Frameworks */,
				892B982DBBF00613315B36E0 /* QuartzCore.framework in Frameworks */,
				892B982DBBF00613315B36E2 /* SystemConfiguration.framework in Frameworks */,
				227B1440160F4D8C0071F9AF /* libCrittercism_v3_3_4.a in Frameworks */,
			);
			runOnlyForDeploymentPostprocessing = 0;
		};
/* End PBXFrameworksBuildPhase section */

/* Begin PBXGroup section */
		227B13D5160F4D8C0071F9AF /* CrittercismSDK */ = {
			isa = PBXGroup;
			children = (
				227B13D6160F4D8C0071F9AF /* CrashReporter.h */,
				227B13D7160F4D8C0071F9AF /* Crittercism.h */,
				227B13D8160F4D8C0071F9AF /* CrittercismJSONKit.h */,
				227B13D9160F4D8C0071F9AF /* CrittercismReachability.h */,
				227B13DA160F4D8C0071F9AF /* libCrittercism_v3_3_4.a */,
				227B13DB160F4D8C0071F9AF /* PLCrashAsync.h */,
				227B13DC160F4D8C0071F9AF /* PLCrashAsyncImage.h */,
				227B13DD160F4D8C0071F9AF /* PLCrashAsyncSignalInfo.h */,
				227B13DE160F4D8C0071F9AF /* PLCrashFrameWalker.h */,
				227B13DF160F4D8C0071F9AF /* PLCrashFrameWalker_arm.h */,
				227B13E0160F4D8C0071F9AF /* PLCrashFrameWalker_i386.h */,
				227B13E1160F4D8C0071F9AF /* PLCrashFrameWalker_ppc.h */,
				227B13E2160F4D8C0071F9AF /* PLCrashFrameWalker_x86_64.h */,
				227B13E3160F4D8C0071F9AF /* PLCrashLogWriter.h */,
				227B13E4160F4D8C0071F9AF /* PLCrashLogWriterEncoding.h */,
				227B13E5160F4D8C0071F9AF /* PLCrashReport.h */,
				227B13E6160F4D8C0071F9AF /* PLCrashReportApplicationInfo.h */,
				227B13E7160F4D8C0071F9AF /* PLCrashReportBinaryImageInfo.h */,
				227B13E8160F4D8C0071F9AF /* PLCrashReporter.h */,
				227B13E9160F4D8C0071F9AF /* PLCrashReportExceptionInfo.h */,
				227B13EA160F4D8C0071F9AF /* PLCrashReportFormatter.h */,
				227B13EB160F4D8C0071F9AF /* PLCrashReportMachineInfo.h */,
				227B13EC160F4D8C0071F9AF /* PLCrashReportProcessInfo.h */,
				227B13ED160F4D8C0071F9AF /* PLCrashReportProcessorInfo.h */,
				227B13EE160F4D8C0071F9AF /* PLCrashReportSignalInfo.h */,
				227B13EF160F4D8C0071F9AF /* PLCrashReportSystemInfo.h */,
				227B13F0160F4D8C0071F9AF /* PLCrashReportTextFormatter.h */,
				227B13F1160F4D8C0071F9AF /* PLCrashReportThreadInfo.h */,
				227B13F2160F4D8C0071F9AF /* PLCrashSignalHandler.h */,
				227B13F3160F4D8C0071F9AF /* PLCrashSysctl.h */,
				227B13F4160F4D8C0071F9AF /* Resources */,
			);
			path = CrittercismSDK;
			sourceTree = SOURCE_ROOT;
		};
		227B13F4160F4D8C0071F9AF /* Resources */ = {
			isa = PBXGroup;
			children = (
				227B13F5160F4D8C0071F9AF /* Images */,
				227B1437160F4D8C0071F9AF /* Nibs */,
			);
			path = Resources;
			sourceTree = "<group>";
		};
		227B13F5160F4D8C0071F9AF /* Images */ = {
			isa = PBXGroup;
			children = (
				227B13F6160F4D8C0071F9AF /* crittercism-arrow-l.png */,
				227B13F7160F4D8C0071F9AF /* crittercism-arrow-l@2x.png */,
				227B13F8160F4D8C0071F9AF /* crittercism-arrow-left-gray-border.png */,
				227B13F9160F4D8C0071F9AF /* crittercism-arrow-left-no-border.png */,
				227B13FA160F4D8C0071F9AF /* crittercism-arrow-left.png */,
				227B13FB160F4D8C0071F9AF /* crittercism-arrow-let-no-border.png */,
				227B13FC160F4D8C0071F9AF /* crittercism-arrow-r.png */,
				227B13FD160F4D8C0071F9AF /* crittercism-arrow-r@2x.png */,
				227B13FE160F4D8C0071F9AF /* crittercism-arrow-right-green-border.png */,
				227B13FF160F4D8C0071F9AF /* crittercism-arrow-right-no-border.png */,
				227B1400160F4D8C0071F9AF /* crittercism-avatar-default.png */,
				227B1401160F4D8C0071F9AF /* crittercism-avatar-us.png */,
				227B1402160F4D8C0071F9AF /* crittercism-bg-00.png */,
				227B1403160F4D8C0071F9AF /* crittercism-bg-categorize-as.png */,
				227B1404160F4D8C0071F9AF /* crittercism-bg-edit-form.png */,
				227B1405160F4D8C0071F9AF /* crittercism-bg-edit-form@2x~iphone.png */,
				227B1406160F4D8C0071F9AF /* crittercism-bg-inactive-overlay.png */,
				227B1407160F4D8C0071F9AF /* crittercism-bg-reply-to.png */,
				227B1408160F4D8C0071F9AF /* crittercism-btn-add-comment-sel.png */,
				227B1409160F4D8C0071F9AF /* crittercism-btn-add-comment.png */,
				227B140A160F4D8C0071F9AF /* crittercism-btn-cancel.png */,
				227B140B160F4D8C0071F9AF /* crittercism-btn-close.png */,
				227B140C160F4D8C0071F9AF /* crittercism-btn-submit.png */,
				227B140D160F4D8C0071F9AF /* crittercism-btn-thumbs-dn-default.png */,
				227B140E160F4D8C0071F9AF /* crittercism-btn-thumbs-dn-voted.png */,
				227B140F160F4D8C0071F9AF /* crittercism-btn-thumbs-up-default.png */,
				227B1410160F4D8C0071F9AF /* crittercism-btn-thumbs-up-pressed.png */,
				227B1411160F4D8C0071F9AF /* crittercism-btn-thumbs-up-pressed@2x.png */,
				227B1412160F4D8C0071F9AF /* crittercism-btn-thumbs-up-voted.png */,
				227B1413160F4D8C0071F9AF /* crittercism-btn-thumbs-up.png */,
				227B1414160F4D8C0071F9AF /* crittercism-btn-thumbs-up@2x.png */,
				227B1415160F4D8C0071F9AF /* crittercism-bug.png */,
				227B1416160F4D8C0071F9AF /* crittercism-checkbox-checked.png */,
				227B1417160F4D8C0071F9AF /* crittercism-checkbox-unchecked.png */,
				227B1418160F4D8C0071F9AF /* crittercism-dev-profile-halfsize.png */,
				227B1419160F4D8C0071F9AF /* crittercism-dev-profile-halfsize@2x.png */,
				227B141A160F4D8C0071F9AF /* crittercism-feedback-forum-bg-gradient.png */,
				227B141B160F4D8C0071F9AF /* crittercism-gray.png */,
				227B141C160F4D8C0071F9AF /* crittercism-green.png */,
				227B141D160F4D8C0071F9AF /* crittercism-hamster-ftw.png */,
				227B141E160F4D8C0071F9AF /* crittercism-hamster-twitter.png */,
				227B141F160F4D8C0071F9AF /* crittercism-hamster.png */,
				227B1420160F4D8C0071F9AF /* crittercism-icon-cat-idea.png */,
				227B1421160F4D8C0071F9AF /* crittercism-icon-cat-idea@2x.png */,
				227B1422160F4D8C0071F9AF /* crittercism-icon-cat-love.png */,
				227B1423160F4D8C0071F9AF /* crittercism-icon-cat-love@2x.png */,
				227B1424160F4D8C0071F9AF /* crittercism-icon-cat-problem.png */,
				227B1425160F4D8C0071F9AF /* crittercism-icon-cat-problem@2x.png */,
				227B1426160F4D8C0071F9AF /* crittercism-icon-cat-question.png */,
				227B1427160F4D8C0071F9AF /* crittercism-icon-cat-question@2x.png */,
				227B1428160F4D8C0071F9AF /* crittercism-icon-tab-01.png */,
				227B1429160F4D8C0071F9AF /* crittercism-idea.png */,
				227B142A160F4D8C0071F9AF /* crittercism-love.png */,
				227B142B160F4D8C0071F9AF /* crittercism-other.png */,
				227B142C160F4D8C0071F9AF /* crittercism-question.png */,
				227B142D160F4D8C0071F9AF /* crittercism-tab-icon@1x~iphone.png */,
				227B142E160F4D8C0071F9AF /* crittercism-tab-icon@2x~ipad.png */,
				227B142F160F4D8C0071F9AF /* crittercism-title-bar.png */,
				227B1430160F4D8C0071F9AF /* crittercism-user-arrow-l.png */,
				227B1431160F4D8C0071F9AF /* crittercism-user-arrow-l@2x.png */,
				227B1432160F4D8C0071F9AF /* crittercism-user-profile-halfsize.png */,
				227B1433160F4D8C0071F9AF /* crittercism-user-profile.png */,
				227B1434160F4D8C0071F9AF /* crittercism-user-profile@2x.png */,
				227B1435160F4D8C0071F9AF /* crittercism-votesLeftButton.png */,
				227B1436160F4D8C0071F9AF /* crittercism_icon.png */,
			);
			path = Images;
			sourceTree = "<group>";
		};
		227B1437160F4D8C0071F9AF /* Nibs */ = {
			isa = PBXGroup;
			children = (
				227B1438160F4D8C0071F9AF /* CrittercismAboutViewController.xib */,
				227B1439160F4D8C0071F9AF /* CrittercismAddCommentViewController.xib */,
				227B143A160F4D8C0071F9AF /* CrittercismAddViewController.xib */,
				227B143B160F4D8C0071F9AF /* CrittercismCell.xib */,
				227B143C160F4D8C0071F9AF /* CrittercismDescriptionViewController.xib */,
				227B143D160F4D8C0071F9AF /* CrittercismGridViewController.xib */,
				227B143E160F4D8C0071F9AF /* CrittercismRootViewController.xib */,
				227B143F160F4D8C0071F9AF /* CrittercismViewController.xib */,
			);
			path = Nibs;
			sourceTree = "<group>";
		};
		892B982DBBF00613315B35B0 = {
			isa = PBXGroup;
			children = (
				892B982DBBF00613315B3604 /* QuickDialog.xcodeproj */,
				892B982DBBF00613315B35EE /* CouchCocoa.xcodeproj */,
				892B982DBBF00613315B35B1 /* Products */,
				892B982DBBF00613315B35BC /* Frameworks */,
				892B982DBBF00613315B35C3 /* TryFS */,
			);
			sourceTree = "<group>";
		};
		892B982DBBF00613315B35B1 /* Products */ = {
			isa = PBXGroup;
			children = (
				892B982DBBF00613315B35B4 /* TryFS.app */,
			);
			name = Products;
			sourceTree = "<group>";
		};
		892B982DBBF00613315B35BC /* Frameworks */ = {
			isa = PBXGroup;
			children = (
				892B982DBBF00613315B36E1 /* SystemConfiguration.framework */,
				892B982DBBF00613315B36DF /* QuartzCore.framework */,
				892B982DBBF00613315B35C1 /* CoreGraphics.framework */,
				892B982DBBF00613315B35BF /* Foundation.framework */,
				892B982DBBF00613315B35BD /* UIKit.framework */,
			);
			name = Frameworks;
			sourceTree = "<group>";
		};
		892B982DBBF00613315B35C3 /* TryFS */ = {
			isa = PBXGroup;
			children = (
				2205F9C6160F435200422E41 /* libCrittercism_v3_3_4.a */,
				227B13D5160F4D8C0071F9AF /* CrittercismSDK */,
				892B982DBBF00613315B36E7 /* MGSplitViewController */,
				892B982DBBF00613315B35C4 /* Supporting Files */,
				892B982DBBF00613315B35CC /* AppDelegate.h */,
				892B982DBBF00613315B35CD /* AppDelegate.m */,
				892B982DBBF00613315B36FC /* EditReplSplitViewController.h */,
				892B982DBBF00613315B36FA /* EditReplSplitViewController.m */,
				892B982DBBF00613315B35DA /* EditViewController.h */,
				892B982DBBF00613315B35DB /* EditViewController.m */,
				892B982DBBF00613315B35DD /* EditViewController.xib */,
				892B982DBBF00613315B3629 /* InsetLabel.h */,
				892B982DBBF00613315B3627 /* InsetLabel.m */,
				892B982DBBF00613315B3600 /* KeyboardResizeMonitor.h */,
				892B982DBBF00613315B35FE /* KeyboardResizeMonitor.m */,
				892B982DBBF00613315B35DF /* ReplViewController.h */,
				892B982DBBF00613315B35E0 /* ReplViewController.m */,
				892B982DBBF00613315B35E2 /* ReplViewController.xib */,
				892B982DBBF00613315B3603 /* Session.h */,
				892B982DBBF00613315B3601 /* Session.m */,
				892B982DBBF00613315B35E6 /* Snippet.h */,
				892B982DBBF00613315B35E4 /* Snippet.m */,
				892B982DBBF00613315B3702 /* SnippetDBQuery.h */,
				892B982DBBF00613315B3700 /* SnippetDBQuery.m */,
				892B982DBBF00613315B36FF /* SnippetFilterQuery.h */,
				892B982DBBF00613315B36FD /* SnippetFilterQuery.m */,
				892B982DBBF00613315B35D1 /* SnippetListViewController.h */,
				892B982DBBF00613315B35D2 /* SnippetListViewController.m */,
				892B982DBBF00613315B35D4 /* SnippetListViewController.xib */,
				892B982DBBF00613315B3706 /* SnippetListViewModel.h */,
				892B982DBBF00613315B3704 /* SnippetListViewModel.m */,
				222856011557074A006D8A02 /* SnippetQuery.h */,
				222856021557074A006D8A02 /* SnippetQuery.m */,
				892B982DBBF00613315B3703 /* SnippetQueryProtected.h */,
				892B982DBBF00613315B36F9 /* SnippetViewModel.h */,
				892B982DBBF00613315B36F7 /* SnippetViewModel.m */,
			);
			path = TryFS;
			sourceTree = "<group>";
		};
		892B982DBBF00613315B35C4 /* Supporting Files */ = {
			isa = PBXGroup;
			children = (
				892B982DBBF00613315B3708 /* author.png */,
				892B982DBBF00613315B370A /* author@2x.png */,
				892B982DBBF00613315B360A /* couchdb.png */,
				892B982DBBF00613315B3612 /* couchdb@2x.png */,
				2205F9C0160F352700422E41 /* Default-568h@2x.png */,
				22D02889152CCF2700FB04D0 /* Default-Landscape@2x~ipad.png */,
				22D02887152CCF2600FB04D0 /* Default-Landscape~ipad.png */,
				22D02885152CCF2100FB04D0 /* Default-Portrait@2x~ipad.png */,
				22D02883152CCF1F00FB04D0 /* Default-Portrait~ipad.png */,
				22D0287F152CCF0F00FB04D0 /* Default.png */,
				22D02881152CCF1400FB04D0 /* Default@2x.png */,
				892B982DBBF00613315B361C /* github.png */,
				892B982DBBF00613315B361E /* github@2x.png */,
				22D02868152CB54A00FB04D0 /* Icon-72.png */,
				22D0286A152CB54D00FB04D0 /* Icon-72@2x.png */,
				22D02864152CB53B00FB04D0 /* Icon.png */,
				22D02866152CB53E00FB04D0 /* Icon@2x.png */,
				892B982DBBF00613315B35C7 /* InfoPlist.strings */,
				892B982DBBF00613315B3620 /* mail.png */,
				892B982DBBF00613315B3622 /* mail@2x.png */,
				892B982DBBF00613315B35C9 /* main.m */,
				892B982DBBF00613315B370C /* recent.png */,
				892B982DBBF00613315B370E /* recent@2x.png */,
				892B982DBBF00613315B35C5 /* TryFS-Info.plist */,
				892B982DBBF00613315B35CB /* TryFS-Prefix.pch */,
				892B982DBBF00613315B3618 /* twitter.png */,
				892B982DBBF00613315B361A /* twitter@2x.png */,
			);
			name = "Supporting Files";
			sourceTree = "<group>";
		};
		892B982DBBF00613315B35EF /* Products */ = {
			isa = PBXGroup;
			children = (
				892B982DBBF00613315B35F1 /* CouchCocoa.framework */,
				892B982DBBF00613315B35F3 /* Mac Tests.octest */,
				892B982DBBF00613315B35F5 /* Addresses.app */,
				892B982DBBF00613315B35F7 /* Shopping.app */,
				892B982DBBF00613315B35F9 /* CouchCocoa.framework */,
				892B982DBBF00613315B35FB /* libCouchCocoa.a */,
				892B982DBBF00613315B35FD /* iOS Tests.octest */,
			);
			name = Products;
			sourceTree = "<group>";
		};
		892B982DBBF00613315B3605 /* Products */ = {
			isa = PBXGroup;
			children = (
				892B982DBBF00613315B3607 /* QuickDialogExample.app */,
				892B982DBBF00613315B3609 /* libQuickDialog.a */,
			);
			name = Products;
			sourceTree = "<group>";
		};
		892B982DBBF00613315B36E7 /* MGSplitViewController */ = {
			isa = PBXGroup;
			children = (
				892B982DBBF00613315B36EB /* MGSplitCornersView.h */,
				892B982DBBF00613315B36EC /* MGSplitCornersView.m */,
				892B982DBBF00613315B36EE /* MGSplitDividerView.h */,
				892B982DBBF00613315B36EF /* MGSplitDividerView.m */,
				892B982DBBF00613315B36F4 /* MGSplitViewController.h */,
				892B982DBBF00613315B36F5 /* MGSplitViewController.m */,
			);
			name = MGSplitViewController;
			sourceTree = "<group>";
		};
/* End PBXGroup section */

/* Begin PBXNativeTarget section */
		892B982DBBF00613315B35B5 /* TryFS */ = {
			isa = PBXNativeTarget;
			buildConfigurationList = 892B982DBBF00613315B35B6 /* Build configuration list for PBXNativeTarget "TryFS" */;
			buildPhases = (
				892B982DBBF00613315B35B9 /* Sources */,
				892B982DBBF00613315B35BA /* Frameworks */,
				892B982DBBF00613315B35BB /* Resources */,
			);
			buildRules = (
			);
			dependencies = (
				2205F9D6160F49FC00422E41 /* PBXTargetDependency */,
				2205F9D2160F48E800422E41 /* PBXTargetDependency */,
			);
			name = TryFS;
			productName = TryFS;
			productReference = 892B982DBBF00613315B35B4 /* TryFS.app */;
			productType = "com.apple.product-type.application";
		};
/* End PBXNativeTarget section */

/* Begin PBXProject section */
		892B982DBBF00613315B35AE /* Project object */ = {
			isa = PBXProject;
			attributes = {
				LastUpgradeCheck = 0430;
			};
			buildConfigurationList = 892B982DBBF00613315B35AF /* Build configuration list for PBXProject "TryFS" */;
			compatibilityVersion = "Xcode 3.2";
			developmentRegion = English;
			hasScannedForEncodings = 0;
			knownRegions = (
				en,
			);
			mainGroup = 892B982DBBF00613315B35B0;
			productRefGroup = 892B982DBBF00613315B35B1 /* Products */;
			projectDirPath = "";
			projectReferences = (
				{
					ProductGroup = 892B982DBBF00613315B35EF /* Products */;
					ProjectRef = 892B982DBBF00613315B35EE /* CouchCocoa.xcodeproj */;
				},
				{
					ProductGroup = 892B982DBBF00613315B3605 /* Products */;
					ProjectRef = 892B982DBBF00613315B3604 /* QuickDialog.xcodeproj */;
				},
			);
			projectRoot = "";
			targets = (
				892B982DBBF00613315B35B5 /* TryFS */,
			);
		};
/* End PBXProject section */

/* Begin PBXReferenceProxy section */
		892B982DBBF00613315B35F1 /* CouchCocoa.framework */ = {
			isa = PBXReferenceProxy;
			fileType = wrapper.framework;
			path = CouchCocoa.framework;
			remoteRef = 892B982DBBF00613315B35F0 /* PBXContainerItemProxy */;
			sourceTree = BUILT_PRODUCTS_DIR;
		};
		892B982DBBF00613315B35F3 /* Mac Tests.octest */ = {
			isa = PBXReferenceProxy;
			fileType = wrapper.cfbundle;
			path = "Mac Tests.octest";
			remoteRef = 892B982DBBF00613315B35F2 /* PBXContainerItemProxy */;
			sourceTree = BUILT_PRODUCTS_DIR;
		};
		892B982DBBF00613315B35F5 /* Addresses.app */ = {
			isa = PBXReferenceProxy;
			fileType = wrapper.application;
			path = Addresses.app;
			remoteRef = 892B982DBBF00613315B35F4 /* PBXContainerItemProxy */;
			sourceTree = BUILT_PRODUCTS_DIR;
		};
		892B982DBBF00613315B35F7 /* Shopping.app */ = {
			isa = PBXReferenceProxy;
			fileType = wrapper.application;
			path = Shopping.app;
			remoteRef = 892B982DBBF00613315B35F6 /* PBXContainerItemProxy */;
			sourceTree = BUILT_PRODUCTS_DIR;
		};
		892B982DBBF00613315B35F9 /* CouchCocoa.framework */ = {
			isa = PBXReferenceProxy;
			fileType = wrapper.cfbundle;
			path = CouchCocoa.framework;
			remoteRef = 892B982DBBF00613315B35F8 /* PBXContainerItemProxy */;
			sourceTree = BUILT_PRODUCTS_DIR;
		};
		892B982DBBF00613315B35FB /* libCouchCocoa.a */ = {
			isa = PBXReferenceProxy;
			fileType = archive.ar;
			path = libCouchCocoa.a;
			remoteRef = 892B982DBBF00613315B35FA /* PBXContainerItemProxy */;
			sourceTree = BUILT_PRODUCTS_DIR;
		};
		892B982DBBF00613315B35FD /* iOS Tests.octest */ = {
			isa = PBXReferenceProxy;
			fileType = wrapper.cfbundle;
			path = "iOS Tests.octest";
			remoteRef = 892B982DBBF00613315B35FC /* PBXContainerItemProxy */;
			sourceTree = BUILT_PRODUCTS_DIR;
		};
		892B982DBBF00613315B3607 /* QuickDialogExample.app */ = {
			isa = PBXReferenceProxy;
			fileType = wrapper.application;
			path = QuickDialogExample.app;
			remoteRef = 892B982DBBF00613315B3606 /* PBXContainerItemProxy */;
			sourceTree = BUILT_PRODUCTS_DIR;
		};
		892B982DBBF00613315B3609 /* libQuickDialog.a */ = {
			isa = PBXReferenceProxy;
			fileType = archive.ar;
			path = libQuickDialog.a;
			remoteRef = 892B982DBBF00613315B3608 /* PBXContainerItemProxy */;
			sourceTree = BUILT_PRODUCTS_DIR;
		};
/* End PBXReferenceProxy section */

/* Begin PBXResourcesBuildPhase section */
		892B982DBBF00613315B35BB /* Resources */ = {
			isa = PBXResourcesBuildPhase;
			buildActionMask = 2147483647;
			files = (
				892B982DBBF00613315B35C8 /* InfoPlist.strings in Resources */,
				892B982DBBF00613315B35D5 /* SnippetListViewController.xib in Resources */,
				892B982DBBF00613315B35DE /* EditViewController.xib in Resources */,
				892B982DBBF00613315B35E3 /* ReplViewController.xib in Resources */,
				22D02865152CB53B00FB04D0 /* Icon.png in Resources */,
				22D02867152CB53E00FB04D0 /* Icon@2x.png in Resources */,
				22D02869152CB54A00FB04D0 /* Icon-72.png in Resources */,
				22D0286B152CB54D00FB04D0 /* Icon-72@2x.png in Resources */,
				22D02880152CCF0F00FB04D0 /* Default.png in Resources */,
				22D02882152CCF1400FB04D0 /* Default@2x.png in Resources */,
				22D02884152CCF1F00FB04D0 /* Default-Portrait~ipad.png in Resources */,
				22D02886152CCF2100FB04D0 /* Default-Portrait@2x~ipad.png in Resources */,
				22D02888152CCF2600FB04D0 /* Default-Landscape~ipad.png in Resources */,
				22D0288A152CCF2700FB04D0 /* Default-Landscape@2x~ipad.png in Resources */,
				892B982DBBF00613315B360B /* couchdb.png in Resources */,
				892B982DBBF00613315B3613 /* couchdb@2x.png in Resources */,
				892B982DBBF00613315B3619 /* twitter.png in Resources */,
				892B982DBBF00613315B361B /* twitter@2x.png in Resources */,
				892B982DBBF00613315B361D /* github.png in Resources */,
				892B982DBBF00613315B361F /* github@2x.png in Resources */,
				892B982DBBF00613315B3621 /* mail.png in Resources */,
				892B982DBBF00613315B3623 /* mail@2x.png in Resources */,
				892B982DBBF00613315B3707 /* SnippetListViewModel.h in Resources */,
				892B982DBBF00613315B3709 /* author.png in Resources */,
				892B982DBBF00613315B370B /* author@2x.png in Resources */,
				892B982DBBF00613315B370D /* recent.png in Resources */,
				892B982DBBF00613315B370F /* recent@2x.png in Resources */,
				2205F9C1160F352700422E41 /* Default-568h@2x.png in Resources */,
				227B1441160F4D8C0071F9AF /* crittercism-arrow-l.png in Resources */,
				227B1442160F4D8C0071F9AF /* crittercism-arrow-l@2x.png in Resources */,
				227B1443160F4D8C0071F9AF /* crittercism-arrow-left-gray-border.png in Resources */,
				227B1444160F4D8C0071F9AF /* crittercism-arrow-left-no-border.png in Resources */,
				227B1445160F4D8C0071F9AF /* crittercism-arrow-left.png in Resources */,
				227B1446160F4D8C0071F9AF /* crittercism-arrow-let-no-border.png in Resources */,
				227B1447160F4D8C0071F9AF /* crittercism-arrow-r.png in Resources */,
				227B1448160F4D8C0071F9AF /* crittercism-arrow-r@2x.png in Resources */,
				227B1449160F4D8C0071F9AF /* crittercism-arrow-right-green-border.png in Resources */,
				227B144A160F4D8C0071F9AF /* crittercism-arrow-right-no-border.png in Resources */,
				227B144B160F4D8C0071F9AF /* crittercism-avatar-default.png in Resources */,
				227B144C160F4D8C0071F9AF /* crittercism-avatar-us.png in Resources */,
				227B144D160F4D8C0071F9AF /* crittercism-bg-00.png in Resources */,
				227B144E160F4D8C0071F9AF /* crittercism-bg-categorize-as.png in Resources */,
				227B144F160F4D8C0071F9AF /* crittercism-bg-edit-form.png in Resources */,
				227B1450160F4D8C0071F9AF /* crittercism-bg-edit-form@2x~iphone.png in Resources */,
				227B1451160F4D8C0071F9AF /* crittercism-bg-inactive-overlay.png in Resources */,
				227B1452160F4D8C0071F9AF /* crittercism-bg-reply-to.png in Resources */,
				227B1453160F4D8C0071F9AF /* crittercism-btn-add-comment-sel.png in Resources */,
				227B1454160F4D8C0071F9AF /* crittercism-btn-add-comment.png in Resources */,
				227B1455160F4D8C0071F9AF /* crittercism-btn-cancel.png in Resources */,
				227B1456160F4D8C0071F9AF /* crittercism-btn-close.png in Resources */,
				227B1457160F4D8C0071F9AF /* crittercism-btn-submit.png in Resources */,
				227B1458160F4D8C0071F9AF /* crittercism-btn-thumbs-dn-default.png in Resources */,
				227B1459160F4D8C0071F9AF /* crittercism-btn-thumbs-dn-voted.png in Resources */,
				227B145A160F4D8C0071F9AF /* crittercism-btn-thumbs-up-default.png in Resources */,
				227B145B160F4D8C0071F9AF /* crittercism-btn-thumbs-up-pressed.png in Resources */,
				227B145C160F4D8C0071F9AF /* crittercism-btn-thumbs-up-pressed@2x.png in Resources */,
				227B145D160F4D8C0071F9AF /* crittercism-btn-thumbs-up-voted.png in Resources */,
				227B145E160F4D8C0071F9AF /* crittercism-btn-thumbs-up.png in Resources */,
				227B145F160F4D8C0071F9AF /* crittercism-btn-thumbs-up@2x.png in Resources */,
				227B1460160F4D8C0071F9AF /* crittercism-bug.png in Resources */,
				227B1461160F4D8C0071F9AF /* crittercism-checkbox-checked.png in Resources */,
				227B1462160F4D8C0071F9AF /* crittercism-checkbox-unchecked.png in Resources */,
				227B1463160F4D8C0071F9AF /* crittercism-dev-profile-halfsize.png in Resources */,
				227B1464160F4D8C0071F9AF /* crittercism-dev-profile-halfsize@2x.png in Resources */,
				227B1465160F4D8C0071F9AF /* crittercism-feedback-forum-bg-gradient.png in Resources */,
				227B1466160F4D8C0071F9AF /* crittercism-gray.png in Resources */,
				227B1467160F4D8C0071F9AF /* crittercism-green.png in Resources */,
				227B1468160F4D8C0071F9AF /* crittercism-hamster-ftw.png in Resources */,
				227B1469160F4D8C0071F9AF /* crittercism-hamster-twitter.png in Resources */,
				227B146A160F4D8C0071F9AF /* crittercism-hamster.png in Resources */,
				227B146B160F4D8C0071F9AF /* crittercism-icon-cat-idea.png in Resources */,
				227B146C160F4D8C0071F9AF /* crittercism-icon-cat-idea@2x.png in Resources */,
				227B146D160F4D8C0071F9AF /* crittercism-icon-cat-love.png in Resources */,
				227B146E160F4D8C0071F9AF /* crittercism-icon-cat-love@2x.png in Resources */,
				227B146F160F4D8C0071F9AF /* crittercism-icon-cat-problem.png in Resources */,
				227B1470160F4D8C0071F9AF /* crittercism-icon-cat-problem@2x.png in Resources */,
				227B1471160F4D8C0071F9AF /* crittercism-icon-cat-question.png in Resources */,
				227B1472160F4D8C0071F9AF /* crittercism-icon-cat-question@2x.png in Resources */,
				227B1473160F4D8C0071F9AF /* crittercism-icon-tab-01.png in Resources */,
				227B1474160F4D8C0071F9AF /* crittercism-idea.png in Resources */,
				227B1475160F4D8C0071F9AF /* crittercism-love.png in Resources */,
				227B1476160F4D8C0071F9AF /* crittercism-other.png in Resources */,
				227B1477160F4D8C0071F9AF /* crittercism-question.png in Resources */,
				227B1478160F4D8C0071F9AF /* crittercism-tab-icon@1x~iphone.png in Resources */,
				227B1479160F4D8C0071F9AF /* crittercism-tab-icon@2x~ipad.png in Resources */,
				227B147A160F4D8C0071F9AF /* crittercism-title-bar.png in Resources */,
				227B147B160F4D8C0071F9AF /* crittercism-user-arrow-l.png in Resources */,
				227B147C160F4D8C0071F9AF /* crittercism-user-arrow-l@2x.png in Resources */,
				227B147D160F4D8C0071F9AF /* crittercism-user-profile-halfsize.png in Resources */,
				227B147E160F4D8C0071F9AF /* crittercism-user-profile.png in Resources */,
				227B147F160F4D8C0071F9AF /* crittercism-user-profile@2x.png in Resources */,
				227B1480160F4D8C0071F9AF /* crittercism-votesLeftButton.png in Resources */,
				227B1481160F4D8C0071F9AF /* crittercism_icon.png in Resources */,
				227B1482160F4D8C0071F9AF /* CrittercismAboutViewController.xib in Resources */,
				227B1483160F4D8C0071F9AF /* CrittercismAddCommentViewController.xib in Resources */,
				227B1484160F4D8C0071F9AF /* CrittercismAddViewController.xib in Resources */,
				227B1485160F4D8C0071F9AF /* CrittercismCell.xib in Resources */,
				227B1486160F4D8C0071F9AF /* CrittercismDescriptionViewController.xib in Resources */,
				227B1487160F4D8C0071F9AF /* CrittercismGridViewController.xib in Resources */,
				227B1488160F4D8C0071F9AF /* CrittercismRootViewController.xib in Resources */,
				227B1489160F4D8C0071F9AF /* CrittercismViewController.xib in Resources */,
			);
			runOnlyForDeploymentPostprocessing = 0;
		};
/* End PBXResourcesBuildPhase section */

/* Begin PBXSourcesBuildPhase section */
		892B982DBBF00613315B35B9 /* Sources */ = {
			isa = PBXSourcesBuildPhase;
			buildActionMask = 2147483647;
			files = (
				892B982DBBF00613315B35CA /* main.m in Sources */,
				892B982DBBF00613315B35CE /* AppDelegate.m in Sources */,
				892B982DBBF00613315B35D3 /* SnippetListViewController.m in Sources */,
				892B982DBBF00613315B35DC /* EditViewController.m in Sources */,
				892B982DBBF00613315B35E1 /* ReplViewController.m in Sources */,
				892B982DBBF00613315B35E5 /* Snippet.m in Sources */,
				892B982DBBF00613315B35FF /* KeyboardResizeMonitor.m in Sources */,
				892B982DBBF00613315B3602 /* Session.m in Sources */,
				892B982DBBF00613315B3628 /* InsetLabel.m in Sources */,
				892B982DBBF00613315B36ED /* MGSplitCornersView.m in Sources */,
				892B982DBBF00613315B36F0 /* MGSplitDividerView.m in Sources */,
				892B982DBBF00613315B36F6 /* MGSplitViewController.m in Sources */,
				892B982DBBF00613315B36F8 /* SnippetViewModel.m in Sources */,
				892B982DBBF00613315B36FB /* EditReplSplitViewController.m in Sources */,
				222856031557074A006D8A02 /* SnippetQuery.m in Sources */,
				892B982DBBF00613315B36FE /* SnippetFilterQuery.m in Sources */,
				892B982DBBF00613315B3701 /* SnippetDBQuery.m in Sources */,
				892B982DBBF00613315B3705 /* SnippetListViewModel.m in Sources */,
			);
			runOnlyForDeploymentPostprocessing = 0;
		};
/* End PBXSourcesBuildPhase section */

/* Begin PBXTargetDependency section */
		2205F9D2160F48E800422E41 /* PBXTargetDependency */ = {
			isa = PBXTargetDependency;
			name = QuickDialog;
			targetProxy = 2205F9D1160F48E800422E41 /* PBXContainerItemProxy */;
		};
		2205F9D6160F49FC00422E41 /* PBXTargetDependency */ = {
			isa = PBXTargetDependency;
			name = "iOS Library";
			targetProxy = 2205F9D5160F49FC00422E41 /* PBXContainerItemProxy */;
		};
/* End PBXTargetDependency section */

/* Begin PBXVariantGroup section */
		892B982DBBF00613315B35C7 /* InfoPlist.strings */ = {
			isa = PBXVariantGroup;
			children = (
				892B982DBBF00613315B35C6 /* en */,
			);
			name = InfoPlist.strings;
			sourceTree = "<group>";
		};
/* End PBXVariantGroup section */

/* Begin XCBuildConfiguration section */
		892B982DBBF00613315B35B2 /* Release */ = {
			isa = XCBuildConfiguration;
			buildSettings = {
				ALWAYS_SEARCH_USER_PATHS = NO;
				ARCHS = "$(ARCHS_STANDARD_32_BIT)";
				CODE_SIGN_IDENTITY = "iPhone Distribution";
				"CODE_SIGN_IDENTITY[sdk=iphoneos*]" = "iPhone Distribution";
				COPY_PHASE_STRIP = YES;
				GCC_C_LANGUAGE_STANDARD = gnu99;
				GCC_VERSION = com.apple.compilers.llvm.clang.1_0;
				GCC_WARN_ABOUT_RETURN_TYPE = YES;
				GCC_WARN_UNINITIALIZED_AUTOS = YES;
				GCC_WARN_UNUSED_VARIABLE = YES;
				IPHONEOS_DEPLOYMENT_TARGET = 5.0;
				OTHER_CFLAGS = "-DNS_BLOCK_ASSERTIONS=1";
				PROVISIONING_PROFILE = "";
				"PROVISIONING_PROFILE[sdk=iphoneos*]" = "";
				SDKROOT = iphoneos;
				TARGETED_DEVICE_FAMILY = "1,2";
				VALIDATE_PRODUCT = YES;
			};
			name = Release;
		};
		892B982DBBF00613315B35B3 /* Debug */ = {
			isa = XCBuildConfiguration;
			buildSettings = {
				ALWAYS_SEARCH_USER_PATHS = NO;
				ARCHS = "$(ARCHS_STANDARD_32_BIT)";
				"CODE_SIGN_IDENTITY[sdk=iphoneos*]" = "iPhone Developer";
				COPY_PHASE_STRIP = NO;
				GCC_C_LANGUAGE_STANDARD = gnu99;
				GCC_DYNAMIC_NO_PIC = NO;
				GCC_OPTIMIZATION_LEVEL = 0;
				GCC_PREPROCESSOR_DEFINITIONS = (
					"DEBUG=1",
					"$(inherited)",
				);
				GCC_SYMBOLS_PRIVATE_EXTERN = NO;
				GCC_VERSION = com.apple.compilers.llvm.clang.1_0;
				GCC_WARN_ABOUT_RETURN_TYPE = YES;
				GCC_WARN_UNINITIALIZED_AUTOS = YES;
				GCC_WARN_UNUSED_VARIABLE = YES;
				IPHONEOS_DEPLOYMENT_TARGET = 5.0;
				SDKROOT = iphoneos;
				TARGETED_DEVICE_FAMILY = "1,2";
			};
			name = Debug;
		};
		892B982DBBF00613315B35B7 /* Release */ = {
			isa = XCBuildConfiguration;
			buildSettings = {
				FRAMEWORK_SEARCH_PATHS = "\"${PROJECT_DIR}/**";
				GCC_PRECOMPILE_PREFIX_HEADER = YES;
				GCC_PREFIX_HEADER = "TryFS/TryFS-Prefix.pch";
				INFOPLIST_FILE = "TryFS/TryFS-Info.plist";
				LIBRARY_SEARCH_PATHS = (
					"\"${PROJECT_DIR}/CrittercismSDK/**\"",
					"\"$(SRCROOT)/CrittercismSDK\"",
				);
				PRODUCT_NAME = "$(TARGET_NAME)";
				USER_HEADER_SEARCH_PATHS = "\"${PROJECT_DIR}/CouchCocoa\"/** \"${PROJECT_DIR}/QuickDialog\"/** \"${PROJECT_DIR}/MGSplitViewController\"/** \"${PROJECT_DIR}/CrittercismSDK\"/**";
				WRAPPER_EXTENSION = app;
			};
			name = Release;
		};
		892B982DBBF00613315B35B8 /* Debug */ = {
			isa = XCBuildConfiguration;
			buildSettings = {
				FRAMEWORK_SEARCH_PATHS = "\"${PROJECT_DIR}/**";
				GCC_PRECOMPILE_PREFIX_HEADER = YES;
				GCC_PREFIX_HEADER = "TryFS/TryFS-Prefix.pch";
				INFOPLIST_FILE = "TryFS/TryFS-Info.plist";
				LIBRARY_SEARCH_PATHS = (
					"\"${PROJECT_DIR}/CrittercismSDK/**\"",
					"\"$(SRCROOT)/CrittercismSDK\"",
				);
				PRODUCT_NAME = "$(TARGET_NAME)";
				USER_HEADER_SEARCH_PATHS = "\"${PROJECT_DIR}/CouchCocoa\"/** \"${PROJECT_DIR}/QuickDialog\"/** \"${PROJECT_DIR}/MGSplitViewController\"/** \"${PROJECT_DIR}/CrittercismSDK\"/**";
				WRAPPER_EXTENSION = app;
			};
			name = Debug;
		};
/* End XCBuildConfiguration section */

/* Begin XCConfigurationList section */
		892B982DBBF00613315B35AF /* Build configuration list for PBXProject "TryFS" */ = {
			isa = XCConfigurationList;
			buildConfigurations = (
				892B982DBBF00613315B35B2 /* Release */,
				892B982DBBF00613315B35B3 /* Debug */,
			);
			defaultConfigurationIsVisible = 0;
			defaultConfigurationName = Release;
		};
		892B982DBBF00613315B35B6 /* Build configuration list for PBXNativeTarget "TryFS" */ = {
			isa = XCConfigurationList;
			buildConfigurations = (
				892B982DBBF00613315B35B7 /* Release */,
				892B982DBBF00613315B35B8 /* Debug */,
			);
			defaultConfigurationIsVisible = 0;
			defaultConfigurationName = Release;
		};
/* End XCConfigurationList section */
	};
	rootObject = 892B982DBBF00613315B35AE /* Project object */;
}
