// !$*UTF8*$!
{
	archiveVersion = 1;
	classes = {
	};
	objectVersion = 46;
	objects = {

/* Begin PBXBuildFile section */
		22D028071526F58C00FB04D0 /* libCouchCocoa.a in Frameworks */ = {isa = PBXBuildFile; fileRef = 892B982DBBF00613315B35FB /* libCouchCocoa.a */; };
		22D02865152CB53B00FB04D0 /* Icon.png in Resources */ = {isa = PBXBuildFile; fileRef = 22D02864152CB53B00FB04D0 /* Icon.png */; };
		22D02867152CB53E00FB04D0 /* Icon@2x.png in Resources */ = {isa = PBXBuildFile; fileRef = 22D02866152CB53E00FB04D0 /* Icon@2x.png */; };
		22D02869152CB54A00FB04D0 /* Icon-72.png in Resources */ = {isa = PBXBuildFile; fileRef = 22D02868152CB54A00FB04D0 /* Icon-72.png */; };
		22D0286B152CB54D00FB04D0 /* Icon-72@2x.png in Resources */ = {isa = PBXBuildFile; fileRef = 22D0286A152CB54D00FB04D0 /* Icon-72@2x.png */; };
		22D02880152CCF0F00FB04D0 /* Default.png in Resources */ = {isa = PBXBuildFile; fileRef = 22D0287F152CCF0F00FB04D0 /* Default.png */; };
		22D02882152CCF1400FB04D0 /* Default@2x.png in Resources */ = {isa = PBXBuildFile; fileRef = 22D02881152CCF1400FB04D0 /* Default@2x.png */; };
		22D02884152CCF1F00FB04D0 /* Default-Portrait~ipad.png in Resources */ = {isa = PBXBuildFile; fileRef = 22D02883152CCF1F00FB04D0 /* Default-Portrait~ipad.png */; };
		22D02886152CCF2100FB04D0 /* Default-Portrait@2x~ipad.png in Resources */ = {isa = PBXBuildFile; fileRef = 22D02885152CCF2100FB04D0 /* Default-Portrait@2x~ipad.png */; };
		22D02888152CCF2600FB04D0 /* Default-Landscape~ipad.png in Resources */ = {isa = PBXBuildFile; fileRef = 22D02887152CCF2600FB04D0 /* Default-Landscape~ipad.png */; };
		22D0288A152CCF2700FB04D0 /* Default-Landscape@2x~ipad.png in Resources */ = {isa = PBXBuildFile; fileRef = 22D02889152CCF2700FB04D0 /* Default-Landscape@2x~ipad.png */; };
		22D028A5152EEF9700FB04D0 /* libQuickDialog.a in Frameworks */ = {isa = PBXBuildFile; fileRef = 892B982DBBF00613315B3609 /* libQuickDialog.a */; };
		892B982DBBF00613315B35BE /* UIKit.framework in Frameworks */ = {isa = PBXBuildFile; fileRef = 892B982DBBF00613315B35BD /* UIKit.framework */; };
		892B982DBBF00613315B35C0 /* Foundation.framework in Frameworks */ = {isa = PBXBuildFile; fileRef = 892B982DBBF00613315B35BF /* Foundation.framework */; };
		892B982DBBF00613315B35C2 /* CoreGraphics.framework in Frameworks */ = {isa = PBXBuildFile; fileRef = 892B982DBBF00613315B35C1 /* CoreGraphics.framework */; };
		892B982DBBF00613315B35C8 /* InfoPlist.strings in Resources */ = {isa = PBXBuildFile; fileRef = 892B982DBBF00613315B35C7 /* InfoPlist.strings */; };
		892B982DBBF00613315B35CA /* main.m in Sources */ = {isa = PBXBuildFile; fileRef = 892B982DBBF00613315B35C9 /* main.m */; };
		892B982DBBF00613315B35CE /* AppDelegate.m in Sources */ = {isa = PBXBuildFile; fileRef = 892B982DBBF00613315B35CD /* AppDelegate.m */; };
		892B982DBBF00613315B35D3 /* SnippetViewController.m in Sources */ = {isa = PBXBuildFile; fileRef = 892B982DBBF00613315B35D2 /* SnippetViewController.m */; };
		892B982DBBF00613315B35D5 /* SnippetViewController.xib in Resources */ = {isa = PBXBuildFile; fileRef = 892B982DBBF00613315B35D4 /* SnippetViewController.xib */; };
		892B982DBBF00613315B35DC /* EditViewController.m in Sources */ = {isa = PBXBuildFile; fileRef = 892B982DBBF00613315B35DB /* EditViewController.m */; };
		892B982DBBF00613315B35DE /* EditViewController.xib in Resources */ = {isa = PBXBuildFile; fileRef = 892B982DBBF00613315B35DD /* EditViewController.xib */; };
		892B982DBBF00613315B35E1 /* ReplViewController.m in Sources */ = {isa = PBXBuildFile; fileRef = 892B982DBBF00613315B35E0 /* ReplViewController.m */; };
		892B982DBBF00613315B35E3 /* ReplViewController.xib in Resources */ = {isa = PBXBuildFile; fileRef = 892B982DBBF00613315B35E2 /* ReplViewController.xib */; };
		892B982DBBF00613315B35E5 /* SnippetInfo.m in Sources */ = {isa = PBXBuildFile; fileRef = 892B982DBBF00613315B35E4 /* SnippetInfo.m */; };
		892B982DBBF00613315B35E9 /* SnippetDetailViewController.m in Sources */ = {isa = PBXBuildFile; fileRef = 892B982DBBF00613315B35E8 /* SnippetDetailViewController.m */; };
		892B982DBBF00613315B35EB /* SnippetDetailViewController.xib in Resources */ = {isa = PBXBuildFile; fileRef = 892B982DBBF00613315B35EA /* SnippetDetailViewController.xib */; };
		892B982DBBF00613315B35FF /* KeyboardResizeMonitor.m in Sources */ = {isa = PBXBuildFile; fileRef = 892B982DBBF00613315B35FE /* KeyboardResizeMonitor.m */; };
		892B982DBBF00613315B3602 /* Session.m in Sources */ = {isa = PBXBuildFile; fileRef = 892B982DBBF00613315B3601 /* Session.m */; };
		892B982DBBF00613315B360B /* couchdb.png in Resources */ = {isa = PBXBuildFile; fileRef = 892B982DBBF00613315B360A /* couchdb.png */; };
		892B982DBBF00613315B3613 /* couchdb@2x.png in Resources */ = {isa = PBXBuildFile; fileRef = 892B982DBBF00613315B3612 /* couchdb@2x.png */; };
		892B982DBBF00613315B3619 /* twitter.png in Resources */ = {isa = PBXBuildFile; fileRef = 892B982DBBF00613315B3618 /* twitter.png */; };
		892B982DBBF00613315B361B /* twitter@2x.png in Resources */ = {isa = PBXBuildFile; fileRef = 892B982DBBF00613315B361A /* twitter@2x.png */; };
		892B982DBBF00613315B361D /* github.png in Resources */ = {isa = PBXBuildFile; fileRef = 892B982DBBF00613315B361C /* github.png */; };
		892B982DBBF00613315B361F /* github@2x.png in Resources */ = {isa = PBXBuildFile; fileRef = 892B982DBBF00613315B361E /* github@2x.png */; };
		892B982DBBF00613315B3621 /* mail.png in Resources */ = {isa = PBXBuildFile; fileRef = 892B982DBBF00613315B3620 /* mail.png */; };
		892B982DBBF00613315B3623 /* mail@2x.png in Resources */ = {isa = PBXBuildFile; fileRef = 892B982DBBF00613315B3622 /* mail@2x.png */; };
		892B982DBBF00613315B3628 /* InsetLabel.m in Sources */ = {isa = PBXBuildFile; fileRef = 892B982DBBF00613315B3627 /* InsetLabel.m */; };
/* End PBXBuildFile section */

/* Begin PBXContainerItemProxy section */
		892B982DBBF00613315B35F0 /* PBXContainerItemProxy */ = {
			isa = PBXContainerItemProxy;
			containerPortal = 892B982DBBF00613315B35EE /* CouchCocoa.xcodeproj */;
			proxyType = 2;
			remoteGlobalIDString = 74CD20473B2948D304C2FDA5;
			remoteInfo = "Mac Framework";
		};
		892B982DBBF00613315B35F2 /* PBXContainerItemProxy */ = {
			isa = PBXContainerItemProxy;
			containerPortal = 892B982DBBF00613315B35EE /* CouchCocoa.xcodeproj */;
			proxyType = 2;
			remoteGlobalIDString = DBE748A39315B534D6FD1F22;
			remoteInfo = "Mac Tests";
		};
		892B982DBBF00613315B35F4 /* PBXContainerItemProxy */ = {
			isa = PBXContainerItemProxy;
			containerPortal = 892B982DBBF00613315B35EE /* CouchCocoa.xcodeproj */;
			proxyType = 2;
			remoteGlobalIDString = C2BF4344BA3BB9B586D3A5F1;
			remoteInfo = "Demo-Addresses";
		};
		892B982DBBF00613315B35F6 /* PBXContainerItemProxy */ = {
			isa = PBXContainerItemProxy;
			containerPortal = 892B982DBBF00613315B35EE /* CouchCocoa.xcodeproj */;
			proxyType = 2;
			remoteGlobalIDString = 821157B5685E2A3A7FBE4D50;
			remoteInfo = "Demo-Shopping";
		};
		892B982DBBF00613315B35F8 /* PBXContainerItemProxy */ = {
			isa = PBXContainerItemProxy;
			containerPortal = 892B982DBBF00613315B35EE /* CouchCocoa.xcodeproj */;
			proxyType = 2;
			remoteGlobalIDString = 1876E0E37652B01D4CFA1BF4;
			remoteInfo = "iOS Framework";
		};
		892B982DBBF00613315B35FA /* PBXContainerItemProxy */ = {
			isa = PBXContainerItemProxy;
			containerPortal = 892B982DBBF00613315B35EE /* CouchCocoa.xcodeproj */;
			proxyType = 2;
			remoteGlobalIDString = 490C97D57B6F89054E9B7BB4;
			remoteInfo = "iOS Library";
		};
		892B982DBBF00613315B35FC /* PBXContainerItemProxy */ = {
			isa = PBXContainerItemProxy;
			containerPortal = 892B982DBBF00613315B35EE /* CouchCocoa.xcodeproj */;
			proxyType = 2;
			remoteGlobalIDString = 05D1289182B06B6C560A4038;
			remoteInfo = "iOS Tests";
		};
		892B982DBBF00613315B3606 /* PBXContainerItemProxy */ = {
			isa = PBXContainerItemProxy;
			containerPortal = 892B982DBBF00613315B3604 /* QuickDialog.xcodeproj */;
			proxyType = 2;
			remoteGlobalIDString = A22B94687C2F03879993F0C5;
			remoteInfo = QuickDialogExample;
		};
		892B982DBBF00613315B3608 /* PBXContainerItemProxy */ = {
			isa = PBXContainerItemProxy;
			containerPortal = 892B982DBBF00613315B3604 /* QuickDialog.xcodeproj */;
			proxyType = 2;
			remoteGlobalIDString = 60B3193FD014709DC58D3B1D;
			remoteInfo = QuickDialog;
		};
/* End PBXContainerItemProxy section */

/* Begin PBXFileReference section */
		22D02864152CB53B00FB04D0 /* Icon.png */ = {isa = PBXFileReference; lastKnownFileType = image.png; path = Icon.png; sourceTree = "<group>"; };
		22D02866152CB53E00FB04D0 /* Icon@2x.png */ = {isa = PBXFileReference; lastKnownFileType = image.png; path = "Icon@2x.png"; sourceTree = "<group>"; };
		22D02868152CB54A00FB04D0 /* Icon-72.png */ = {isa = PBXFileReference; lastKnownFileType = image.png; path = "Icon-72.png"; sourceTree = "<group>"; };
		22D0286A152CB54D00FB04D0 /* Icon-72@2x.png */ = {isa = PBXFileReference; lastKnownFileType = image.png; path = "Icon-72@2x.png"; sourceTree = "<group>"; };
		22D0287F152CCF0F00FB04D0 /* Default.png */ = {isa = PBXFileReference; lastKnownFileType = image.png; path = Default.png; sourceTree = "<group>"; };
		22D02881152CCF1400FB04D0 /* Default@2x.png */ = {isa = PBXFileReference; lastKnownFileType = image.png; path = "Default@2x.png"; sourceTree = "<group>"; };
		22D02883152CCF1F00FB04D0 /* Default-Portrait~ipad.png */ = {isa = PBXFileReference; lastKnownFileType = image.png; path = "Default-Portrait~ipad.png"; sourceTree = "<group>"; };
		22D02885152CCF2100FB04D0 /* Default-Portrait@2x~ipad.png */ = {isa = PBXFileReference; lastKnownFileType = image.png; path = "Default-Portrait@2x~ipad.png"; sourceTree = "<group>"; };
		22D02887152CCF2600FB04D0 /* Default-Landscape~ipad.png */ = {isa = PBXFileReference; lastKnownFileType = image.png; path = "Default-Landscape~ipad.png"; sourceTree = "<group>"; };
		22D02889152CCF2700FB04D0 /* Default-Landscape@2x~ipad.png */ = {isa = PBXFileReference; lastKnownFileType = image.png; path = "Default-Landscape@2x~ipad.png"; sourceTree = "<group>"; };
		892B982DBBF00613315B35B4 /* TryFS.app */ = {isa = PBXFileReference; explicitFileType = wrapper.application; includeInIndex = 0; path = TryFS.app; sourceTree = BUILT_PRODUCTS_DIR; };
		892B982DBBF00613315B35BD /* UIKit.framework */ = {isa = PBXFileReference; lastKnownFileType = wrapper.framework; name = UIKit.framework; path = System/Library/Frameworks/UIKit.framework; sourceTree = SDKROOT; };
		892B982DBBF00613315B35BF /* Foundation.framework */ = {isa = PBXFileReference; lastKnownFileType = wrapper.framework; name = Foundation.framework; path = System/Library/Frameworks/Foundation.framework; sourceTree = SDKROOT; };
		892B982DBBF00613315B35C1 /* CoreGraphics.framework */ = {isa = PBXFileReference; lastKnownFileType = wrapper.framework; name = CoreGraphics.framework; path = System/Library/Frameworks/CoreGraphics.framework; sourceTree = SDKROOT; };
		892B982DBBF00613315B35C5 /* TryFS-Info.plist */ = {isa = PBXFileReference; lastKnownFileType = text.plist.info; path = "TryFS-Info.plist"; sourceTree = "<group>"; };
		892B982DBBF00613315B35C6 /* en */ = {isa = PBXFileReference; lastKnownFileType = text.plist.strings; name = en; path = en.lproj/InfoPlist.strings; sourceTree = "<group>"; };
		892B982DBBF00613315B35C9 /* main.m */ = {isa = PBXFileReference; lastKnownFileType = sourcecode.c.objc; path = main.m; sourceTree = "<group>"; };
		892B982DBBF00613315B35CB /* TryFS-Prefix.pch */ = {isa = PBXFileReference; lastKnownFileType = sourcecode.c.h; path = "TryFS-Prefix.pch"; sourceTree = "<group>"; };
		892B982DBBF00613315B35CC /* AppDelegate.h */ = {isa = PBXFileReference; lastKnownFileType = sourcecode.c.h; path = AppDelegate.h; sourceTree = "<group>"; };
		892B982DBBF00613315B35CD /* AppDelegate.m */ = {isa = PBXFileReference; lastKnownFileType = sourcecode.c.objc; path = AppDelegate.m; sourceTree = "<group>"; };
		892B982DBBF00613315B35D1 /* SnippetViewController.h */ = {isa = PBXFileReference; fileEncoding = 4; lastKnownFileType = sourcecode.c.h; path = SnippetViewController.h; sourceTree = "<group>"; };
		892B982DBBF00613315B35D2 /* SnippetViewController.m */ = {isa = PBXFileReference; fileEncoding = 4; lastKnownFileType = sourcecode.c.objc; path = SnippetViewController.m; sourceTree = "<group>"; };
		892B982DBBF00613315B35D4 /* SnippetViewController.xib */ = {isa = PBXFileReference; lastKnownFileType = file.xib; path = SnippetViewController.xib; sourceTree = "<group>"; };
		892B982DBBF00613315B35DA /* EditViewController.h */ = {isa = PBXFileReference; fileEncoding = 4; lastKnownFileType = sourcecode.c.h; path = EditViewController.h; sourceTree = "<group>"; };
		892B982DBBF00613315B35DB /* EditViewController.m */ = {isa = PBXFileReference; fileEncoding = 4; lastKnownFileType = sourcecode.c.objc; path = EditViewController.m; sourceTree = "<group>"; };
		892B982DBBF00613315B35DD /* EditViewController.xib */ = {isa = PBXFileReference; lastKnownFileType = file.xib; path = EditViewController.xib; sourceTree = "<group>"; };
		892B982DBBF00613315B35DF /* ReplViewController.h */ = {isa = PBXFileReference; fileEncoding = 4; lastKnownFileType = sourcecode.c.h; path = ReplViewController.h; sourceTree = "<group>"; };
		892B982DBBF00613315B35E0 /* ReplViewController.m */ = {isa = PBXFileReference; fileEncoding = 4; lastKnownFileType = sourcecode.c.objc; path = ReplViewController.m; sourceTree = "<group>"; };
		892B982DBBF00613315B35E2 /* ReplViewController.xib */ = {isa = PBXFileReference; lastKnownFileType = file.xib; path = ReplViewController.xib; sourceTree = "<group>"; };
		892B982DBBF00613315B35E4 /* SnippetInfo.m */ = {isa = PBXFileReference; fileEncoding = 4; lastKnownFileType = sourcecode.c.objc; path = SnippetInfo.m; sourceTree = "<group>"; };
		892B982DBBF00613315B35E6 /* SnippetInfo.h */ = {isa = PBXFileReference; fileEncoding = 4; lastKnownFileType = sourcecode.c.h; path = SnippetInfo.h; sourceTree = "<group>"; };
		892B982DBBF00613315B35E7 /* SnippetDetailViewController.h */ = {isa = PBXFileReference; fileEncoding = 4; lastKnownFileType = sourcecode.c.h; path = SnippetDetailViewController.h; sourceTree = "<group>"; };
		892B982DBBF00613315B35E8 /* SnippetDetailViewController.m */ = {isa = PBXFileReference; fileEncoding = 4; lastKnownFileType = sourcecode.c.objc; path = SnippetDetailViewController.m; sourceTree = "<group>"; };
		892B982DBBF00613315B35EA /* SnippetDetailViewController.xib */ = {isa = PBXFileReference; lastKnownFileType = file.xib; path = SnippetDetailViewController.xib; sourceTree = "<group>"; };
		892B982DBBF00613315B35EE /* CouchCocoa.xcodeproj */ = {isa = PBXFileReference; lastKnownFileType = "wrapper.pb-project"; name = CouchCocoa.xcodeproj; path = CouchCocoa/CouchCocoa.xcodeproj; sourceTree = "<group>"; };
		892B982DBBF00613315B35FE /* KeyboardResizeMonitor.m */ = {isa = PBXFileReference; fileEncoding = 4; lastKnownFileType = sourcecode.c.objc; path = KeyboardResizeMonitor.m; sourceTree = "<group>"; };
		892B982DBBF00613315B3600 /* KeyboardResizeMonitor.h */ = {isa = PBXFileReference; fileEncoding = 4; lastKnownFileType = sourcecode.c.h; path = KeyboardResizeMonitor.h; sourceTree = "<group>"; };
		892B982DBBF00613315B3601 /* Session.m */ = {isa = PBXFileReference; fileEncoding = 4; lastKnownFileType = sourcecode.c.objc; path = Session.m; sourceTree = "<group>"; };
		892B982DBBF00613315B3603 /* Session.h */ = {isa = PBXFileReference; fileEncoding = 4; lastKnownFileType = sourcecode.c.h; path = Session.h; sourceTree = "<group>"; };
		892B982DBBF00613315B3604 /* QuickDialog.xcodeproj */ = {isa = PBXFileReference; lastKnownFileType = "wrapper.pb-project"; name = QuickDialog.xcodeproj; path = QuickDialog/QuickDialog.xcodeproj; sourceTree = "<group>"; };
		892B982DBBF00613315B360A /* couchdb.png */ = {isa = PBXFileReference; lastKnownFileType = image.png; path = couchdb.png; sourceTree = "<group>"; };
		892B982DBBF00613315B3612 /* couchdb@2x.png */ = {isa = PBXFileReference; lastKnownFileType = image.png; path = "couchdb@2x.png"; sourceTree = "<group>"; };
		892B982DBBF00613315B3618 /* twitter.png */ = {isa = PBXFileReference; lastKnownFileType = image.png; path = twitter.png; sourceTree = "<group>"; };
		892B982DBBF00613315B361A /* twitter@2x.png */ = {isa = PBXFileReference; lastKnownFileType = image.png; path = "twitter@2x.png"; sourceTree = "<group>"; };
		892B982DBBF00613315B361C /* github.png */ = {isa = PBXFileReference; lastKnownFileType = image.png; path = github.png; sourceTree = "<group>"; };
		892B982DBBF00613315B361E /* github@2x.png */ = {isa = PBXFileReference; lastKnownFileType = image.png; path = "github@2x.png"; sourceTree = "<group>"; };
		892B982DBBF00613315B3620 /* mail.png */ = {isa = PBXFileReference; lastKnownFileType = image.png; path = mail.png; sourceTree = "<group>"; };
		892B982DBBF00613315B3622 /* mail@2x.png */ = {isa = PBXFileReference; lastKnownFileType = image.png; path = "mail@2x.png"; sourceTree = "<group>"; };
		892B982DBBF00613315B3627 /* InsetLabel.m */ = {isa = PBXFileReference; fileEncoding = 4; lastKnownFileType = sourcecode.c.objc; path = InsetLabel.m; sourceTree = "<group>"; };
		892B982DBBF00613315B3629 /* InsetLabel.h */ = {isa = PBXFileReference; fileEncoding = 4; lastKnownFileType = sourcecode.c.h; path = InsetLabel.h; sourceTree = "<group>"; };
/* End PBXFileReference section */

/* Begin PBXFrameworksBuildPhase section */
		892B982DBBF00613315B35BA /* Frameworks */ = {
			isa = PBXFrameworksBuildPhase;
			buildActionMask = 2147483647;
			files = (
				22D028A5152EEF9700FB04D0 /* libQuickDialog.a in Frameworks */,
				22D028071526F58C00FB04D0 /* libCouchCocoa.a in Frameworks */,
				892B982DBBF00613315B35BE /* UIKit.framework in Frameworks */,
				892B982DBBF00613315B35C0 /* Foundation.framework in Frameworks */,
				892B982DBBF00613315B35C2 /* CoreGraphics.framework in Frameworks */,
			);
			runOnlyForDeploymentPostprocessing = 0;
		};
/* End PBXFrameworksBuildPhase section */

/* Begin PBXGroup section */
		892B982DBBF00613315B35B0 = {
			isa = PBXGroup;
			children = (
				892B982DBBF00613315B3604 /* QuickDialog.xcodeproj */,
				892B982DBBF00613315B35EE /* CouchCocoa.xcodeproj */,
				892B982DBBF00613315B35B1 /* Products */,
				892B982DBBF00613315B35BC /* Frameworks */,
				892B982DBBF00613315B35C3 /* TryFS */,
			);
			sourceTree = "<group>";
		};
		892B982DBBF00613315B35B1 /* Products */ = {
			isa = PBXGroup;
			children = (
				892B982DBBF00613315B35B4 /* TryFS.app */,
			);
			name = Products;
			sourceTree = "<group>";
		};
		892B982DBBF00613315B35BC /* Frameworks */ = {
			isa = PBXGroup;
			children = (
				892B982DBBF00613315B35C1 /* CoreGraphics.framework */,
				892B982DBBF00613315B35BF /* Foundation.framework */,
				892B982DBBF00613315B35BD /* UIKit.framework */,
			);
			name = Frameworks;
			sourceTree = "<group>";
		};
		892B982DBBF00613315B35C3 /* TryFS */ = {
			isa = PBXGroup;
			children = (
				892B982DBBF00613315B3629 /* InsetLabel.h */,
				892B982DBBF00613315B3627 /* InsetLabel.m */,
				892B982DBBF00613315B3603 /* Session.h */,
				892B982DBBF00613315B3601 /* Session.m */,
				892B982DBBF00613315B3600 /* KeyboardResizeMonitor.h */,
				892B982DBBF00613315B35FE /* KeyboardResizeMonitor.m */,
				892B982DBBF00613315B35EA /* SnippetDetailViewController.xib */,
				892B982DBBF00613315B35E8 /* SnippetDetailViewController.m */,
				892B982DBBF00613315B35E7 /* SnippetDetailViewController.h */,
				892B982DBBF00613315B35E6 /* SnippetInfo.h */,
				892B982DBBF00613315B35E4 /* SnippetInfo.m */,
				892B982DBBF00613315B35E2 /* ReplViewController.xib */,
				892B982DBBF00613315B35E0 /* ReplViewController.m */,
				892B982DBBF00613315B35DF /* ReplViewController.h */,
				892B982DBBF00613315B35DD /* EditViewController.xib */,
				892B982DBBF00613315B35DB /* EditViewController.m */,
				892B982DBBF00613315B35DA /* EditViewController.h */,
				892B982DBBF00613315B35D4 /* SnippetViewController.xib */,
				892B982DBBF00613315B35D2 /* SnippetViewController.m */,
				892B982DBBF00613315B35D1 /* SnippetViewController.h */,
				892B982DBBF00613315B35CD /* AppDelegate.m */,
				892B982DBBF00613315B35CC /* AppDelegate.h */,
				892B982DBBF00613315B35C4 /* Supporting Files */,
			);
			path = TryFS;
			sourceTree = "<group>";
		};
		892B982DBBF00613315B35C4 /* Supporting Files */ = {
			isa = PBXGroup;
			children = (
				892B982DBBF00613315B3622 /* mail@2x.png */,
				892B982DBBF00613315B3620 /* mail.png */,
				892B982DBBF00613315B361E /* github@2x.png */,
				892B982DBBF00613315B361C /* github.png */,
				892B982DBBF00613315B361A /* twitter@2x.png */,
				892B982DBBF00613315B3618 /* twitter.png */,
				892B982DBBF00613315B3612 /* couchdb@2x.png */,
				892B982DBBF00613315B360A /* couchdb.png */,
				22D02889152CCF2700FB04D0 /* Default-Landscape@2x~ipad.png */,
				22D02887152CCF2600FB04D0 /* Default-Landscape~ipad.png */,
				22D02885152CCF2100FB04D0 /* Default-Portrait@2x~ipad.png */,
				22D02883152CCF1F00FB04D0 /* Default-Portrait~ipad.png */,
				22D02881152CCF1400FB04D0 /* Default@2x.png */,
				22D0287F152CCF0F00FB04D0 /* Default.png */,
				22D0286A152CB54D00FB04D0 /* Icon-72@2x.png */,
				22D02868152CB54A00FB04D0 /* Icon-72.png */,
				22D02866152CB53E00FB04D0 /* Icon@2x.png */,
				22D02864152CB53B00FB04D0 /* Icon.png */,
				892B982DBBF00613315B35CB /* TryFS-Prefix.pch */,
				892B982DBBF00613315B35C9 /* main.m */,
				892B982DBBF00613315B35C7 /* InfoPlist.strings */,
				892B982DBBF00613315B35C5 /* TryFS-Info.plist */,
			);
			name = "Supporting Files";
			sourceTree = "<group>";
		};
		892B982DBBF00613315B35EF /* Products */ = {
			isa = PBXGroup;
			children = (
				892B982DBBF00613315B35F1 /* CouchCocoa.framework */,
				892B982DBBF00613315B35F3 /* Mac Tests.octest */,
				892B982DBBF00613315B35F5 /* Addresses.app */,
				892B982DBBF00613315B35F7 /* Shopping.app */,
				892B982DBBF00613315B35F9 /* CouchCocoa.framework */,
				892B982DBBF00613315B35FB /* libCouchCocoa.a */,
				892B982DBBF00613315B35FD /* iOS Tests.octest */,
			);
			name = Products;
			sourceTree = "<group>";
		};
		892B982DBBF00613315B3605 /* Products */ = {
			isa = PBXGroup;
			children = (
				892B982DBBF00613315B3607 /* QuickDialogExample.app */,
				892B982DBBF00613315B3609 /* libQuickDialog.a */,
			);
			name = Products;
			sourceTree = "<group>";
		};
/* End PBXGroup section */

/* Begin PBXNativeTarget section */
		892B982DBBF00613315B35B5 /* TryFS */ = {
			isa = PBXNativeTarget;
			buildConfigurationList = 892B982DBBF00613315B35B6 /* Build configuration list for PBXNativeTarget "TryFS" */;
			buildPhases = (
				892B982DBBF00613315B35B9 /* Sources */,
				892B982DBBF00613315B35BA /* Frameworks */,
				892B982DBBF00613315B35BB /* Resources */,
			);
			buildRules = (
			);
			dependencies = (
			);
			name = TryFS;
			productName = TryFS;
			productReference = 892B982DBBF00613315B35B4 /* TryFS.app */;
			productType = "com.apple.product-type.application";
		};
/* End PBXNativeTarget section */

/* Begin PBXProject section */
		892B982DBBF00613315B35AE /* Project object */ = {
			isa = PBXProject;
			attributes = {
				LastUpgradeCheck = 0430;
			};
			buildConfigurationList = 892B982DBBF00613315B35AF /* Build configuration list for PBXProject "TryFS" */;
			compatibilityVersion = "Xcode 3.2";
			developmentRegion = English;
			hasScannedForEncodings = 0;
			knownRegions = (
				en,
			);
			mainGroup = 892B982DBBF00613315B35B0;
			productRefGroup = 892B982DBBF00613315B35B1 /* Products */;
			projectDirPath = "";
			projectReferences = (
				{
					ProductGroup = 892B982DBBF00613315B35EF /* Products */;
					ProjectRef = 892B982DBBF00613315B35EE /* CouchCocoa.xcodeproj */;
				},
				{
					ProductGroup = 892B982DBBF00613315B3605 /* Products */;
					ProjectRef = 892B982DBBF00613315B3604 /* QuickDialog.xcodeproj */;
				},
			);
			projectRoot = "";
			targets = (
				892B982DBBF00613315B35B5 /* TryFS */,
			);
		};
/* End PBXProject section */

/* Begin PBXReferenceProxy section */
		892B982DBBF00613315B35F1 /* CouchCocoa.framework */ = {
			isa = PBXReferenceProxy;
			fileType = wrapper.framework;
			path = CouchCocoa.framework;
			remoteRef = 892B982DBBF00613315B35F0 /* PBXContainerItemProxy */;
			sourceTree = BUILT_PRODUCTS_DIR;
		};
		892B982DBBF00613315B35F3 /* Mac Tests.octest */ = {
			isa = PBXReferenceProxy;
			fileType = wrapper.cfbundle;
			path = "Mac Tests.octest";
			remoteRef = 892B982DBBF00613315B35F2 /* PBXContainerItemProxy */;
			sourceTree = BUILT_PRODUCTS_DIR;
		};
		892B982DBBF00613315B35F5 /* Addresses.app */ = {
			isa = PBXReferenceProxy;
			fileType = wrapper.application;
			path = Addresses.app;
			remoteRef = 892B982DBBF00613315B35F4 /* PBXContainerItemProxy */;
			sourceTree = BUILT_PRODUCTS_DIR;
		};
		892B982DBBF00613315B35F7 /* Shopping.app */ = {
			isa = PBXReferenceProxy;
			fileType = wrapper.application;
			path = Shopping.app;
			remoteRef = 892B982DBBF00613315B35F6 /* PBXContainerItemProxy */;
			sourceTree = BUILT_PRODUCTS_DIR;
		};
		892B982DBBF00613315B35F9 /* CouchCocoa.framework */ = {
			isa = PBXReferenceProxy;
			fileType = wrapper.cfbundle;
			path = CouchCocoa.framework;
			remoteRef = 892B982DBBF00613315B35F8 /* PBXContainerItemProxy */;
			sourceTree = BUILT_PRODUCTS_DIR;
		};
		892B982DBBF00613315B35FB /* libCouchCocoa.a */ = {
			isa = PBXReferenceProxy;
			fileType = archive.ar;
			path = libCouchCocoa.a;
			remoteRef = 892B982DBBF00613315B35FA /* PBXContainerItemProxy */;
			sourceTree = BUILT_PRODUCTS_DIR;
		};
		892B982DBBF00613315B35FD /* iOS Tests.octest */ = {
			isa = PBXReferenceProxy;
			fileType = wrapper.cfbundle;
			path = "iOS Tests.octest";
			remoteRef = 892B982DBBF00613315B35FC /* PBXContainerItemProxy */;
			sourceTree = BUILT_PRODUCTS_DIR;
		};
		892B982DBBF00613315B3607 /* QuickDialogExample.app */ = {
			isa = PBXReferenceProxy;
			fileType = wrapper.application;
			path = QuickDialogExample.app;
			remoteRef = 892B982DBBF00613315B3606 /* PBXContainerItemProxy */;
			sourceTree = BUILT_PRODUCTS_DIR;
		};
		892B982DBBF00613315B3609 /* libQuickDialog.a */ = {
			isa = PBXReferenceProxy;
			fileType = archive.ar;
			path = libQuickDialog.a;
			remoteRef = 892B982DBBF00613315B3608 /* PBXContainerItemProxy */;
			sourceTree = BUILT_PRODUCTS_DIR;
		};
/* End PBXReferenceProxy section */

/* Begin PBXResourcesBuildPhase section */
		892B982DBBF00613315B35BB /* Resources */ = {
			isa = PBXResourcesBuildPhase;
			buildActionMask = 2147483647;
			files = (
				892B982DBBF00613315B35C8 /* InfoPlist.strings in Resources */,
				892B982DBBF00613315B35D5 /* SnippetViewController.xib in Resources */,
				892B982DBBF00613315B35DE /* EditViewController.xib in Resources */,
				892B982DBBF00613315B35E3 /* ReplViewController.xib in Resources */,
				892B982DBBF00613315B35EB /* SnippetDetailViewController.xib in Resources */,
				22D02865152CB53B00FB04D0 /* Icon.png in Resources */,
				22D02867152CB53E00FB04D0 /* Icon@2x.png in Resources */,
				22D02869152CB54A00FB04D0 /* Icon-72.png in Resources */,
				22D0286B152CB54D00FB04D0 /* Icon-72@2x.png in Resources */,
				22D02880152CCF0F00FB04D0 /* Default.png in Resources */,
				22D02882152CCF1400FB04D0 /* Default@2x.png in Resources */,
				22D02884152CCF1F00FB04D0 /* Default-Portrait~ipad.png in Resources */,
				22D02886152CCF2100FB04D0 /* Default-Portrait@2x~ipad.png in Resources */,
				22D02888152CCF2600FB04D0 /* Default-Landscape~ipad.png in Resources */,
				22D0288A152CCF2700FB04D0 /* Default-Landscape@2x~ipad.png in Resources */,
				892B982DBBF00613315B360B /* couchdb.png in Resources */,
				892B982DBBF00613315B3613 /* couchdb@2x.png in Resources */,
				892B982DBBF00613315B3619 /* twitter.png in Resources */,
				892B982DBBF00613315B361B /* twitter@2x.png in Resources */,
				892B982DBBF00613315B361D /* github.png in Resources */,
				892B982DBBF00613315B361F /* github@2x.png in Resources */,
				892B982DBBF00613315B3621 /* mail.png in Resources */,
				892B982DBBF00613315B3623 /* mail@2x.png in Resources */,
			);
			runOnlyForDeploymentPostprocessing = 0;
		};
/* End PBXResourcesBuildPhase section */

/* Begin PBXSourcesBuildPhase section */
		892B982DBBF00613315B35B9 /* Sources */ = {
			isa = PBXSourcesBuildPhase;
			buildActionMask = 2147483647;
			files = (
				892B982DBBF00613315B35CA /* main.m in Sources */,
				892B982DBBF00613315B35CE /* AppDelegate.m in Sources */,
				892B982DBBF00613315B35D3 /* SnippetViewController.m in Sources */,
				892B982DBBF00613315B35DC /* EditViewController.m in Sources */,
				892B982DBBF00613315B35E1 /* ReplViewController.m in Sources */,
				892B982DBBF00613315B35E5 /* SnippetInfo.m in Sources */,
				892B982DBBF00613315B35E9 /* SnippetDetailViewController.m in Sources */,
				892B982DBBF00613315B35FF /* KeyboardResizeMonitor.m in Sources */,
				892B982DBBF00613315B3602 /* Session.m in Sources */,
				892B982DBBF00613315B3628 /* InsetLabel.m in Sources */,
			);
			runOnlyForDeploymentPostprocessing = 0;
		};
/* End PBXSourcesBuildPhase section */

/* Begin PBXVariantGroup section */
		892B982DBBF00613315B35C7 /* InfoPlist.strings */ = {
			isa = PBXVariantGroup;
			children = (
				892B982DBBF00613315B35C6 /* en */,
			);
			name = InfoPlist.strings;
			sourceTree = "<group>";
		};
/* End PBXVariantGroup section */

/* Begin XCBuildConfiguration section */
		892B982DBBF00613315B35B2 /* Release */ = {
			isa = XCBuildConfiguration;
			buildSettings = {
				ALWAYS_SEARCH_USER_PATHS = NO;
				ARCHS = "$(ARCHS_STANDARD_32_BIT)";
				"CODE_SIGN_IDENTITY[sdk=iphoneos*]" = "iPhone Developer";
				COPY_PHASE_STRIP = YES;
				GCC_C_LANGUAGE_STANDARD = gnu99;
				GCC_VERSION = com.apple.compilers.llvm.clang.1_0;
				GCC_WARN_ABOUT_RETURN_TYPE = YES;
				GCC_WARN_UNINITIALIZED_AUTOS = YES;
				GCC_WARN_UNUSED_VARIABLE = YES;
				IPHONEOS_DEPLOYMENT_TARGET = 5.1;
				OTHER_CFLAGS = "-DNS_BLOCK_ASSERTIONS=1";
				SDKROOT = iphoneos;
				TARGETED_DEVICE_FAMILY = "1,2";
				VALIDATE_PRODUCT = YES;
			};
			name = Release;
		};
		892B982DBBF00613315B35B3 /* Debug */ = {
			isa = XCBuildConfiguration;
			buildSettings = {
				ALWAYS_SEARCH_USER_PATHS = NO;
				ARCHS = "$(ARCHS_STANDARD_32_BIT)";
				"CODE_SIGN_IDENTITY[sdk=iphoneos*]" = "iPhone Developer";
				COPY_PHASE_STRIP = NO;
				GCC_C_LANGUAGE_STANDARD = gnu99;
				GCC_DYNAMIC_NO_PIC = NO;
				GCC_OPTIMIZATION_LEVEL = 0;
				GCC_PREPROCESSOR_DEFINITIONS = (
					"DEBUG=1",
					"$(inherited)",
				);
				GCC_SYMBOLS_PRIVATE_EXTERN = NO;
				GCC_VERSION = com.apple.compilers.llvm.clang.1_0;
				GCC_WARN_ABOUT_RETURN_TYPE = YES;
				GCC_WARN_UNINITIALIZED_AUTOS = YES;
				GCC_WARN_UNUSED_VARIABLE = YES;
				IPHONEOS_DEPLOYMENT_TARGET = 5.1;
				SDKROOT = iphoneos;
				TARGETED_DEVICE_FAMILY = "1,2";
			};
			name = Debug;
		};
		892B982DBBF00613315B35B7 /* Release */ = {
			isa = XCBuildConfiguration;
			buildSettings = {
				FRAMEWORK_SEARCH_PATHS = "\"${PROJECT_DIR}/**";
				GCC_PRECOMPILE_PREFIX_HEADER = YES;
				GCC_PREFIX_HEADER = "TryFS/TryFS-Prefix.pch";
				INFOPLIST_FILE = "TryFS/TryFS-Info.plist";
				PRODUCT_NAME = "$(TARGET_NAME)";
				USER_HEADER_SEARCH_PATHS = "\"${PROJECT_DIR}/CouchCocoa\"/** \"${PROJECT_DIR}/QuickDialog\"/**";
				WRAPPER_EXTENSION = app;
			};
			name = Release;
		};
		892B982DBBF00613315B35B8 /* Debug */ = {
			isa = XCBuildConfiguration;
			buildSettings = {
				FRAMEWORK_SEARCH_PATHS = "\"${PROJECT_DIR}/**";
				GCC_PRECOMPILE_PREFIX_HEADER = YES;
				GCC_PREFIX_HEADER = "TryFS/TryFS-Prefix.pch";
				INFOPLIST_FILE = "TryFS/TryFS-Info.plist";
				PRODUCT_NAME = "$(TARGET_NAME)";
				USER_HEADER_SEARCH_PATHS = "\"${PROJECT_DIR}/CouchCocoa\"/** \"${PROJECT_DIR}/QuickDialog\"/**";
				WRAPPER_EXTENSION = app;
			};
			name = Debug;
		};
/* End XCBuildConfiguration section */

/* Begin XCConfigurationList section */
		892B982DBBF00613315B35AF /* Build configuration list for PBXProject "TryFS" */ = {
			isa = XCConfigurationList;
			buildConfigurations = (
				892B982DBBF00613315B35B2 /* Release */,
				892B982DBBF00613315B35B3 /* Debug */,
			);
			defaultConfigurationIsVisible = 0;
			defaultConfigurationName = Release;
		};
		892B982DBBF00613315B35B6 /* Build configuration list for PBXNativeTarget "TryFS" */ = {
			isa = XCConfigurationList;
			buildConfigurations = (
				892B982DBBF00613315B35B7 /* Release */,
				892B982DBBF00613315B35B8 /* Debug */,
			);
			defaultConfigurationIsVisible = 0;
			defaultConfigurationName = Release;
		};
/* End XCConfigurationList section */
	};
	rootObject = 892B982DBBF00613315B35AE /* Project object */;
}
